# Managed by azldev component update. Do not edit manually.
version = 1
import-commit = '5205ac8ad2aeef3b98e0827a090e05bf07906089'
upstream-commit = '5205ac8ad2aeef3b98e0827a090e05bf07906089'
input-fingerprint = 'sha256:903f34f901d990e13816eea445901ced716c485e634ab362ffd507f8c7ee6970'
resolution-input-hash = 'sha256:466421704711c4fd3c71f0b2ed715a0e61d49e3e26f3a2637fee755795849c8e'
