# Managed by azldev component update. Do not edit manually.
version = 1
import-commit = 'e5292d4279e2b2b4cd4e5d74f4304712bc675dc0'
upstream-commit = 'e5292d4279e2b2b4cd4e5d74f4304712bc675dc0'
input-fingerprint = 'sha256:f564775d03344d29953ba848b74dfcefc8ba5bee3641b85f58ed7fdf63ce6f43'
resolution-input-hash = 'sha256:466421704711c4fd3c71f0b2ed715a0e61d49e3e26f3a2637fee755795849c8e'
