# Managed by azldev component update. Do not edit manually.
version = 1
import-commit = '03953bfbadec538ba609cd1dc77dce4470601fd9'
upstream-commit = '03953bfbadec538ba609cd1dc77dce4470601fd9'
input-fingerprint = 'sha256:8f5bf53be15781c575f74e95e2cd44871215f22174cdf2a496480ecb6e28aef5'
resolution-input-hash = 'sha256:466421704711c4fd3c71f0b2ed715a0e61d49e3e26f3a2637fee755795849c8e'
