# Managed by azldev component update. Do not edit manually.
version = 1
import-commit = '7e3de726eb21ba9b39dcb4b8ebaaf5060c5e8a95'
upstream-commit = '7e3de726eb21ba9b39dcb4b8ebaaf5060c5e8a95'
input-fingerprint = 'sha256:727feae1bd0f1622c7092231e591d505d47a11fa251f774187abf871a23e77b9'
resolution-input-hash = 'sha256:466421704711c4fd3c71f0b2ed715a0e61d49e3e26f3a2637fee755795849c8e'
