# Managed by azldev component update. Do not edit manually.
version = 1
import-commit = '04650cfeddb0ef1f582dec8504ffa9f99992acfc'
upstream-commit = '04650cfeddb0ef1f582dec8504ffa9f99992acfc'
input-fingerprint = 'sha256:8cbe6c49d980f7b30417baf098f401aa15f31dcad6804c419aa2babd1d78ece9'
resolution-input-hash = 'sha256:466421704711c4fd3c71f0b2ed715a0e61d49e3e26f3a2637fee755795849c8e'
