# Managed by azldev component update. Do not edit manually.
version = 1
import-commit = 'dc21e4e310fcc1ffd0ff7a55795a1d895cced845'
upstream-commit = 'dc21e4e310fcc1ffd0ff7a55795a1d895cced845'
input-fingerprint = 'sha256:4501cc926a325bcdfcc0120ef9423652ef220869d2ea4122fe60206fc0dd2ddd'
resolution-input-hash = 'sha256:466421704711c4fd3c71f0b2ed715a0e61d49e3e26f3a2637fee755795849c8e'
