# Managed by azldev component update. Do not edit manually.
version = 1
import-commit = '977559dda76a234b193594702767e426042e3873'
upstream-commit = '977559dda76a234b193594702767e426042e3873'
input-fingerprint = 'sha256:4e00bc92c721cd153d7835c42d8785adf1f8dcd8b425b14efb4eab69c5e0da7f'
resolution-input-hash = 'sha256:466421704711c4fd3c71f0b2ed715a0e61d49e3e26f3a2637fee755795849c8e'
