# Managed by azldev component update. Do not edit manually.
version = 1
import-commit = '22467882f45ea9d49473825b1eba04ee95237b2f'
upstream-commit = '22467882f45ea9d49473825b1eba04ee95237b2f'
input-fingerprint = 'sha256:ee6974ac6e429598df5c20e6f36b85d1dc084edc7be3e64df2cd8acc29c4f8d4'
resolution-input-hash = 'sha256:466421704711c4fd3c71f0b2ed715a0e61d49e3e26f3a2637fee755795849c8e'
