# Managed by azldev component update. Do not edit manually.
version = 1
import-commit = '33db9507d1276e6f6fb47a6c64523b4afb5f50f5'
upstream-commit = '33db9507d1276e6f6fb47a6c64523b4afb5f50f5'
input-fingerprint = 'sha256:9f51ed017a74371123708f691187239d81e79a0b92c28e8d44fd10ce61033d47'
resolution-input-hash = 'sha256:466421704711c4fd3c71f0b2ed715a0e61d49e3e26f3a2637fee755795849c8e'
