# Managed by azldev component update. Do not edit manually.
version = 1
import-commit = '43ca194c5746045c1378b9b7572e777e51622d19'
upstream-commit = '43ca194c5746045c1378b9b7572e777e51622d19'
input-fingerprint = 'sha256:db3a433c43048df72eb93413cf6674ebd767aa564f42e33202d88a825fcf2209'
resolution-input-hash = 'sha256:466421704711c4fd3c71f0b2ed715a0e61d49e3e26f3a2637fee755795849c8e'
