# Managed by azldev component update. Do not edit manually.
version = 1
import-commit = 'e310bf087a9985c62c988a4c97a01adbb0015dd3'
upstream-commit = 'e310bf087a9985c62c988a4c97a01adbb0015dd3'
input-fingerprint = 'sha256:f778ab195c71e87d9ec653d7fd8e66889ae2d89286893a9459750f4fedfd7c9f'
resolution-input-hash = 'sha256:466421704711c4fd3c71f0b2ed715a0e61d49e3e26f3a2637fee755795849c8e'
