# Managed by azldev component update. Do not edit manually.
version = 1
import-commit = 'e0cb510a181eced405f383e442b5efdaee5370a3'
upstream-commit = 'e0cb510a181eced405f383e442b5efdaee5370a3'
input-fingerprint = 'sha256:056ef2bfdf37dc6e5efdb47ffc796e786799c4f0d5f7a896216c2660aa7452f8'
resolution-input-hash = 'sha256:466421704711c4fd3c71f0b2ed715a0e61d49e3e26f3a2637fee755795849c8e'
