# Managed by azldev component update. Do not edit manually.
version = 1
import-commit = '4f7647bb14ed69fd9a7d30e3896b0360e51c1360'
upstream-commit = '4f7647bb14ed69fd9a7d30e3896b0360e51c1360'
input-fingerprint = 'sha256:f9ba4f697072cc99f8734a05edac28f6e05cace9b77bfaedc1f01d350a301ed9'
resolution-input-hash = 'sha256:466421704711c4fd3c71f0b2ed715a0e61d49e3e26f3a2637fee755795849c8e'
