# Managed by azldev component update. Do not edit manually.
version = 1
import-commit = '6a86c24c09fc6772d9f9d91e15869a4b46a8a0aa'
upstream-commit = '6a86c24c09fc6772d9f9d91e15869a4b46a8a0aa'
input-fingerprint = 'sha256:0316f825ad2ba8366fab7df3813fbe619358f03fec02d1c6f59ceb6eda87b8e1'
resolution-input-hash = 'sha256:466421704711c4fd3c71f0b2ed715a0e61d49e3e26f3a2637fee755795849c8e'
