# Managed by azldev component update. Do not edit manually.
version = 1
import-commit = '9106db49fce78f2b096b42d39e960aa42953422d'
upstream-commit = '9106db49fce78f2b096b42d39e960aa42953422d'
input-fingerprint = 'sha256:d749a70d652469d32b237bd4dfe3f7a499bf2efd1fd6a3a6a3830a8dc5825627'
resolution-input-hash = 'sha256:466421704711c4fd3c71f0b2ed715a0e61d49e3e26f3a2637fee755795849c8e'
