# Managed by azldev component update. Do not edit manually.
version = 1
import-commit = 'e25dfb6b70cbea6616a6489aabab084c99dd61c1'
upstream-commit = 'e25dfb6b70cbea6616a6489aabab084c99dd61c1'
input-fingerprint = 'sha256:0b32c014b29b28a90816db866a79ba615cddff1dd6bf668232ca90152352e4ff'
resolution-input-hash = 'sha256:466421704711c4fd3c71f0b2ed715a0e61d49e3e26f3a2637fee755795849c8e'
