# Managed by azldev component update. Do not edit manually.
version = 1
import-commit = 'e021a6721d8fbded97f4b5a659c6bb66db2ebcf7'
upstream-commit = 'e021a6721d8fbded97f4b5a659c6bb66db2ebcf7'
input-fingerprint = 'sha256:7b233402f830949f5132154804d1d770dfbec40698df42a6ced2e40398b9dff7'
resolution-input-hash = 'sha256:466421704711c4fd3c71f0b2ed715a0e61d49e3e26f3a2637fee755795849c8e'
