# Managed by azldev component update. Do not edit manually.
version = 1
import-commit = '08dd59d7ad05fdbca6d5e612fc0eaf3285b0d6a7'
upstream-commit = '08dd59d7ad05fdbca6d5e612fc0eaf3285b0d6a7'
input-fingerprint = 'sha256:7200e1349c9f7971509297b0d0ef0194784a35200f69e142edbe616cbb543c07'
resolution-input-hash = 'sha256:466421704711c4fd3c71f0b2ed715a0e61d49e3e26f3a2637fee755795849c8e'
