# Managed by azldev component update. Do not edit manually.
version = 1
import-commit = 'a0a8f6a514976e539722aeb20d6c263686bebfed'
upstream-commit = 'a0a8f6a514976e539722aeb20d6c263686bebfed'
input-fingerprint = 'sha256:9cfa4d257225bafa7492749c84fadbeb15da29f6ab70ec483181a82dde8f2378'
resolution-input-hash = 'sha256:466421704711c4fd3c71f0b2ed715a0e61d49e3e26f3a2637fee755795849c8e'
