# Managed by azldev component update. Do not edit manually.
version = 1
import-commit = 'b7d45e4ed35787f46b7118a4f5be8ee981d4ac49'
upstream-commit = 'b7d45e4ed35787f46b7118a4f5be8ee981d4ac49'
input-fingerprint = 'sha256:951d5b645aec7b487aec8bbce89440b0ecd4d3a11a51427be2d7b9b8d109c54c'
resolution-input-hash = 'sha256:466421704711c4fd3c71f0b2ed715a0e61d49e3e26f3a2637fee755795849c8e'
