# Managed by azldev component update. Do not edit manually.
version = 1
import-commit = '05e5c6d1c95cef9d2ca8a669dfa9e6474ca3eeea'
upstream-commit = '05e5c6d1c95cef9d2ca8a669dfa9e6474ca3eeea'
input-fingerprint = 'sha256:6cb6e654075ca2a36c59eb69280f49e40be06d04cb1097f220a14a4f63f35e65'
resolution-input-hash = 'sha256:466421704711c4fd3c71f0b2ed715a0e61d49e3e26f3a2637fee755795849c8e'
