# Managed by azldev component update. Do not edit manually.
version = 1
import-commit = '98ea838c0a11771f5e0f6db1845bf6db4b69adf5'
upstream-commit = '98ea838c0a11771f5e0f6db1845bf6db4b69adf5'
input-fingerprint = 'sha256:c747c765b5c018e8e4e009993e7cefef8bcec85eaad8e0ebc9d2719357a4e444'
resolution-input-hash = 'sha256:466421704711c4fd3c71f0b2ed715a0e61d49e3e26f3a2637fee755795849c8e'
