# Managed by azldev component update. Do not edit manually.
version = 1
import-commit = '0c21d9a6eb525d9a00173f26f4c180445c96d76a'
upstream-commit = '0c21d9a6eb525d9a00173f26f4c180445c96d76a'
input-fingerprint = 'sha256:9a822fc172f0f37af6d0efd4366a199b834e5590c3d3ce8d729d79f7f366c749'
resolution-input-hash = 'sha256:466421704711c4fd3c71f0b2ed715a0e61d49e3e26f3a2637fee755795849c8e'
