# Managed by azldev component update. Do not edit manually.
version = 1
import-commit = 'f5a75df400370d2620d498c6e0a437958baf4d43'
upstream-commit = 'f5a75df400370d2620d498c6e0a437958baf4d43'
input-fingerprint = 'sha256:80da48876ecfe9edea51d6adadfb9ae6cab385c195e441003556fa4845585358'
resolution-input-hash = 'sha256:466421704711c4fd3c71f0b2ed715a0e61d49e3e26f3a2637fee755795849c8e'
