# Managed by azldev component update. Do not edit manually.
version = 1
import-commit = 'dd7d4efb45cb58e1df05e6c192ffb4aef54946ff'
upstream-commit = 'dd7d4efb45cb58e1df05e6c192ffb4aef54946ff'
input-fingerprint = 'sha256:07d5f33447570cbfe5fd44608af929ccfd9eaacecb69a7fb9177f00e41469b0a'
resolution-input-hash = 'sha256:466421704711c4fd3c71f0b2ed715a0e61d49e3e26f3a2637fee755795849c8e'
