# Managed by azldev component update. Do not edit manually.
version = 1
import-commit = 'f3f902897d3f9fbab3614ded67a999dd93e3d2d8'
upstream-commit = 'f3f902897d3f9fbab3614ded67a999dd93e3d2d8'
input-fingerprint = 'sha256:f36e1140b7b58f1e44bfaff5ea42a8fa494b99315b296ea7ab47321b047f0d1f'
resolution-input-hash = 'sha256:466421704711c4fd3c71f0b2ed715a0e61d49e3e26f3a2637fee755795849c8e'
