# Managed by azldev component update. Do not edit manually.
version = 1
import-commit = 'd160dbe978f9028b1204d00c69997ed2dfbb0b0b'
upstream-commit = 'd160dbe978f9028b1204d00c69997ed2dfbb0b0b'
input-fingerprint = 'sha256:02ecb327d6f528a43cb4cc732c0cfe184bbadcf5bdea54fe8cab6b60b54c1a31'
resolution-input-hash = 'sha256:466421704711c4fd3c71f0b2ed715a0e61d49e3e26f3a2637fee755795849c8e'
