# Managed by azldev component update. Do not edit manually.
version = 1
import-commit = 'd737b11461c555912bb1b807a649348941d0651c'
upstream-commit = 'd737b11461c555912bb1b807a649348941d0651c'
input-fingerprint = 'sha256:f1f6b158c09e4f7adb9e8370ae08cab97d94bdac86874dde3222496e555a3b05'
resolution-input-hash = 'sha256:466421704711c4fd3c71f0b2ed715a0e61d49e3e26f3a2637fee755795849c8e'
