# Managed by azldev component update. Do not edit manually.
version = 1
import-commit = '06b0ebf7e02dfdf8bc4c34236b7dc4cd45159c3b'
upstream-commit = '06b0ebf7e02dfdf8bc4c34236b7dc4cd45159c3b'
input-fingerprint = 'sha256:45428f1b5d76e4ceab98efc86731a2dd180a38406f62cb5d57a1198a45115ace'
resolution-input-hash = 'sha256:466421704711c4fd3c71f0b2ed715a0e61d49e3e26f3a2637fee755795849c8e'
