# Managed by azldev component update. Do not edit manually.
version = 1
import-commit = 'd97ecf5bca2b1a64d30d8b73e6d468ccb63e8d1f'
upstream-commit = 'd97ecf5bca2b1a64d30d8b73e6d468ccb63e8d1f'
input-fingerprint = 'sha256:419130902f87122c1a41b8a7fd9d09c26a48613a4c5cc75acda2a829681e2e47'
resolution-input-hash = 'sha256:466421704711c4fd3c71f0b2ed715a0e61d49e3e26f3a2637fee755795849c8e'
