# Managed by azldev component update. Do not edit manually.
version = 1
import-commit = 'b33fbf55bc7d3d66217417a2b89f240c602014d2'
upstream-commit = 'b33fbf55bc7d3d66217417a2b89f240c602014d2'
input-fingerprint = 'sha256:76ff94618b1d71ba3407bd9d251d37338e2693cdc5e4bc291085ab12be5d3d03'
resolution-input-hash = 'sha256:466421704711c4fd3c71f0b2ed715a0e61d49e3e26f3a2637fee755795849c8e'
