# Managed by azldev component update. Do not edit manually.
version = 1
import-commit = 'f79a7f595dcc30b118f6df65bda73de1cd022fb7'
upstream-commit = 'f79a7f595dcc30b118f6df65bda73de1cd022fb7'
input-fingerprint = 'sha256:02854174bdcbbc9443a5f95a8a7e8588cb611b5813c4567fda008aa97205300b'
resolution-input-hash = 'sha256:466421704711c4fd3c71f0b2ed715a0e61d49e3e26f3a2637fee755795849c8e'
