# Managed by azldev component update. Do not edit manually.
version = 1
import-commit = 'a7ccbddcfa55a587dc1605f4f21232f8e2b2f038'
upstream-commit = 'a7ccbddcfa55a587dc1605f4f21232f8e2b2f038'
input-fingerprint = 'sha256:3e095d5786bfa25067fedbd66d7539fcb56a11f76b3eefc1f7c60e1c39fe4b73'
resolution-input-hash = 'sha256:466421704711c4fd3c71f0b2ed715a0e61d49e3e26f3a2637fee755795849c8e'
