# Managed by azldev component update. Do not edit manually.
version = 1
import-commit = 'd3cee046da18bce492adbcb727aeb989319168a3'
upstream-commit = 'd3cee046da18bce492adbcb727aeb989319168a3'
input-fingerprint = 'sha256:28341e2acf726ece7f8fae90c58f9f61992a06d714ff81874c9815d070771773'
resolution-input-hash = 'sha256:466421704711c4fd3c71f0b2ed715a0e61d49e3e26f3a2637fee755795849c8e'
