# Managed by azldev component update. Do not edit manually.
version = 1
import-commit = '65ba3e22891d3aa8d4c75ee14658ee81c4b1f4fa'
upstream-commit = '65ba3e22891d3aa8d4c75ee14658ee81c4b1f4fa'
input-fingerprint = 'sha256:8a25138fc4c15a2a1ac4a7dee67899160314353d910fc4d781494241cd351626'
resolution-input-hash = 'sha256:466421704711c4fd3c71f0b2ed715a0e61d49e3e26f3a2637fee755795849c8e'
