# Managed by azldev component update. Do not edit manually.
version = 1
import-commit = 'dbc02eb754990dc76b5f40a5303c3b8ec676de96'
upstream-commit = 'dbc02eb754990dc76b5f40a5303c3b8ec676de96'
input-fingerprint = 'sha256:e882a6aeb8700521b5a0cc6c8543f58b29090d69d820a073f52083e781de4be8'
resolution-input-hash = 'sha256:466421704711c4fd3c71f0b2ed715a0e61d49e3e26f3a2637fee755795849c8e'
