# Managed by azldev component update. Do not edit manually.
version = 1
import-commit = 'dbeebdd46248d807fdc6db258f703ea4511560da'
upstream-commit = 'dbeebdd46248d807fdc6db258f703ea4511560da'
input-fingerprint = 'sha256:ad60c6b54df7289699d6e2c663e3290185f48104844ab87ae945a6c2636313e2'
resolution-input-hash = 'sha256:466421704711c4fd3c71f0b2ed715a0e61d49e3e26f3a2637fee755795849c8e'
