# Managed by azldev component update. Do not edit manually.
version = 1
import-commit = '0a3c4a3c68be1f8a61d2861b318b5b74b385323d'
upstream-commit = '0a3c4a3c68be1f8a61d2861b318b5b74b385323d'
input-fingerprint = 'sha256:1e8eb89081e710b25bfb562538fc101fec19e8c1a71522b40e2be0e67e4d136e'
resolution-input-hash = 'sha256:466421704711c4fd3c71f0b2ed715a0e61d49e3e26f3a2637fee755795849c8e'
