# Managed by azldev component update. Do not edit manually.
version = 1
import-commit = 'bc8bc11af9000f0b4bae38c5018994decb0d86fc'
upstream-commit = 'bc8bc11af9000f0b4bae38c5018994decb0d86fc'
input-fingerprint = 'sha256:97abfebbcd8a2415a1b7d8b0e87041f8251d3846d0db7e5ac572a266c864c5d9'
resolution-input-hash = 'sha256:466421704711c4fd3c71f0b2ed715a0e61d49e3e26f3a2637fee755795849c8e'
