# Managed by azldev component update. Do not edit manually.
version = 1
import-commit = '9d7b4d76cdbf6e0eb0bafbafcb9d74442e0bc368'
upstream-commit = '9d7b4d76cdbf6e0eb0bafbafcb9d74442e0bc368'
input-fingerprint = 'sha256:9346bba9e1df972fdfc6f0a97d3b3192516d24cd541a4e53a82483da857914d9'
resolution-input-hash = 'sha256:466421704711c4fd3c71f0b2ed715a0e61d49e3e26f3a2637fee755795849c8e'
