# Managed by azldev component update. Do not edit manually.
version = 1
import-commit = 'ae5baaa5ced6c6a71387be173600e2daeb0dcf7d'
upstream-commit = 'ae5baaa5ced6c6a71387be173600e2daeb0dcf7d'
input-fingerprint = 'sha256:2eed0a5d22dbf457db8a58e55a959ae76cc5770347d5fef690c57b1826c0c8bf'
resolution-input-hash = 'sha256:466421704711c4fd3c71f0b2ed715a0e61d49e3e26f3a2637fee755795849c8e'
