# Managed by azldev component update. Do not edit manually.
version = 1
import-commit = 'b02805f6db8912f3c52471c16fd5aec091909bf0'
upstream-commit = 'b02805f6db8912f3c52471c16fd5aec091909bf0'
input-fingerprint = 'sha256:0ddd62fe96a02c4922688c55e6a73382806ef7b4fccec0bac723a856df48a92a'
resolution-input-hash = 'sha256:466421704711c4fd3c71f0b2ed715a0e61d49e3e26f3a2637fee755795849c8e'
