# Managed by azldev component update. Do not edit manually.
version = 1
import-commit = '55eb55e791036f5a126cef3657b15499c828dcf6'
upstream-commit = '55eb55e791036f5a126cef3657b15499c828dcf6'
input-fingerprint = 'sha256:4454768c30e9726bb4c70ddb575e59827cce39d29fedd0cba67ccdcbd1a80b08'
resolution-input-hash = 'sha256:466421704711c4fd3c71f0b2ed715a0e61d49e3e26f3a2637fee755795849c8e'
