# Managed by azldev component update. Do not edit manually.
version = 1
import-commit = 'a32a71b201f769a008fe3d9fb3f215889119d9c2'
upstream-commit = 'a32a71b201f769a008fe3d9fb3f215889119d9c2'
input-fingerprint = 'sha256:d773e172ee8e529dfb77eea5ac4d56e4badf45e38c692e71ba76ef99582dc5c0'
resolution-input-hash = 'sha256:466421704711c4fd3c71f0b2ed715a0e61d49e3e26f3a2637fee755795849c8e'
