# Managed by azldev component update. Do not edit manually.
version = 1
import-commit = 'a5cdef70ea14a750b6ccb616f3dbd9f36e15b936'
upstream-commit = 'a5cdef70ea14a750b6ccb616f3dbd9f36e15b936'
input-fingerprint = 'sha256:0c381c97d550e12429fb64662294146d5683c12c0c505180934faf02413e9581'
resolution-input-hash = 'sha256:466421704711c4fd3c71f0b2ed715a0e61d49e3e26f3a2637fee755795849c8e'
