# Managed by azldev component update. Do not edit manually.
version = 1
import-commit = '022c6200bf818b51a7e671a24a161f5623d8b08d'
upstream-commit = '022c6200bf818b51a7e671a24a161f5623d8b08d'
input-fingerprint = 'sha256:f4f8469d436959b868cba2992c7609d86adff8d4f55cc1ac5c18aa62b3cbffd4'
resolution-input-hash = 'sha256:466421704711c4fd3c71f0b2ed715a0e61d49e3e26f3a2637fee755795849c8e'
