# Managed by azldev component update. Do not edit manually.
version = 1
import-commit = '2a4c79dfca1bad98717ca9e90d637061abae89cb'
upstream-commit = '2a4c79dfca1bad98717ca9e90d637061abae89cb'
input-fingerprint = 'sha256:2b0a90898c6010b9c03e1f1035aa8bc2a4a33d6fd5005a041b75d45c6db50c8f'
resolution-input-hash = 'sha256:466421704711c4fd3c71f0b2ed715a0e61d49e3e26f3a2637fee755795849c8e'
