# Managed by azldev component update. Do not edit manually.
version = 1
import-commit = '2694ab1a959231c7defeda2116914c6ca5f53f25'
upstream-commit = '2694ab1a959231c7defeda2116914c6ca5f53f25'
input-fingerprint = 'sha256:ee6c3e88bedffc2a7f246dee3c13d3cf89b0e53a5f7b89869d716167db3af30c'
resolution-input-hash = 'sha256:466421704711c4fd3c71f0b2ed715a0e61d49e3e26f3a2637fee755795849c8e'

[bumps]
# Migration: static Release 10 -> %autorelease (base 5) at upstream commit 2694ab1a9592. Gap = 5.
2694ab1a959231c7defeda2116914c6ca5f53f25 = 5
