# Managed by azldev component update. Do not edit manually.
version = 1
import-commit = '2223ebe248bb0ac09266d8cc0008c324386e6077'
upstream-commit = '2223ebe248bb0ac09266d8cc0008c324386e6077'
input-fingerprint = 'sha256:9796f52d6760d2bc8e2e44ed288a2a19bf41f87f66beff0d75585571af9d03e4'
resolution-input-hash = 'sha256:466421704711c4fd3c71f0b2ed715a0e61d49e3e26f3a2637fee755795849c8e'
