# Managed by azldev component update. Do not edit manually.
version = 1
import-commit = 'df46a85ba49e0f15ebc74abb6181da8c42ec504f'
upstream-commit = 'df46a85ba49e0f15ebc74abb6181da8c42ec504f'
input-fingerprint = 'sha256:391eb8f61d68d45e618608fe6c3aa84cc5ef8569e48b562be7fa51f68e1a0087'
resolution-input-hash = 'sha256:466421704711c4fd3c71f0b2ed715a0e61d49e3e26f3a2637fee755795849c8e'
