# Managed by azldev component update. Do not edit manually.
version = 1
import-commit = '5db95fff66d5e2d52b064964561cfd961e7c6559'
upstream-commit = '5db95fff66d5e2d52b064964561cfd961e7c6559'
input-fingerprint = 'sha256:ceffde3a572c19c3be7ea472b3c62daa33965cf4825abfb3451bdb427377a256'
resolution-input-hash = 'sha256:466421704711c4fd3c71f0b2ed715a0e61d49e3e26f3a2637fee755795849c8e'
