# Managed by azldev component update. Do not edit manually.
version = 1
import-commit = 'e86841309d362a8b2ee564653a702854e985f11e'
upstream-commit = 'e86841309d362a8b2ee564653a702854e985f11e'
input-fingerprint = 'sha256:8ef470b7aa6d4fff50e607fb83a8731874edc052f1745b522003d2dd8953e1eb'
resolution-input-hash = 'sha256:466421704711c4fd3c71f0b2ed715a0e61d49e3e26f3a2637fee755795849c8e'
