# Managed by azldev component update. Do not edit manually.
version = 1
import-commit = 'fc96fea9e7494d336e6f11ae834f6a3c47c59bd3'
upstream-commit = 'fc96fea9e7494d336e6f11ae834f6a3c47c59bd3'
input-fingerprint = 'sha256:32180d5bedd592b98a9d2cbf812ca6ecf37f84e9d083bed111f926babb6a6fd9'
resolution-input-hash = 'sha256:466421704711c4fd3c71f0b2ed715a0e61d49e3e26f3a2637fee755795849c8e'
