# Managed by azldev component update. Do not edit manually.
version = 1
import-commit = '39ae86274378b905963f46b28867fed2dfd0efe0'
upstream-commit = '39ae86274378b905963f46b28867fed2dfd0efe0'
input-fingerprint = 'sha256:2c2eaa3848636fd514a60c6c1947faa11f2c6a342b1fa7627a53b5952917c6ba'
resolution-input-hash = 'sha256:466421704711c4fd3c71f0b2ed715a0e61d49e3e26f3a2637fee755795849c8e'
