# Managed by azldev component update. Do not edit manually.
version = 1
import-commit = '45e1a98752ee3112fec056043a188edbe0d839cc'
upstream-commit = '45e1a98752ee3112fec056043a188edbe0d839cc'
input-fingerprint = 'sha256:08e8b6d933d30174e9f7a31093cfcf5285212fdbbeb8916e381898e204490382'
resolution-input-hash = 'sha256:466421704711c4fd3c71f0b2ed715a0e61d49e3e26f3a2637fee755795849c8e'
