# Managed by azldev component update. Do not edit manually.
version = 1
import-commit = '3ed094156581994af9d5c34110fe8cd257ff989e'
upstream-commit = '3ed094156581994af9d5c34110fe8cd257ff989e'
input-fingerprint = 'sha256:efc49a975efb8498d2460b11a27c20b750fc15321771bdada1f8bbddf8651fc1'
resolution-input-hash = 'sha256:466421704711c4fd3c71f0b2ed715a0e61d49e3e26f3a2637fee755795849c8e'
