# Managed by azldev component update. Do not edit manually.
version = 1
import-commit = 'acc61a70e649579e5fe8dac6422a9a798b25c9ca'
upstream-commit = 'acc61a70e649579e5fe8dac6422a9a798b25c9ca'
input-fingerprint = 'sha256:c26b54cd4eb3b57afc65174fd31728733c0e48bcfecc65453fa3e52ab3d63f4c'
resolution-input-hash = 'sha256:466421704711c4fd3c71f0b2ed715a0e61d49e3e26f3a2637fee755795849c8e'
