# Managed by azldev component update. Do not edit manually.
version = 1
import-commit = '62184e1395114f4af615ae1a0e271083049716ae'
upstream-commit = '62184e1395114f4af615ae1a0e271083049716ae'
input-fingerprint = 'sha256:e2d00ee87d47ab019d93cdb4ddeaa15e70e0aa9f8ab2fe7ca77254e6e76e7ee2'
resolution-input-hash = 'sha256:466421704711c4fd3c71f0b2ed715a0e61d49e3e26f3a2637fee755795849c8e'
