# Managed by azldev component update. Do not edit manually.
version = 1
import-commit = '40f63896003cfff46547c5bf97830f0050ad4da8'
upstream-commit = '40f63896003cfff46547c5bf97830f0050ad4da8'
input-fingerprint = 'sha256:c0cf615b4e1a0d08cf7c0f26b4cf6362c860d960fd408baea544d586e531361c'
resolution-input-hash = 'sha256:466421704711c4fd3c71f0b2ed715a0e61d49e3e26f3a2637fee755795849c8e'
