# Managed by azldev component update. Do not edit manually.
version = 1
import-commit = 'faee9f728961f99a1507c81f5ddfcea3810a1668'
upstream-commit = 'faee9f728961f99a1507c81f5ddfcea3810a1668'
input-fingerprint = 'sha256:1e3bac3aa97bb5893cfb24defb28c76f447a9a36a056917950e31264493ba517'
resolution-input-hash = 'sha256:466421704711c4fd3c71f0b2ed715a0e61d49e3e26f3a2637fee755795849c8e'
