# Managed by azldev component update. Do not edit manually.
version = 1
import-commit = 'e27e33a396595d210605a46ba1c85f5911922e5f'
upstream-commit = 'e27e33a396595d210605a46ba1c85f5911922e5f'
input-fingerprint = 'sha256:65367960bde8c571dca706907d2321e2484a687dace00aa5dd1066ad5e0a6c0b'
resolution-input-hash = 'sha256:466421704711c4fd3c71f0b2ed715a0e61d49e3e26f3a2637fee755795849c8e'
