# Managed by azldev component update. Do not edit manually.
version = 1
import-commit = '7dbcc9bd405f52fe672a65fcafdde14d21dfb31a'
upstream-commit = '7dbcc9bd405f52fe672a65fcafdde14d21dfb31a'
input-fingerprint = 'sha256:b941a16b86e064e9304a8e2db4af7dd9b182b6daa6253ecdf423b0ccc4bac942'
resolution-input-hash = 'sha256:466421704711c4fd3c71f0b2ed715a0e61d49e3e26f3a2637fee755795849c8e'
