# Managed by azldev component update. Do not edit manually.
version = 1
import-commit = '9580a034cf3123a2b6987a114ccafd33759961cd'
upstream-commit = '9580a034cf3123a2b6987a114ccafd33759961cd'
input-fingerprint = 'sha256:f7c6c6c52dcff75d73b7ec82579036eca70f5cdf47f1f66a62fd87a4db994d4d'
resolution-input-hash = 'sha256:466421704711c4fd3c71f0b2ed715a0e61d49e3e26f3a2637fee755795849c8e'
