# Managed by azldev component update. Do not edit manually.
version = 1
import-commit = 'fbee435e73fc3b98ae5ab29e0346a0da1b739b1f'
upstream-commit = 'fbee435e73fc3b98ae5ab29e0346a0da1b739b1f'
input-fingerprint = 'sha256:784ab3fe57b56926ea50020f7ed60b1631180e8086298d9520248e887c08ff08'
resolution-input-hash = 'sha256:466421704711c4fd3c71f0b2ed715a0e61d49e3e26f3a2637fee755795849c8e'
