# Managed by azldev component update. Do not edit manually.
version = 1
import-commit = 'fcdc97a5d22d00fd201731a2be9503bd4913078d'
upstream-commit = 'fcdc97a5d22d00fd201731a2be9503bd4913078d'
input-fingerprint = 'sha256:5489714ce44dbab4b3f763c713f94cde8592728470d4471e49bf31394eb02d4e'
resolution-input-hash = 'sha256:466421704711c4fd3c71f0b2ed715a0e61d49e3e26f3a2637fee755795849c8e'
