# Managed by azldev component update. Do not edit manually.
version = 1
import-commit = '84b5aab053977d813736560702cb964bfb670348'
upstream-commit = '84b5aab053977d813736560702cb964bfb670348'
input-fingerprint = 'sha256:aaf7ab128691002db850698aeb4c3e6f89300f80afb48a974658b419e0a4de66'
resolution-input-hash = 'sha256:466421704711c4fd3c71f0b2ed715a0e61d49e3e26f3a2637fee755795849c8e'
