# Managed by azldev component update. Do not edit manually.
version = 1
import-commit = '81edcbd8b0a192ca28506d378abae300f4444e8b'
upstream-commit = '81edcbd8b0a192ca28506d378abae300f4444e8b'
input-fingerprint = 'sha256:5bbe8e6022efad4d293a8fae1e70e635051651561b799ed09a0ec898d1e97188'
resolution-input-hash = 'sha256:466421704711c4fd3c71f0b2ed715a0e61d49e3e26f3a2637fee755795849c8e'
