# Managed by azldev component update. Do not edit manually.
version = 1
import-commit = '852180ee66fc1f26e7bc09475e387239b8eb7606'
upstream-commit = '852180ee66fc1f26e7bc09475e387239b8eb7606'
input-fingerprint = 'sha256:9a59f51234885517386c0d087dd96b12f59b8d8a53337469f58088d6a1c523a8'
resolution-input-hash = 'sha256:466421704711c4fd3c71f0b2ed715a0e61d49e3e26f3a2637fee755795849c8e'
