# Managed by azldev component update. Do not edit manually.
version = 1
import-commit = '8216e6cd59d6913027d2080588d41ce059c0591f'
upstream-commit = '8216e6cd59d6913027d2080588d41ce059c0591f'
input-fingerprint = 'sha256:e59cc54a4cf9a83c3160716890aef0cc56cd371d8f848da2c0866bb08ee735ad'
resolution-input-hash = 'sha256:466421704711c4fd3c71f0b2ed715a0e61d49e3e26f3a2637fee755795849c8e'
