# Managed by azldev component update. Do not edit manually.
version = 1
import-commit = '180a6148b2ab877ae0fbcc5e8b481d5b6930a5d8'
upstream-commit = '180a6148b2ab877ae0fbcc5e8b481d5b6930a5d8'
input-fingerprint = 'sha256:80cff8eb4fb786a86c93db7cf7b636afb29db58c8f8224515e6dfa58e79c05ac'
resolution-input-hash = 'sha256:466421704711c4fd3c71f0b2ed715a0e61d49e3e26f3a2637fee755795849c8e'
