# Managed by azldev component update. Do not edit manually.
version = 1
import-commit = 'f40cbb4dde13aa31b6b3b9730f8fb347c996030f'
upstream-commit = 'f40cbb4dde13aa31b6b3b9730f8fb347c996030f'
input-fingerprint = 'sha256:5382d45d26758862ed9c41371862ac1cb897b1d99deaedc692145a25f28d8b06'
resolution-input-hash = 'sha256:466421704711c4fd3c71f0b2ed715a0e61d49e3e26f3a2637fee755795849c8e'
