# Managed by azldev component update. Do not edit manually.
version = 1
import-commit = 'f38a3361732471019a45488a44d1b7a891e186ba'
upstream-commit = 'f38a3361732471019a45488a44d1b7a891e186ba'
input-fingerprint = 'sha256:2ea954f2fd0ac62cb7a307fd80439764aecc359f7185bbc1b03b779d3c38a63b'
resolution-input-hash = 'sha256:466421704711c4fd3c71f0b2ed715a0e61d49e3e26f3a2637fee755795849c8e'
