# Managed by azldev component update. Do not edit manually.
version = 1
import-commit = 'daf60bc19edbf686e30f85f96b6806c3eb7bf2bc'
upstream-commit = 'daf60bc19edbf686e30f85f96b6806c3eb7bf2bc'
input-fingerprint = 'sha256:9c0674aab03ec20443d4ae265ac931001f04d46d6f7554c8e108d82522a19cf7'
resolution-input-hash = 'sha256:466421704711c4fd3c71f0b2ed715a0e61d49e3e26f3a2637fee755795849c8e'
