# Managed by azldev component update. Do not edit manually.
version = 1
import-commit = 'effeb219b8bfa105740d4521c96d77ea14e9e577'
upstream-commit = 'effeb219b8bfa105740d4521c96d77ea14e9e577'
input-fingerprint = 'sha256:99f8b3762e726594cc01276fced88d2f344eabac37f0741362d6ce41d7b11207'
resolution-input-hash = 'sha256:466421704711c4fd3c71f0b2ed715a0e61d49e3e26f3a2637fee755795849c8e'
