# Managed by azldev component update. Do not edit manually.
version = 1
import-commit = '05b9909096b8f5716bbdbbf5a981b50c9aa2cbf0'
upstream-commit = '05b9909096b8f5716bbdbbf5a981b50c9aa2cbf0'
input-fingerprint = 'sha256:5f4fc1ebd13eb9cf1e48cd586aa88781b62c17e43c048585652c9492bda44a74'
resolution-input-hash = 'sha256:466421704711c4fd3c71f0b2ed715a0e61d49e3e26f3a2637fee755795849c8e'
