# Managed by azldev component update. Do not edit manually.
version = 1
import-commit = '3033adba61425bb69216fa5365b296b30aff05ec'
upstream-commit = '3033adba61425bb69216fa5365b296b30aff05ec'
input-fingerprint = 'sha256:64374161d4ee7fd4a6f7bba2695fe198f188dcff024a0d1b11860b1b5369064e'
resolution-input-hash = 'sha256:466421704711c4fd3c71f0b2ed715a0e61d49e3e26f3a2637fee755795849c8e'
