# Managed by azldev component update. Do not edit manually.
version = 1
import-commit = 'e13cbbd28dec31f7cb951e9e284bdb1038096fc2'
upstream-commit = 'e13cbbd28dec31f7cb951e9e284bdb1038096fc2'
input-fingerprint = 'sha256:25878db59d9af3843412adf8df985944ed41bf6ace490ce50e0784e6227de233'
resolution-input-hash = 'sha256:466421704711c4fd3c71f0b2ed715a0e61d49e3e26f3a2637fee755795849c8e'
