# Managed by azldev component update. Do not edit manually.
version = 1
import-commit = '9c55c4b6c4331b091d33a54aa90edcb51461e289'
upstream-commit = '9c55c4b6c4331b091d33a54aa90edcb51461e289'
input-fingerprint = 'sha256:ccefe043622da96821cc7f469bf51fd3898d72d0592402d78df19f161dcc67a9'
resolution-input-hash = 'sha256:466421704711c4fd3c71f0b2ed715a0e61d49e3e26f3a2637fee755795849c8e'
