# Managed by azldev component update. Do not edit manually.
version = 1
import-commit = '25114d8c1c661b19ba4a5d41abe6f75bf2d46f32'
upstream-commit = '25114d8c1c661b19ba4a5d41abe6f75bf2d46f32'
input-fingerprint = 'sha256:9421cf0a3f51e2c40e27ea3d7dbfc0173a14746186cccb8e9d2e6f1dc4c94ebe'
resolution-input-hash = 'sha256:466421704711c4fd3c71f0b2ed715a0e61d49e3e26f3a2637fee755795849c8e'
