# Managed by azldev component update. Do not edit manually.
version = 1
import-commit = '45a524e402f6bf0aced4fc34ded9cf7d34a4120d'
upstream-commit = '45a524e402f6bf0aced4fc34ded9cf7d34a4120d'
input-fingerprint = 'sha256:b5cf2154b5893508664c7d1f9b0e5418c86576829b0ac86d440d9b7c52d783de'
resolution-input-hash = 'sha256:466421704711c4fd3c71f0b2ed715a0e61d49e3e26f3a2637fee755795849c8e'
