# Managed by azldev component update. Do not edit manually.
version = 1
import-commit = 'dcb61c0732e9979abc145d164bc0591e6183e853'
upstream-commit = 'dcb61c0732e9979abc145d164bc0591e6183e853'
input-fingerprint = 'sha256:d3793c1c632e1290a129aee545b3e614b6c5f054a4dea79ab4346006004b246a'
resolution-input-hash = 'sha256:466421704711c4fd3c71f0b2ed715a0e61d49e3e26f3a2637fee755795849c8e'
