# Managed by azldev component update. Do not edit manually.
version = 1
import-commit = 'e9b049c31199a5c45addb4b21f1c48a81ff3a667'
upstream-commit = 'e9b049c31199a5c45addb4b21f1c48a81ff3a667'
input-fingerprint = 'sha256:78ab09b1a90b55a6d91a3e6571eb54d581a75d64bb3403de097f8cdaec8fe070'
resolution-input-hash = 'sha256:466421704711c4fd3c71f0b2ed715a0e61d49e3e26f3a2637fee755795849c8e'
