# Managed by azldev component update. Do not edit manually.
version = 1
import-commit = '296714a0a9113a38983ee490740b63c2b7b8d4a6'
upstream-commit = '296714a0a9113a38983ee490740b63c2b7b8d4a6'
input-fingerprint = 'sha256:b9a2918cc06888089fdac0290194642d29843ff64ac4fe4eb765016ef1d4cbe5'
resolution-input-hash = 'sha256:466421704711c4fd3c71f0b2ed715a0e61d49e3e26f3a2637fee755795849c8e'
