# Managed by azldev component update. Do not edit manually.
version = 1
import-commit = '9b9a3f81ddbf0daecef965aa197d7ee785879bb0'
upstream-commit = '9b9a3f81ddbf0daecef965aa197d7ee785879bb0'
input-fingerprint = 'sha256:7bfc4ce4ae3c15426faba1719f2cf638e0802302f4d1f37df5fd501b96e1884d'
resolution-input-hash = 'sha256:466421704711c4fd3c71f0b2ed715a0e61d49e3e26f3a2637fee755795849c8e'
