# Managed by azldev component update. Do not edit manually.
version = 1
import-commit = '442600be9388579e35e4aa7b6d7c65e2fbe644a0'
upstream-commit = '442600be9388579e35e4aa7b6d7c65e2fbe644a0'
input-fingerprint = 'sha256:31c9fc225a0bb399d73b198b13223ed41e2c6899539f3a9255cb0d2adf8b7e0e'
resolution-input-hash = 'sha256:466421704711c4fd3c71f0b2ed715a0e61d49e3e26f3a2637fee755795849c8e'
