# Managed by azldev component update. Do not edit manually.
version = 1
import-commit = '00f4e3d8d0985f035156caab153f465198a5f64d'
upstream-commit = '00f4e3d8d0985f035156caab153f465198a5f64d'
input-fingerprint = 'sha256:949535787efba3b92d268102249ab0785ee87b4b78296b09ae6a328139ccf26d'
resolution-input-hash = 'sha256:466421704711c4fd3c71f0b2ed715a0e61d49e3e26f3a2637fee755795849c8e'
