# Managed by azldev component update. Do not edit manually.
version = 1
import-commit = '09cacfeb007a35d8f0b9e3787ed0635c113f1bdd'
upstream-commit = '09cacfeb007a35d8f0b9e3787ed0635c113f1bdd'
input-fingerprint = 'sha256:4816954c1b1d29873329745d70c4df0f59b48fd68bbc6e2909684d6562dfe363'
resolution-input-hash = 'sha256:466421704711c4fd3c71f0b2ed715a0e61d49e3e26f3a2637fee755795849c8e'
