# Managed by azldev component update. Do not edit manually.
version = 1
import-commit = '79f4d84233bd1d8bddc4ab3b9f27cd612ffb66ae'
upstream-commit = '79f4d84233bd1d8bddc4ab3b9f27cd612ffb66ae'
input-fingerprint = 'sha256:f8bf0bfe6f5569102f40caf4505b18b2ef169d8b037f855c96d1cc457946c962'
resolution-input-hash = 'sha256:466421704711c4fd3c71f0b2ed715a0e61d49e3e26f3a2637fee755795849c8e'
