# Managed by azldev component update. Do not edit manually.
version = 1
import-commit = '5bf963dce3bf44e6d223c17696016a055a20282f'
upstream-commit = '5bf963dce3bf44e6d223c17696016a055a20282f'
input-fingerprint = 'sha256:f19e34f7ff95c9bca5e31317c735c7b0d45a923f5a406deb3e3bdc04ab81b41a'
resolution-input-hash = 'sha256:466421704711c4fd3c71f0b2ed715a0e61d49e3e26f3a2637fee755795849c8e'
