# Managed by azldev component update. Do not edit manually.
version = 1
import-commit = 'fdd8417a47857ba5a343d213df5e0ac255e11b2b'
upstream-commit = 'fdd8417a47857ba5a343d213df5e0ac255e11b2b'
input-fingerprint = 'sha256:9d67b44293d23f185274a8f67fb5169bf92e3d23058587e2eb28910b5dc43eaf'
resolution-input-hash = 'sha256:466421704711c4fd3c71f0b2ed715a0e61d49e3e26f3a2637fee755795849c8e'
