# Managed by azldev component update. Do not edit manually.
version = 1
import-commit = '227b05e23f840d2f8b411d92129dabde7a83fa22'
upstream-commit = '227b05e23f840d2f8b411d92129dabde7a83fa22'
input-fingerprint = 'sha256:72327d29231d53110bcb3cd0f82ff0bb3e299332fdeb6f1b8942ac7073194dcf'
resolution-input-hash = 'sha256:466421704711c4fd3c71f0b2ed715a0e61d49e3e26f3a2637fee755795849c8e'
