# Managed by azldev component update. Do not edit manually.
version = 1
import-commit = '7a7837d5fcab15701ef55f377695bdfecccc9c31'
upstream-commit = '7a7837d5fcab15701ef55f377695bdfecccc9c31'
input-fingerprint = 'sha256:ed9b4b064bf2fef8899b13706edafe258729ceff94345d98d47157efcdede5cb'
resolution-input-hash = 'sha256:466421704711c4fd3c71f0b2ed715a0e61d49e3e26f3a2637fee755795849c8e'
