# Managed by azldev component update. Do not edit manually.
version = 1
import-commit = 'cb05774aa5293a6f439013fb9d352c2d14f07428'
upstream-commit = 'cb05774aa5293a6f439013fb9d352c2d14f07428'
input-fingerprint = 'sha256:3a2628b7eb17d2f41a297ee4fd1994ae8155039abd6fa438cfc922e3d6ff4fe5'
resolution-input-hash = 'sha256:466421704711c4fd3c71f0b2ed715a0e61d49e3e26f3a2637fee755795849c8e'
