# Managed by azldev component update. Do not edit manually.
version = 1
import-commit = '7c0777dcc6a9744e3ee8c2ae598d4fcac6b2300f'
upstream-commit = '7c0777dcc6a9744e3ee8c2ae598d4fcac6b2300f'
input-fingerprint = 'sha256:8b84819c19d030817986a7603329fef93f6ae82c95ac4e93945b919ff742853a'
resolution-input-hash = 'sha256:466421704711c4fd3c71f0b2ed715a0e61d49e3e26f3a2637fee755795849c8e'
