# Managed by azldev component update. Do not edit manually.
version = 1
import-commit = 'a0383fdf70e109a9864e067e3ff9c4b5ed55db2f'
upstream-commit = 'a0383fdf70e109a9864e067e3ff9c4b5ed55db2f'
input-fingerprint = 'sha256:71703e2d91a46a00265ded97a88c2b4eddf1442d5183036ba37d964774a89542'
resolution-input-hash = 'sha256:466421704711c4fd3c71f0b2ed715a0e61d49e3e26f3a2637fee755795849c8e'
