# Managed by azldev component update. Do not edit manually.
version = 1
import-commit = 'c1bd2ce3239099228cc934b8d06f8f10899e24d7'
upstream-commit = 'c1bd2ce3239099228cc934b8d06f8f10899e24d7'
input-fingerprint = 'sha256:545142cbd4c727d0738004c3170fede8198342b87b7669a867b080ada41ea757'
resolution-input-hash = 'sha256:466421704711c4fd3c71f0b2ed715a0e61d49e3e26f3a2637fee755795849c8e'
