# Managed by azldev component update. Do not edit manually.
version = 1
import-commit = '2cbfed9e3545e1ffc62f15752837a24057a4aa31'
upstream-commit = '2cbfed9e3545e1ffc62f15752837a24057a4aa31'
input-fingerprint = 'sha256:2c98acf94ffef941f805c303a5a1ce0153329723f7ad76e2580bbb6d2c73f711'
resolution-input-hash = 'sha256:466421704711c4fd3c71f0b2ed715a0e61d49e3e26f3a2637fee755795849c8e'
