# Managed by azldev component update. Do not edit manually.
version = 1
import-commit = 'b6ca48d0b93c1fd0021c3be8ef4c5314af93d6dd'
upstream-commit = 'b6ca48d0b93c1fd0021c3be8ef4c5314af93d6dd'
input-fingerprint = 'sha256:9866301322f5bb94cf7467b4608c02ee1530ed89106f00ec960e96a3eac270d4'
resolution-input-hash = 'sha256:466421704711c4fd3c71f0b2ed715a0e61d49e3e26f3a2637fee755795849c8e'
