# Managed by azldev component update. Do not edit manually.
version = 1
import-commit = '85fb2865b20e458e740c9ffa49142b4157de55d9'
upstream-commit = '85fb2865b20e458e740c9ffa49142b4157de55d9'
input-fingerprint = 'sha256:7fbc93daef3f09dfd48a05520355bbfbee24caab65da7b56a3ed2729a562bf01'
resolution-input-hash = 'sha256:466421704711c4fd3c71f0b2ed715a0e61d49e3e26f3a2637fee755795849c8e'
