# Managed by azldev component update. Do not edit manually.
version = 1
import-commit = 'a4e8f5b80d788f3ba62ea14cc24852f97255e6da'
upstream-commit = 'a4e8f5b80d788f3ba62ea14cc24852f97255e6da'
input-fingerprint = 'sha256:69e39546855f75e4f3f50eff4f9e4fe5a8869813d3db0e892be217e8b75b8c18'
resolution-input-hash = 'sha256:466421704711c4fd3c71f0b2ed715a0e61d49e3e26f3a2637fee755795849c8e'
