# Managed by azldev component update. Do not edit manually.
version = 1
import-commit = 'b59701364948aa8f0d7877622c30d76afd462dfa'
upstream-commit = 'b59701364948aa8f0d7877622c30d76afd462dfa'
input-fingerprint = 'sha256:9a47b5ae2bbba2ff4b6d82bb69b68dd4bc1b57b4fea0e34e3a22f7563fe3e62e'
resolution-input-hash = 'sha256:466421704711c4fd3c71f0b2ed715a0e61d49e3e26f3a2637fee755795849c8e'
