# Managed by azldev component update. Do not edit manually.
version = 1
import-commit = 'c174f2c1ac06d72c33ea5cca9f5afb16a0a25bab'
upstream-commit = 'c174f2c1ac06d72c33ea5cca9f5afb16a0a25bab'
input-fingerprint = 'sha256:05e20e431c954f1c8d78168d4683c301c3bcf9c27b7624d69d67966313998bb9'
resolution-input-hash = 'sha256:466421704711c4fd3c71f0b2ed715a0e61d49e3e26f3a2637fee755795849c8e'
