# Managed by azldev component update. Do not edit manually.
version = 1
import-commit = '644271fd57b331ca2247d476b732b6e195fbac1c'
upstream-commit = '644271fd57b331ca2247d476b732b6e195fbac1c'
input-fingerprint = 'sha256:27f84180023bc1e5458b760114158521c10255475ebcd6355ea330119eb16c77'
resolution-input-hash = 'sha256:466421704711c4fd3c71f0b2ed715a0e61d49e3e26f3a2637fee755795849c8e'
