# Managed by azldev component update. Do not edit manually.
version = 1
import-commit = '50f9619fb02bb0e399a594a36f2bebfbe915ba51'
upstream-commit = '50f9619fb02bb0e399a594a36f2bebfbe915ba51'
input-fingerprint = 'sha256:99dee4a53511eb7b455816d359c732d3e94fe725f178c5c8982522a6d9670f61'
resolution-input-hash = 'sha256:466421704711c4fd3c71f0b2ed715a0e61d49e3e26f3a2637fee755795849c8e'
