# Managed by azldev component update. Do not edit manually.
version = 1
import-commit = '850bc221cf40e6005bfbe056805dcd7911cbab0f'
upstream-commit = '850bc221cf40e6005bfbe056805dcd7911cbab0f'
input-fingerprint = 'sha256:8842fc21a0c9ab0eaecbfde4121bc806c5f12d1c5192eac3692baa24187273d6'
resolution-input-hash = 'sha256:466421704711c4fd3c71f0b2ed715a0e61d49e3e26f3a2637fee755795849c8e'
