# Managed by azldev component update. Do not edit manually.
version = 1
import-commit = '821fd293491285b1b6b64873fd7395f5c520b7eb'
upstream-commit = '821fd293491285b1b6b64873fd7395f5c520b7eb'
input-fingerprint = 'sha256:6efb5b174b0ba7ab7ada1fd3165f5ad6c9c8db6bcf7877cf8011c0a85e21da05'
resolution-input-hash = 'sha256:466421704711c4fd3c71f0b2ed715a0e61d49e3e26f3a2637fee755795849c8e'
