# Managed by azldev component update. Do not edit manually.
version = 1
import-commit = '8ca7f555628a235d706b56f3b23a956a6b3cbe11'
upstream-commit = '8ca7f555628a235d706b56f3b23a956a6b3cbe11'
input-fingerprint = 'sha256:3d7dcf4089202215a1c38dc6c024bc64b66bf11e902b0f4d6dfd3569aca0157a'
resolution-input-hash = 'sha256:466421704711c4fd3c71f0b2ed715a0e61d49e3e26f3a2637fee755795849c8e'
