# Managed by azldev component update. Do not edit manually.
version = 1
import-commit = 'cad9d5a1ed48cf7e9e12cfadfdacc11f523d46cb'
upstream-commit = 'cad9d5a1ed48cf7e9e12cfadfdacc11f523d46cb'
input-fingerprint = 'sha256:63dcf9231acda0972c118c0edf2fd46aedaad07d4f3771465b357d9093917b4d'
resolution-input-hash = 'sha256:0202eb9270e8e00e99a72f294e2d072d2bfb8009bfd6cc7fdd72b7bec3fb3996'
