# Managed by azldev component update. Do not edit manually.
version = 1
import-commit = 'ee89569455c8c3078340d7383b62fd77ec4f534d'
upstream-commit = 'ee89569455c8c3078340d7383b62fd77ec4f534d'
input-fingerprint = 'sha256:7f1492f7161ca58de3962744d7c20778c51e93a951c31daa6abce4a78f37db9e'
resolution-input-hash = 'sha256:466421704711c4fd3c71f0b2ed715a0e61d49e3e26f3a2637fee755795849c8e'
