# Managed by azldev component update. Do not edit manually.
version = 1
import-commit = '1c67c14679be2c9b96d44339df3427926b6f5751'
upstream-commit = '1c67c14679be2c9b96d44339df3427926b6f5751'
input-fingerprint = 'sha256:f7ccbfa04a69a406007db212ed8208688c7afe0c91fc98bb9a492a00739238b3'
resolution-input-hash = 'sha256:466421704711c4fd3c71f0b2ed715a0e61d49e3e26f3a2637fee755795849c8e'
