# Managed by azldev component update. Do not edit manually.
version = 1
import-commit = 'a725b0ff57f1b9e64ba5f99155f7032cf3ffdc36'
upstream-commit = 'a725b0ff57f1b9e64ba5f99155f7032cf3ffdc36'
input-fingerprint = 'sha256:4f48b151be485bae876bf200ec79be6231c8ef069a2556ba1038b8c0189c9d50'
resolution-input-hash = 'sha256:466421704711c4fd3c71f0b2ed715a0e61d49e3e26f3a2637fee755795849c8e'
