# Managed by azldev component update. Do not edit manually.
version = 1
import-commit = 'a571dbe6f8e3b8565794430d33e511eaada4af8d'
upstream-commit = 'a571dbe6f8e3b8565794430d33e511eaada4af8d'
input-fingerprint = 'sha256:b05faa80044b6444cff72145c128b58a4da9a2ee4856711f0df079cbe21480de'
resolution-input-hash = 'sha256:466421704711c4fd3c71f0b2ed715a0e61d49e3e26f3a2637fee755795849c8e'
