# Managed by azldev component update. Do not edit manually.
version = 1
import-commit = 'eca3adbc02fd6e680e101685e382964c0a775807'
upstream-commit = 'eca3adbc02fd6e680e101685e382964c0a775807'
input-fingerprint = 'sha256:9e47e5f9877787a5761fcaf74b4b58e71f1dfef69c7ab309ce3df48421ab29e1'
resolution-input-hash = 'sha256:466421704711c4fd3c71f0b2ed715a0e61d49e3e26f3a2637fee755795849c8e'
