# Managed by azldev component update. Do not edit manually.
version = 1
import-commit = 'f7b91cacacfadfe012b77fb5a86a67bd77df607d'
upstream-commit = 'f7b91cacacfadfe012b77fb5a86a67bd77df607d'
input-fingerprint = 'sha256:382366a9321c74e5c3a631ea075d1096738b716c867949b16974e26372be76d0'
resolution-input-hash = 'sha256:466421704711c4fd3c71f0b2ed715a0e61d49e3e26f3a2637fee755795849c8e'
