# Managed by azldev component update. Do not edit manually.
version = 1
import-commit = 'aab72fd16b585d2923ecc9b99ed6670fdaf2517c'
upstream-commit = 'aab72fd16b585d2923ecc9b99ed6670fdaf2517c'
input-fingerprint = 'sha256:b8e45ef5e224b69aef2a80b570b2fb9b44011245e391ab761fe8a721ca0708ca'
resolution-input-hash = 'sha256:466421704711c4fd3c71f0b2ed715a0e61d49e3e26f3a2637fee755795849c8e'
