# Managed by azldev component update. Do not edit manually.
version = 1
import-commit = '0fdb9190f6ad534a8d28fba90dc95ca14dea3778'
upstream-commit = '0fdb9190f6ad534a8d28fba90dc95ca14dea3778'
input-fingerprint = 'sha256:0ec7c9aa7c11591f40ade831f41921634d81b49058daf43b7764a0bbaf879c0b'
resolution-input-hash = 'sha256:466421704711c4fd3c71f0b2ed715a0e61d49e3e26f3a2637fee755795849c8e'
