# Managed by azldev component update. Do not edit manually.
version = 1
import-commit = '4a22d495d6bde25f9fecc6bb76f9e442745d2794'
upstream-commit = '4a22d495d6bde25f9fecc6bb76f9e442745d2794'
input-fingerprint = 'sha256:2754e5ca15e62b10fed9c17867f40a22c0b1a1dc7e0becaee7b44b1adcc5f6fc'
resolution-input-hash = 'sha256:466421704711c4fd3c71f0b2ed715a0e61d49e3e26f3a2637fee755795849c8e'
