# Managed by azldev component update. Do not edit manually.
version = 1
import-commit = 'c49fe9f3cb41da50b0a39e33d3414e75cfc25860'
upstream-commit = 'c49fe9f3cb41da50b0a39e33d3414e75cfc25860'
input-fingerprint = 'sha256:dd664781eabb2fa15022977db9e95893712188419c392c274ba54c1bd25e1ea9'
resolution-input-hash = 'sha256:466421704711c4fd3c71f0b2ed715a0e61d49e3e26f3a2637fee755795849c8e'
