# Managed by azldev component update. Do not edit manually.
version = 1
import-commit = 'eacd1976814cf0038b0fdaba136dd67530031ff9'
upstream-commit = 'eacd1976814cf0038b0fdaba136dd67530031ff9'
input-fingerprint = 'sha256:1467d1555ddbf50c03d7c1fe3fffadb7da31e78e0410aa35a6c3d9c4b9c3d1c3'
resolution-input-hash = 'sha256:466421704711c4fd3c71f0b2ed715a0e61d49e3e26f3a2637fee755795849c8e'
