# Managed by azldev component update. Do not edit manually.
version = 1
import-commit = '32675cb9d7b7ecd7337457b07cf8cb035ffc9aae'
upstream-commit = '32675cb9d7b7ecd7337457b07cf8cb035ffc9aae'
input-fingerprint = 'sha256:c37d020b6f314340ba2ddf8e43317c38502906e1909d6e64d96b4f3701b23080'
resolution-input-hash = 'sha256:466421704711c4fd3c71f0b2ed715a0e61d49e3e26f3a2637fee755795849c8e'
