# Managed by azldev component update. Do not edit manually.
version = 1
import-commit = '8da5f430df3cd0f4471ed55694e63ee9d09ed240'
upstream-commit = '8da5f430df3cd0f4471ed55694e63ee9d09ed240'
input-fingerprint = 'sha256:9691997f5ea092878f7e74942c27a77a3b61d7b02e7d149ff671fe1ff90f91b5'
resolution-input-hash = 'sha256:466421704711c4fd3c71f0b2ed715a0e61d49e3e26f3a2637fee755795849c8e'
