# Managed by azldev component update. Do not edit manually.
version = 1
import-commit = '2018121c986922b2ac24bbfbaddd92bd47333b5c'
upstream-commit = '2018121c986922b2ac24bbfbaddd92bd47333b5c'
input-fingerprint = 'sha256:f8816d28a0abbf345e5600d6c12f74104a47e47c2ae026d6c840c416237a1076'
resolution-input-hash = 'sha256:466421704711c4fd3c71f0b2ed715a0e61d49e3e26f3a2637fee755795849c8e'
