# Managed by azldev component update. Do not edit manually.
version = 1
import-commit = 'f812b4f5250bf4e2f75c231a3c4ce643b731d368'
upstream-commit = 'f812b4f5250bf4e2f75c231a3c4ce643b731d368'
input-fingerprint = 'sha256:0ce5957be9b2a122f0151cbffd6ed486c1e223954ada700fa7d5dbc643af6b66'
resolution-input-hash = 'sha256:466421704711c4fd3c71f0b2ed715a0e61d49e3e26f3a2637fee755795849c8e'
