# Managed by azldev component update. Do not edit manually.
version = 1
import-commit = 'b1d40f95d5eabfe73c1989a0792d92ad48b78f0e'
upstream-commit = 'b1d40f95d5eabfe73c1989a0792d92ad48b78f0e'
input-fingerprint = 'sha256:6dbb3d5fc69894df320a4422a913cf64dd57aabe90bfa1e3cc3011dbf324c895'
resolution-input-hash = 'sha256:466421704711c4fd3c71f0b2ed715a0e61d49e3e26f3a2637fee755795849c8e'
