# Managed by azldev component update. Do not edit manually.
version = 1
import-commit = '60a373363c6210b0db1036ad23cdc41e5bbc5ac8'
upstream-commit = '60a373363c6210b0db1036ad23cdc41e5bbc5ac8'
input-fingerprint = 'sha256:8b7bacaaa93d2eb8e2157f356c3706ad9ffa4cc9390679cbdee0d9edddf95ab0'
resolution-input-hash = 'sha256:466421704711c4fd3c71f0b2ed715a0e61d49e3e26f3a2637fee755795849c8e'
