# Managed by azldev component update. Do not edit manually.
version = 1
import-commit = '0262afcf3db16cdc10d5309ad62a65cde94cf55c'
upstream-commit = '0262afcf3db16cdc10d5309ad62a65cde94cf55c'
input-fingerprint = 'sha256:e386b95bc0132704f6dc6375c7991b40e17ff900ab6d21d20fabe517db72dbb2'
resolution-input-hash = 'sha256:466421704711c4fd3c71f0b2ed715a0e61d49e3e26f3a2637fee755795849c8e'
