# Managed by azldev component update. Do not edit manually.
version = 1
import-commit = '2dd436c8629933bd499e23047f4479a1c05cb9b8'
upstream-commit = '2dd436c8629933bd499e23047f4479a1c05cb9b8'
input-fingerprint = 'sha256:47fdf7e0b0e8950eb5e15f7a8fb76246269a475e98984da233aa4dbc7abebc15'
resolution-input-hash = 'sha256:466421704711c4fd3c71f0b2ed715a0e61d49e3e26f3a2637fee755795849c8e'
