# Managed by azldev component update. Do not edit manually.
version = 1
import-commit = '8c1a96f648546e4eb9456a6be90b8d5557278048'
upstream-commit = '8c1a96f648546e4eb9456a6be90b8d5557278048'
input-fingerprint = 'sha256:31a7cdc930e7511310c57763e786e1bdf0a2d8100c6dc5d14c39671941c3859b'
resolution-input-hash = 'sha256:466421704711c4fd3c71f0b2ed715a0e61d49e3e26f3a2637fee755795849c8e'
