# Managed by azldev component update. Do not edit manually.
version = 1
import-commit = 'f4b55150b602dd7e6bbb240bd3eb027785ce73f3'
upstream-commit = 'f4b55150b602dd7e6bbb240bd3eb027785ce73f3'
input-fingerprint = 'sha256:cb1ce97ad6d9d2d3d70931f356fc46c5a07538670a3434d945df992340f40a98'
resolution-input-hash = 'sha256:466421704711c4fd3c71f0b2ed715a0e61d49e3e26f3a2637fee755795849c8e'
