# Managed by azldev component update. Do not edit manually.
version = 1
import-commit = '1cb00339059fe55200e73ee2dc29f437752fbf92'
upstream-commit = '1cb00339059fe55200e73ee2dc29f437752fbf92'
input-fingerprint = 'sha256:df16cca4d0718105a78d97e9a940e8243363f1deaeecad8f65a1d185b9d84637'
resolution-input-hash = 'sha256:466421704711c4fd3c71f0b2ed715a0e61d49e3e26f3a2637fee755795849c8e'
