# Managed by azldev component update. Do not edit manually.
version = 1
import-commit = '4a55cce28048b207bd2b41c3755024ef8f3a5675'
upstream-commit = '4a55cce28048b207bd2b41c3755024ef8f3a5675'
input-fingerprint = 'sha256:01b82c331c89113eab0ad81596ad28dc547f38d2d5a1d15f24f70d70430ef2d2'
resolution-input-hash = 'sha256:466421704711c4fd3c71f0b2ed715a0e61d49e3e26f3a2637fee755795849c8e'
