# Managed by azldev component update. Do not edit manually.
version = 1
import-commit = '61ba97eb5fa1fccebf603a6a33f792e802169c4c'
upstream-commit = '61ba97eb5fa1fccebf603a6a33f792e802169c4c'
input-fingerprint = 'sha256:e457acc40e4f688454c574dd30903749527eebca7746cd5a82d1ab10c8dfb21b'
resolution-input-hash = 'sha256:466421704711c4fd3c71f0b2ed715a0e61d49e3e26f3a2637fee755795849c8e'
