# Managed by azldev component update. Do not edit manually.
version = 1
import-commit = 'cfcee4b7d1e80238317fd17dd5eea3c57118b563'
upstream-commit = 'cfcee4b7d1e80238317fd17dd5eea3c57118b563'
input-fingerprint = 'sha256:b71def62f92b8e42fb89c4b7394ff1d0f53f1a820c434d3b559e648115d082c9'
resolution-input-hash = 'sha256:466421704711c4fd3c71f0b2ed715a0e61d49e3e26f3a2637fee755795849c8e'
