# Managed by azldev component update. Do not edit manually.
version = 1
import-commit = 'cf07b2dbc0c9c2cfc7afc4ee714f2b721de21557'
upstream-commit = 'cf07b2dbc0c9c2cfc7afc4ee714f2b721de21557'
input-fingerprint = 'sha256:27414538a68e869ed5c8a17e8024e30a0a2593eaf55e895dcfb4ee77439556c1'
resolution-input-hash = 'sha256:466421704711c4fd3c71f0b2ed715a0e61d49e3e26f3a2637fee755795849c8e'
