# Managed by azldev component update. Do not edit manually.
version = 1
import-commit = '1d43a3d1199128e58d7c4c43ecea2f5904bb8479'
upstream-commit = '1d43a3d1199128e58d7c4c43ecea2f5904bb8479'
input-fingerprint = 'sha256:39a93b3856c4dc060134dd3081e7175fd5687a77d98494862c1398b94c05a27a'
resolution-input-hash = 'sha256:466421704711c4fd3c71f0b2ed715a0e61d49e3e26f3a2637fee755795849c8e'
