# Managed by azldev component update. Do not edit manually.
version = 1
import-commit = 'e1f9ccc8972cf067f4166ea1484a5124fd1d19a6'
upstream-commit = 'e1f9ccc8972cf067f4166ea1484a5124fd1d19a6'
input-fingerprint = 'sha256:bb42133f8747e12c8e91b5c6f5143b49c80e89325581d967a46bdebcf2abd3e9'
resolution-input-hash = 'sha256:466421704711c4fd3c71f0b2ed715a0e61d49e3e26f3a2637fee755795849c8e'
