# Managed by azldev component update. Do not edit manually.
version = 1
import-commit = '4104b47cbb158d6a465a95e0ec785e3f7738b1ac'
upstream-commit = '4104b47cbb158d6a465a95e0ec785e3f7738b1ac'
input-fingerprint = 'sha256:c9f5e2c3331ea6fb428af3d5048c6fb7f0d899f4ea85a0c8f0d9f473a32992c1'
resolution-input-hash = 'sha256:466421704711c4fd3c71f0b2ed715a0e61d49e3e26f3a2637fee755795849c8e'
