# Managed by azldev component update. Do not edit manually.
version = 1
import-commit = '83bedfd49ced8fa49d44dd5b95a7a8b07921c61f'
upstream-commit = '83bedfd49ced8fa49d44dd5b95a7a8b07921c61f'
input-fingerprint = 'sha256:768ea6078f6f34126a6cdfe1d0f2d12e8aa1f59a47416c4ee2b39b82eb96886a'
resolution-input-hash = 'sha256:466421704711c4fd3c71f0b2ed715a0e61d49e3e26f3a2637fee755795849c8e'
