# Managed by azldev component update. Do not edit manually.
version = 1
import-commit = '9b6c80b6686ae127b3c2b6be8cbd53ca155d802d'
upstream-commit = '9b6c80b6686ae127b3c2b6be8cbd53ca155d802d'
input-fingerprint = 'sha256:16f342bd0e821626f45e38705f476e713c42a740641e9df366140fe2bfd6ce35'
resolution-input-hash = 'sha256:466421704711c4fd3c71f0b2ed715a0e61d49e3e26f3a2637fee755795849c8e'

[bumps]
# Migration: static Release 33 -> %autorelease (base 20) at upstream commit 9b6c80b6686a. Gap = 13.
9b6c80b6686ae127b3c2b6be8cbd53ca155d802d = 13
