# Managed by azldev component update. Do not edit manually.
version = 1
import-commit = 'bd981e11ad361e34f067d8b9ca789703e6e6f003'
upstream-commit = 'bd981e11ad361e34f067d8b9ca789703e6e6f003'
input-fingerprint = 'sha256:26c119174cf52fa9dfd421113b767001171158265123ec38c35a0518e9c4a666'
resolution-input-hash = 'sha256:466421704711c4fd3c71f0b2ed715a0e61d49e3e26f3a2637fee755795849c8e'
