# Managed by azldev component update. Do not edit manually.
version = 1
import-commit = 'd87d8d5553db7522deb9d1c71065393736076348'
upstream-commit = 'd87d8d5553db7522deb9d1c71065393736076348'
input-fingerprint = 'sha256:c3c0dc02291ad17fe9aa751cbe3f6288bf24be909a5617d0a1edec7c350966b1'
resolution-input-hash = 'sha256:466421704711c4fd3c71f0b2ed715a0e61d49e3e26f3a2637fee755795849c8e'
