# Managed by azldev component update. Do not edit manually.
version = 1
import-commit = 'c5ab7bbe8297ac4cecfe41e4e9a0e03b82c803d6'
upstream-commit = 'c5ab7bbe8297ac4cecfe41e4e9a0e03b82c803d6'
input-fingerprint = 'sha256:0264b26fd795264df49dfd0a2039ed3ba5abdc7452e74b32c33cad8588053703'
resolution-input-hash = 'sha256:466421704711c4fd3c71f0b2ed715a0e61d49e3e26f3a2637fee755795849c8e'
