# Managed by azldev component update. Do not edit manually.
version = 1
import-commit = '37406d88117fac6315c346161152b88c3a404b02'
upstream-commit = '37406d88117fac6315c346161152b88c3a404b02'
input-fingerprint = 'sha256:cc9af3c0f62b675cb0ba7d8de67f417aaf9f797d197a81e610c3d50f4d9d79e0'
resolution-input-hash = 'sha256:466421704711c4fd3c71f0b2ed715a0e61d49e3e26f3a2637fee755795849c8e'
