# Managed by azldev component update. Do not edit manually.
version = 1
import-commit = '49172e6590745b26739f941d0b612787e912d9d6'
upstream-commit = '49172e6590745b26739f941d0b612787e912d9d6'
input-fingerprint = 'sha256:2f3fcadef9fe065d35cc7786396e322bffd1e0a170abc13b27294c1d7896e6ba'
resolution-input-hash = 'sha256:466421704711c4fd3c71f0b2ed715a0e61d49e3e26f3a2637fee755795849c8e'
