# Managed by azldev component update. Do not edit manually.
version = 1
import-commit = 'c4199e81ea26aefb4f09f38ddd714824d86ce850'
upstream-commit = 'c4199e81ea26aefb4f09f38ddd714824d86ce850'
input-fingerprint = 'sha256:20ab2a8c56bcce033a8b84c25c0815993a1b26e9767836ce0e24c3ba2a446aba'
resolution-input-hash = 'sha256:466421704711c4fd3c71f0b2ed715a0e61d49e3e26f3a2637fee755795849c8e'
