# Managed by azldev component update. Do not edit manually.
version = 1
import-commit = 'b6249c3031468d41b7ee264250698fe9dd145350'
upstream-commit = 'b6249c3031468d41b7ee264250698fe9dd145350'
input-fingerprint = 'sha256:373a10fdccf1598c0f9331e793672d2d467125a4a202a8cda9f16e6f6e49efbe'
resolution-input-hash = 'sha256:466421704711c4fd3c71f0b2ed715a0e61d49e3e26f3a2637fee755795849c8e'
