# Managed by azldev component update. Do not edit manually.
version = 1
import-commit = '45da97f63e9145878a74a3c61c1b2b263a77b398'
upstream-commit = '45da97f63e9145878a74a3c61c1b2b263a77b398'
input-fingerprint = 'sha256:f4b2314e4f7c9b67569cd1a49ceb01d40e5b399f51cf5942c70c722a765a68dd'
resolution-input-hash = 'sha256:466421704711c4fd3c71f0b2ed715a0e61d49e3e26f3a2637fee755795849c8e'
