# Managed by azldev component update. Do not edit manually.
version = 1
import-commit = 'b52f1fbe2f6ba9acfba825504138cbc2397d52df'
upstream-commit = 'b52f1fbe2f6ba9acfba825504138cbc2397d52df'
input-fingerprint = 'sha256:395bd02c8d8cb66ac31f6e1bfd5ea5de071b45cd7bee9706cac29307fbfc8f0b'
resolution-input-hash = 'sha256:466421704711c4fd3c71f0b2ed715a0e61d49e3e26f3a2637fee755795849c8e'
