# Managed by azldev component update. Do not edit manually.
version = 1
import-commit = '020553e6ac8882267f982a33a68ec3c139f02457'
upstream-commit = '020553e6ac8882267f982a33a68ec3c139f02457'
input-fingerprint = 'sha256:88f05d9f5b663f0b42a21a717c5c097fb8763dec433d1cb5ae20d1af776b1327'
resolution-input-hash = 'sha256:466421704711c4fd3c71f0b2ed715a0e61d49e3e26f3a2637fee755795849c8e'
