# Managed by azldev component update. Do not edit manually.
version = 1
import-commit = '2ee3cf5c340e5e503e308709fc1ce19098e24d15'
upstream-commit = '2ee3cf5c340e5e503e308709fc1ce19098e24d15'
input-fingerprint = 'sha256:f5e89f2d77b52e0da3490057072356072a1503c4241f69ceee96578a522b68bf'
resolution-input-hash = 'sha256:466421704711c4fd3c71f0b2ed715a0e61d49e3e26f3a2637fee755795849c8e'
