# Managed by azldev component update. Do not edit manually.
version = 1
import-commit = '0718e30149b3dbe82f358c81d8fd1d4d91594d76'
upstream-commit = '0718e30149b3dbe82f358c81d8fd1d4d91594d76'
input-fingerprint = 'sha256:19ee918c3922732469aa0bac1e3515af12b0589029e4a955701adc58a36fec72'
resolution-input-hash = 'sha256:466421704711c4fd3c71f0b2ed715a0e61d49e3e26f3a2637fee755795849c8e'
