# Managed by azldev component update. Do not edit manually.
version = 1
import-commit = '7a8c7985300f0cdbb02bfec3b19a609ceafd099e'
upstream-commit = '7a8c7985300f0cdbb02bfec3b19a609ceafd099e'
input-fingerprint = 'sha256:f3eecf8969395458839771f058a6c57da741e61441d66039fe8dc8eab102a8d6'
resolution-input-hash = 'sha256:466421704711c4fd3c71f0b2ed715a0e61d49e3e26f3a2637fee755795849c8e'
