# Managed by azldev component update. Do not edit manually.
version = 1
import-commit = 'b0be53667e7610875c587af71f5adf0c57ed1c51'
upstream-commit = 'b0be53667e7610875c587af71f5adf0c57ed1c51'
input-fingerprint = 'sha256:dfffd9b8e2029beefc8819ff7c089153fe49ec83bbbf2838084aa15b2ad8c74f'
resolution-input-hash = 'sha256:466421704711c4fd3c71f0b2ed715a0e61d49e3e26f3a2637fee755795849c8e'
