# Managed by azldev component update. Do not edit manually.
version = 1
import-commit = '941ffa80a11dedb31c185017312dafa771e839bc'
upstream-commit = '941ffa80a11dedb31c185017312dafa771e839bc'
input-fingerprint = 'sha256:66f16d2fb9c114c4cb21995b0aba87c04f9b8ed942074f0d28e16721ceac5ecc'
resolution-input-hash = 'sha256:466421704711c4fd3c71f0b2ed715a0e61d49e3e26f3a2637fee755795849c8e'
