# Managed by azldev component update. Do not edit manually.
version = 1
import-commit = '866e1217169247473ad626eecd88772eef9dd679'
upstream-commit = '866e1217169247473ad626eecd88772eef9dd679'
input-fingerprint = 'sha256:d807ce1cf7365ffc7409f1b422a544da3a905b427300a351494ebc7b10c89fa4'
resolution-input-hash = 'sha256:466421704711c4fd3c71f0b2ed715a0e61d49e3e26f3a2637fee755795849c8e'
