# Managed by azldev component update. Do not edit manually.
version = 1
import-commit = 'd4c355523caf881bb1fc775995c7b35144525614'
upstream-commit = 'd4c355523caf881bb1fc775995c7b35144525614'
input-fingerprint = 'sha256:0c1483d2b4d565e3f325c39c6f79ff7c84b66e1badb711505efe3320226c3b72'
resolution-input-hash = 'sha256:466421704711c4fd3c71f0b2ed715a0e61d49e3e26f3a2637fee755795849c8e'
