# Managed by azldev component update. Do not edit manually.
version = 1
import-commit = '9c5ba7e736b92f0ecf35612e1b9cf75ea9b2e863'
upstream-commit = '9c5ba7e736b92f0ecf35612e1b9cf75ea9b2e863'
input-fingerprint = 'sha256:7cfc932fe6b6d451eaddd45987111d729124362fa90cec5909316d8157d2c727'
resolution-input-hash = 'sha256:466421704711c4fd3c71f0b2ed715a0e61d49e3e26f3a2637fee755795849c8e'
