# Managed by azldev component update. Do not edit manually.
version = 1
import-commit = 'ab4713835dcd3f43bf6692dd709471cc9fa14133'
upstream-commit = 'ab4713835dcd3f43bf6692dd709471cc9fa14133'
input-fingerprint = 'sha256:3ce7a0c42cae56750c17e8b68c8930568c107b7cfa36ce82173028adca7b1972'
resolution-input-hash = 'sha256:466421704711c4fd3c71f0b2ed715a0e61d49e3e26f3a2637fee755795849c8e'
