# Managed by azldev component update. Do not edit manually.
version = 1
import-commit = 'c40eb1252596eb31fbf99767bbc43420691fb5f9'
upstream-commit = 'c40eb1252596eb31fbf99767bbc43420691fb5f9'
input-fingerprint = 'sha256:991531c11b066ca0b2e1dc074335024a1d8ee5a06a6bc94340e7436db0c81216'
resolution-input-hash = 'sha256:466421704711c4fd3c71f0b2ed715a0e61d49e3e26f3a2637fee755795849c8e'
