# Managed by azldev component update. Do not edit manually.
version = 1
import-commit = '9286a8d87abe3d3236b78b9e9d3198ba5ab80b7d'
upstream-commit = '9286a8d87abe3d3236b78b9e9d3198ba5ab80b7d'
input-fingerprint = 'sha256:d28d618eb1efd616507114d4c1b6a6d76c30c80fc966e0126fa12a3527e6faae'
resolution-input-hash = 'sha256:466421704711c4fd3c71f0b2ed715a0e61d49e3e26f3a2637fee755795849c8e'
