# Managed by azldev component update. Do not edit manually.
version = 1
import-commit = 'd34fda3b81207aa75a825a4c43bfc7b722bae0ef'
upstream-commit = 'd34fda3b81207aa75a825a4c43bfc7b722bae0ef'
input-fingerprint = 'sha256:c53756c88dbbda297311fc41c7e7ace541a85e81c6a31fed5e646b2148cd94b3'
resolution-input-hash = 'sha256:466421704711c4fd3c71f0b2ed715a0e61d49e3e26f3a2637fee755795849c8e'
