# Managed by azldev component update. Do not edit manually.
version = 1
import-commit = 'c4e334dac233257e1a7625f1b394a63369f1f137'
upstream-commit = 'c4e334dac233257e1a7625f1b394a63369f1f137'
input-fingerprint = 'sha256:39080d5544b0258bff32875cbc780e7cbc5a2bb86b03fca8989aeed1694d9814'
resolution-input-hash = 'sha256:466421704711c4fd3c71f0b2ed715a0e61d49e3e26f3a2637fee755795849c8e'
