# Managed by azldev component update. Do not edit manually.
version = 1
import-commit = '07e8b207744ec20a280e9dcb5c92d6d0a3ffdf79'
upstream-commit = '07e8b207744ec20a280e9dcb5c92d6d0a3ffdf79'
input-fingerprint = 'sha256:cc7a29061265f90a4e59234db2f0572057b60ccb2a59947070a1a147dba917dc'
resolution-input-hash = 'sha256:466421704711c4fd3c71f0b2ed715a0e61d49e3e26f3a2637fee755795849c8e'
