# Managed by azldev component update. Do not edit manually.
version = 1
import-commit = '79dddd7cea5a306a65f1821c27cfe56d6aa36377'
upstream-commit = '79dddd7cea5a306a65f1821c27cfe56d6aa36377'
input-fingerprint = 'sha256:7fc4ae087e43b55279644d2bd8c3cf0deb02450a9c5eb9b183e6b5a7bf62c6e7'
resolution-input-hash = 'sha256:466421704711c4fd3c71f0b2ed715a0e61d49e3e26f3a2637fee755795849c8e'
