# Managed by azldev component update. Do not edit manually.
version = 1
import-commit = '9b63edc19999df9db144bbe0e66317c9bd3e2d91'
upstream-commit = '9b63edc19999df9db144bbe0e66317c9bd3e2d91'
input-fingerprint = 'sha256:633f132befb58780478ff39f2cefd588e0d71caf27067a30a9902bffc38de047'
resolution-input-hash = 'sha256:466421704711c4fd3c71f0b2ed715a0e61d49e3e26f3a2637fee755795849c8e'
