# Managed by azldev component update. Do not edit manually.
version = 1
import-commit = 'c16743351cbfcc2ceeb9cfacb89177abdff306b6'
upstream-commit = 'c16743351cbfcc2ceeb9cfacb89177abdff306b6'
input-fingerprint = 'sha256:f00de4508e006b5622ccc62ca91b22567a3e0d53c1fdfbbb0bda36b85e6ccda2'
resolution-input-hash = 'sha256:466421704711c4fd3c71f0b2ed715a0e61d49e3e26f3a2637fee755795849c8e'
