# Managed by azldev component update. Do not edit manually.
version = 1
import-commit = '2d29e484091ab7840ee8053d3be096fcea96a86a'
upstream-commit = '2d29e484091ab7840ee8053d3be096fcea96a86a'
input-fingerprint = 'sha256:a71111748025fd032bae9e4e5063587dc87eec3355fb609820ac1e8d0ec984a5'
resolution-input-hash = 'sha256:466421704711c4fd3c71f0b2ed715a0e61d49e3e26f3a2637fee755795849c8e'
