# Managed by azldev component update. Do not edit manually.
version = 1
import-commit = 'cc95ecb9b41db5b95c711f5f53e8467f117b6054'
upstream-commit = 'cc95ecb9b41db5b95c711f5f53e8467f117b6054'
input-fingerprint = 'sha256:136cc9d01196c1734d1f6f33adb497f63ee2f784a3dd8a47306a720278cc4da3'
resolution-input-hash = 'sha256:466421704711c4fd3c71f0b2ed715a0e61d49e3e26f3a2637fee755795849c8e'
