# Managed by azldev component update. Do not edit manually.
version = 1
import-commit = '5c0e88128e78313fbf7d60081aa7a17989f56583'
upstream-commit = '5c0e88128e78313fbf7d60081aa7a17989f56583'
input-fingerprint = 'sha256:881f6edf5326b62905041258f3d67167bde3bdd3945b9991dad1b5d53d2981ad'
resolution-input-hash = 'sha256:466421704711c4fd3c71f0b2ed715a0e61d49e3e26f3a2637fee755795849c8e'
