# Managed by azldev component update. Do not edit manually.
version = 1
import-commit = '54e3aa1b7d2067681905b0a7303616a860027541'
upstream-commit = '54e3aa1b7d2067681905b0a7303616a860027541'
input-fingerprint = 'sha256:f1207fdeebdf5ebb71a6709efbd6ac154fea43277ac3983f51ad923a40a2ec4c'
resolution-input-hash = 'sha256:466421704711c4fd3c71f0b2ed715a0e61d49e3e26f3a2637fee755795849c8e'
