# Managed by azldev component update. Do not edit manually.
version = 1
import-commit = 'ae46ed8d38e0119a29e2e6b2f1acaf54e798b10c'
upstream-commit = 'ae46ed8d38e0119a29e2e6b2f1acaf54e798b10c'
input-fingerprint = 'sha256:d39eef6d0f6845f6b27e63c1eca15d859fe7ac2c0193c65a28749a8a2143f2ae'
resolution-input-hash = 'sha256:466421704711c4fd3c71f0b2ed715a0e61d49e3e26f3a2637fee755795849c8e'
