# Managed by azldev component update. Do not edit manually.
version = 1
import-commit = '87a06a25c68f7e87dc8925736da35c9afdc2aff4'
upstream-commit = '87a06a25c68f7e87dc8925736da35c9afdc2aff4'
input-fingerprint = 'sha256:5c8c74ebda138ef19502aba64fe72851a1c07c1b75d1cdc3db23bce36df3b26a'
resolution-input-hash = 'sha256:466421704711c4fd3c71f0b2ed715a0e61d49e3e26f3a2637fee755795849c8e'
