# Managed by azldev component update. Do not edit manually.
version = 1
import-commit = 'fb53774ae83e11f4f8a114c8acfed3cd087c4501'
upstream-commit = 'fb53774ae83e11f4f8a114c8acfed3cd087c4501'
input-fingerprint = 'sha256:f324f62c2352ed1f7ef2c8919e5d4bb96122410f107308d2bf42b58c064a1162'
resolution-input-hash = 'sha256:466421704711c4fd3c71f0b2ed715a0e61d49e3e26f3a2637fee755795849c8e'
