# Managed by azldev component update. Do not edit manually.
version = 1
import-commit = '21391a992c5c33b8ec82b2f769acb82260026f4f'
upstream-commit = '21391a992c5c33b8ec82b2f769acb82260026f4f'
input-fingerprint = 'sha256:594a87ad4ea991a39a0f8730940a70a63beb792c1808235f66b8822dcee8eddf'
resolution-input-hash = 'sha256:466421704711c4fd3c71f0b2ed715a0e61d49e3e26f3a2637fee755795849c8e'
