# Managed by azldev component update. Do not edit manually.
version = 1
import-commit = '145079f1ed5666a99ca1a4463191f7484e0cb964'
upstream-commit = '145079f1ed5666a99ca1a4463191f7484e0cb964'
input-fingerprint = 'sha256:90f97e1cff214746b02893d4fd2fe8605892f619e4dc663852d956a067f86d24'
resolution-input-hash = 'sha256:466421704711c4fd3c71f0b2ed715a0e61d49e3e26f3a2637fee755795849c8e'
