# Managed by azldev component update. Do not edit manually.
version = 1
import-commit = '3aba1ce9e67cfc2a6ebcbe5a8832783d0ef5240a'
upstream-commit = '3aba1ce9e67cfc2a6ebcbe5a8832783d0ef5240a'
input-fingerprint = 'sha256:fe3f6d6f1656305b75d73a8b2fa5cdb8d1b1015296935088819ffd914a0d8205'
resolution-input-hash = 'sha256:466421704711c4fd3c71f0b2ed715a0e61d49e3e26f3a2637fee755795849c8e'
