# Managed by azldev component update. Do not edit manually.
version = 1
import-commit = '1ce085a0c64ec86069a2986c09c7fca1e3152a35'
upstream-commit = '1ce085a0c64ec86069a2986c09c7fca1e3152a35'
input-fingerprint = 'sha256:4ab5931023b3732ff2117a66bd1f39e5cd43cd6b53cca015e2a969308dde2070'
resolution-input-hash = 'sha256:466421704711c4fd3c71f0b2ed715a0e61d49e3e26f3a2637fee755795849c8e'
