# Managed by azldev component update. Do not edit manually.
version = 1
import-commit = 'bf0938f7fe9f32224dd2c88461a8f417dc963ad4'
upstream-commit = 'bf0938f7fe9f32224dd2c88461a8f417dc963ad4'
input-fingerprint = 'sha256:798bed3f65b6756beade55e606121435b62283814f0c1631e8d7f082b3301d43'
resolution-input-hash = 'sha256:466421704711c4fd3c71f0b2ed715a0e61d49e3e26f3a2637fee755795849c8e'
