# Managed by azldev component update. Do not edit manually.
version = 1
import-commit = 'ab09b3040dddbaca257cc8c302a6a358bdd7d55d'
upstream-commit = 'ab09b3040dddbaca257cc8c302a6a358bdd7d55d'
input-fingerprint = 'sha256:5e5ae78f7bd898129daea6c7857dd2e934ee4a91228f49f71b8415da04667c72'
resolution-input-hash = 'sha256:466421704711c4fd3c71f0b2ed715a0e61d49e3e26f3a2637fee755795849c8e'
