# Managed by azldev component update. Do not edit manually.
version = 1
import-commit = '99f4f7798859021d8c3f29365908077a9bb7f45b'
upstream-commit = '99f4f7798859021d8c3f29365908077a9bb7f45b'
input-fingerprint = 'sha256:c3a38782d269de97e61f4bb1fc61005f7206c3cb13f38e8d05ee5c3faa2ca90c'
resolution-input-hash = 'sha256:466421704711c4fd3c71f0b2ed715a0e61d49e3e26f3a2637fee755795849c8e'
