# Managed by azldev component update. Do not edit manually.
version = 1
import-commit = 'a768ff118a5b068289c4604e36827b8ac7c55ece'
upstream-commit = 'a768ff118a5b068289c4604e36827b8ac7c55ece'
input-fingerprint = 'sha256:a874ae78252ee05c2a0373602c6f24c1a2846e515c649ae34161f1941d6ee429'
resolution-input-hash = 'sha256:466421704711c4fd3c71f0b2ed715a0e61d49e3e26f3a2637fee755795849c8e'
