# Managed by azldev component update. Do not edit manually.
version = 1
import-commit = 'ec8d5596789d73bf98bc299a87a52cc729736a53'
upstream-commit = 'ec8d5596789d73bf98bc299a87a52cc729736a53'
input-fingerprint = 'sha256:2c48e7bef342a9caca9bd4bf2d3446086383df7dea22ff04db59d88cbd578f10'
resolution-input-hash = 'sha256:466421704711c4fd3c71f0b2ed715a0e61d49e3e26f3a2637fee755795849c8e'
