# Managed by azldev component update. Do not edit manually.
version = 1
import-commit = '59d650794270779270588d3bf75c015daa29be8c'
upstream-commit = '59d650794270779270588d3bf75c015daa29be8c'
input-fingerprint = 'sha256:efd2ba0d5c49435310e0e68e90a53aba2a87878fde352baee31a81b3b56fb82f'
resolution-input-hash = 'sha256:466421704711c4fd3c71f0b2ed715a0e61d49e3e26f3a2637fee755795849c8e'
