# Managed by azldev component update. Do not edit manually.
version = 1
import-commit = '817daf063c3f4161e363eaebe5409cba0d0e5e85'
upstream-commit = '817daf063c3f4161e363eaebe5409cba0d0e5e85'
input-fingerprint = 'sha256:acd1319e7f39dd0b10b09e1eafe74ce5b6f63973c6f9aca97fc7afbe474fd3e2'
resolution-input-hash = 'sha256:466421704711c4fd3c71f0b2ed715a0e61d49e3e26f3a2637fee755795849c8e'
