# Managed by azldev component update. Do not edit manually.
version = 1
import-commit = '884584bb78a79740cb1ebd8fd06ce57ba78f24e2'
upstream-commit = '884584bb78a79740cb1ebd8fd06ce57ba78f24e2'
input-fingerprint = 'sha256:a028872357672edd8a2e8d9c0bedca3f20e888a80d7f6790658d3fe95a574580'
resolution-input-hash = 'sha256:466421704711c4fd3c71f0b2ed715a0e61d49e3e26f3a2637fee755795849c8e'
