# Managed by azldev component update. Do not edit manually.
version = 1
import-commit = 'e8375a1d3f7fdbca8e757e248b97381064904130'
upstream-commit = 'e8375a1d3f7fdbca8e757e248b97381064904130'
input-fingerprint = 'sha256:c8119dc2420979d5f19c61a79f283566a9e8d9dd1a9859146ae4086041c01dfd'
resolution-input-hash = 'sha256:466421704711c4fd3c71f0b2ed715a0e61d49e3e26f3a2637fee755795849c8e'
