# Managed by azldev component update. Do not edit manually.
version = 1
import-commit = '813e695288027123eb209f60132e81d7924b2cfa'
upstream-commit = '813e695288027123eb209f60132e81d7924b2cfa'
input-fingerprint = 'sha256:53b168573601993d92008c2fbfdbf8d41f9b54ce5ea0e970afe784a196b2a92f'
resolution-input-hash = 'sha256:466421704711c4fd3c71f0b2ed715a0e61d49e3e26f3a2637fee755795849c8e'
