# Managed by azldev component update. Do not edit manually.
version = 1
import-commit = '21973df9c28fbfeeebc5b7390e8c2f8ed74e128b'
upstream-commit = '21973df9c28fbfeeebc5b7390e8c2f8ed74e128b'
input-fingerprint = 'sha256:eedb6d940034890db8ec9bfe202f69bd93b96cfa3cee8420db984fa27a7c3b6f'
resolution-input-hash = 'sha256:466421704711c4fd3c71f0b2ed715a0e61d49e3e26f3a2637fee755795849c8e'

[bumps]
# Migration: static Release 521 -> %autorelease (base 18) at upstream commit 21973df9c28f. Gap = 503.
21973df9c28fbfeeebc5b7390e8c2f8ed74e128b = 503
