# Managed by azldev component update. Do not edit manually.
version = 1
import-commit = 'a246405ae232c003f49f8183836051c1364d8c91'
upstream-commit = 'a246405ae232c003f49f8183836051c1364d8c91'
input-fingerprint = 'sha256:c0e94715c5b5b61b43cef400eff9034e549ad033b6256759bd19c1e7b904714a'
resolution-input-hash = 'sha256:466421704711c4fd3c71f0b2ed715a0e61d49e3e26f3a2637fee755795849c8e'
