# Managed by azldev component update. Do not edit manually.
version = 1
import-commit = '2bf85eccbb7128e9edd85a60b54311fa6aa87084'
upstream-commit = '2bf85eccbb7128e9edd85a60b54311fa6aa87084'
input-fingerprint = 'sha256:2cebb7410010d95d923f8b17a19e49aba91526640170f20b4e1d0d80b5b41f90'
resolution-input-hash = 'sha256:466421704711c4fd3c71f0b2ed715a0e61d49e3e26f3a2637fee755795849c8e'
