# Managed by azldev component update. Do not edit manually.
version = 1
import-commit = 'a01eba892e386d9915ce379f6c6f54524857cc83'
upstream-commit = 'a01eba892e386d9915ce379f6c6f54524857cc83'
input-fingerprint = 'sha256:14dfe992fec69cf532ca5f6380ae7186e1b6b564537ed5a3304bf00baf46ed53'
resolution-input-hash = 'sha256:466421704711c4fd3c71f0b2ed715a0e61d49e3e26f3a2637fee755795849c8e'
