# Managed by azldev component update. Do not edit manually.
version = 1
import-commit = 'c3531f2ede1bfb82a26e718edfcf770b14c14a02'
upstream-commit = 'c3531f2ede1bfb82a26e718edfcf770b14c14a02'
input-fingerprint = 'sha256:b07f7381798da2f359a8cdbe2f33afd3b084b9f538f88eb864060e2e9b550d98'
resolution-input-hash = 'sha256:466421704711c4fd3c71f0b2ed715a0e61d49e3e26f3a2637fee755795849c8e'
