# Managed by azldev component update. Do not edit manually.
version = 1
import-commit = '6c3c36931d486baffca2f4f66bfe2ca623064451'
upstream-commit = '6c3c36931d486baffca2f4f66bfe2ca623064451'
input-fingerprint = 'sha256:0e0dfb0e91035e16f6bc49b9e02fc88484d7915e67912c406f033a54dbc562fd'
resolution-input-hash = 'sha256:466421704711c4fd3c71f0b2ed715a0e61d49e3e26f3a2637fee755795849c8e'
