# Managed by azldev component update. Do not edit manually.
version = 1
import-commit = '243b0bf4e90f36d0bbfe9dec2e432d0a1256e964'
upstream-commit = '243b0bf4e90f36d0bbfe9dec2e432d0a1256e964'
input-fingerprint = 'sha256:ebb835872383b5da9c8bb5a622170047505dde34fdd715a94ff1f8ec8307c3c1'
resolution-input-hash = 'sha256:466421704711c4fd3c71f0b2ed715a0e61d49e3e26f3a2637fee755795849c8e'
