# Managed by azldev component update. Do not edit manually.
version = 1
import-commit = '1d06a97e8679fe8ae8aa244b28badc2e7a2fba15'
upstream-commit = '1d06a97e8679fe8ae8aa244b28badc2e7a2fba15'
input-fingerprint = 'sha256:08d98042c08a57ac844ab76bafe669775d575f51782dcf55542309cfec09fe0b'
resolution-input-hash = 'sha256:466421704711c4fd3c71f0b2ed715a0e61d49e3e26f3a2637fee755795849c8e'
