# Managed by azldev component update. Do not edit manually.
version = 1
import-commit = '3324b30a70caa8a3ac61223059336754f42550f3'
upstream-commit = '3324b30a70caa8a3ac61223059336754f42550f3'
input-fingerprint = 'sha256:735a1c5c322ea9d332eb832309d8bd1667d966e776d4c42a4168e1fa2d781396'
resolution-input-hash = 'sha256:466421704711c4fd3c71f0b2ed715a0e61d49e3e26f3a2637fee755795849c8e'
