# Managed by azldev component update. Do not edit manually.
version = 1
import-commit = '7ad2ab09dfeebf1b994b403a9f5cbfda80445da2'
upstream-commit = '7ad2ab09dfeebf1b994b403a9f5cbfda80445da2'
input-fingerprint = 'sha256:8cedc8cd3948a832f78e2a7bad6b6f85850b044b9dfec1472f2ac7365f9e24a7'
resolution-input-hash = 'sha256:466421704711c4fd3c71f0b2ed715a0e61d49e3e26f3a2637fee755795849c8e'
