# Managed by azldev component update. Do not edit manually.
version = 1
import-commit = 'ead9f37491efb1e69e866d7a82b5f7e37219cc5f'
upstream-commit = 'ead9f37491efb1e69e866d7a82b5f7e37219cc5f'
input-fingerprint = 'sha256:44fe1d21a7c4b1bddec6bc6108f3d5fd09e79275538b965c0c6921874409e631'
resolution-input-hash = 'sha256:466421704711c4fd3c71f0b2ed715a0e61d49e3e26f3a2637fee755795849c8e'
