# Managed by azldev component update. Do not edit manually.
version = 1
import-commit = '490d882265070e16052203bd18fe8c19dc6c6e3b'
upstream-commit = '490d882265070e16052203bd18fe8c19dc6c6e3b'
input-fingerprint = 'sha256:be8f6f4f02b877c41f2e75704a60769e3223a0026f41acfc876504c4d47985ea'
resolution-input-hash = 'sha256:466421704711c4fd3c71f0b2ed715a0e61d49e3e26f3a2637fee755795849c8e'
