# Managed by azldev component update. Do not edit manually.
version = 1
import-commit = '8962164b57736bcf0639f34fae1d115c30de015f'
upstream-commit = '8962164b57736bcf0639f34fae1d115c30de015f'
input-fingerprint = 'sha256:6f51cabbe347e2c8f182891b64470b2c51aa32f138c9eb17d8a44ea1877c12e5'
resolution-input-hash = 'sha256:466421704711c4fd3c71f0b2ed715a0e61d49e3e26f3a2637fee755795849c8e'
