# Managed by azldev component update. Do not edit manually.
version = 1
import-commit = '96c0d7e19b24858110c82f198000706167aa1843'
upstream-commit = '96c0d7e19b24858110c82f198000706167aa1843'
input-fingerprint = 'sha256:0b5220f1e6d27a585082d6326fdcb0374e8a721c2929dae9d253b76382f0863c'
resolution-input-hash = 'sha256:466421704711c4fd3c71f0b2ed715a0e61d49e3e26f3a2637fee755795849c8e'
