# Managed by azldev component update. Do not edit manually.
version = 1
import-commit = '86b5205d1073714207c80339a5a2e2e23e965811'
upstream-commit = '86b5205d1073714207c80339a5a2e2e23e965811'
input-fingerprint = 'sha256:c4c2a5a3f7a7c09bea8f19abf0671cd76d9da0b9207632790ba0d268d2c0215e'
resolution-input-hash = 'sha256:466421704711c4fd3c71f0b2ed715a0e61d49e3e26f3a2637fee755795849c8e'
