# Managed by azldev component update. Do not edit manually.
version = 1
import-commit = '416eb497aae47c02674a10011cb280c937e64777'
upstream-commit = '416eb497aae47c02674a10011cb280c937e64777'
input-fingerprint = 'sha256:cc9c50883bdde8cd22dabe0fff7cb45e44c98c7435501e2d18dcfb60a387a3d5'
resolution-input-hash = 'sha256:466421704711c4fd3c71f0b2ed715a0e61d49e3e26f3a2637fee755795849c8e'
