# Managed by azldev component update. Do not edit manually.
version = 1
import-commit = 'b24b5d87372cc3eb3f9c0a210defa9ec6e8de29b'
upstream-commit = 'b24b5d87372cc3eb3f9c0a210defa9ec6e8de29b'
input-fingerprint = 'sha256:4826990120bf4a48d142a944b79b007c00c7c8de59b8762d2ef412f14b1c5cc8'
resolution-input-hash = 'sha256:466421704711c4fd3c71f0b2ed715a0e61d49e3e26f3a2637fee755795849c8e'
