# Managed by azldev component update. Do not edit manually.
version = 1
import-commit = '28753b7c439fcb82793dd50c67b4b65d4b386ddf'
upstream-commit = '28753b7c439fcb82793dd50c67b4b65d4b386ddf'
input-fingerprint = 'sha256:5795f8d046e8409e3f5774659b6d05e56e67710d144ecccff88f36b165c880f2'
resolution-input-hash = 'sha256:466421704711c4fd3c71f0b2ed715a0e61d49e3e26f3a2637fee755795849c8e'
