# Managed by azldev component update. Do not edit manually.
version = 1
import-commit = 'be2d4e00c2d051455b4f566ecb0e4b2b7deadc33'
upstream-commit = 'be2d4e00c2d051455b4f566ecb0e4b2b7deadc33'
input-fingerprint = 'sha256:2535b09b1ae33670330abcf8d5e493f5a8059ef54898385939b1dfb8c8425966'
resolution-input-hash = 'sha256:466421704711c4fd3c71f0b2ed715a0e61d49e3e26f3a2637fee755795849c8e'
