# Managed by azldev component update. Do not edit manually.
version = 1
import-commit = 'b74c424bdc63d10b7489a5a53c68d916512f54e5'
upstream-commit = 'b74c424bdc63d10b7489a5a53c68d916512f54e5'
input-fingerprint = 'sha256:05553d458477f71c4d468a2eb396501330675ffe9a213c2885e4892722c2e5fc'
resolution-input-hash = 'sha256:466421704711c4fd3c71f0b2ed715a0e61d49e3e26f3a2637fee755795849c8e'
