# Managed by azldev component update. Do not edit manually.
version = 1
import-commit = '6900ee5cac0b4d57d73afcd644ca5188cf9f8a4a'
upstream-commit = '6900ee5cac0b4d57d73afcd644ca5188cf9f8a4a'
input-fingerprint = 'sha256:9a98a2c906e34fc362a23c9d5164c224f791fcb30d6d7899612b3378dabb7294'
resolution-input-hash = 'sha256:466421704711c4fd3c71f0b2ed715a0e61d49e3e26f3a2637fee755795849c8e'
