# Managed by azldev component update. Do not edit manually.
version = 1
import-commit = '78015a3187ed9ec443a0b1c4c0e3a4ebd8f6cedb'
upstream-commit = '78015a3187ed9ec443a0b1c4c0e3a4ebd8f6cedb'
input-fingerprint = 'sha256:b700b51070a553e45b21051b6b1e8deea8f2f25cf7e11d760a2c503f1e17d8d8'
resolution-input-hash = 'sha256:466421704711c4fd3c71f0b2ed715a0e61d49e3e26f3a2637fee755795849c8e'
