# Managed by azldev component update. Do not edit manually.
version = 1
import-commit = '6157f8c21dea9c2efca5a68cc060479632cd8361'
upstream-commit = '6157f8c21dea9c2efca5a68cc060479632cd8361'
input-fingerprint = 'sha256:80ad4ba5fda4f3b2e6136fadf64c2a7d3c2c8145739074d08e0d06e7b1ffbc23'
resolution-input-hash = 'sha256:466421704711c4fd3c71f0b2ed715a0e61d49e3e26f3a2637fee755795849c8e'
