# Managed by azldev component update. Do not edit manually.
version = 1
import-commit = '108acf14e8118edec51d8d9fd3974bccc59105ef'
upstream-commit = '108acf14e8118edec51d8d9fd3974bccc59105ef'
input-fingerprint = 'sha256:2d55980e67f8a62bed9299daea2693c69fedeaaa9b1f5aae09425fe5cf67f2b7'
resolution-input-hash = 'sha256:466421704711c4fd3c71f0b2ed715a0e61d49e3e26f3a2637fee755795849c8e'
