# Managed by azldev component update. Do not edit manually.
version = 1
import-commit = '2a30f118f8288fdb68e7cc535957acf0fe3ce721'
upstream-commit = '2a30f118f8288fdb68e7cc535957acf0fe3ce721'
input-fingerprint = 'sha256:7129e1597ec9accd61c198854b093fe02aa6f1fa75f7e74e04559bc6a2313b58'
resolution-input-hash = 'sha256:466421704711c4fd3c71f0b2ed715a0e61d49e3e26f3a2637fee755795849c8e'
