# Managed by azldev component update. Do not edit manually.
version = 1
import-commit = 'acf05a289580a7bb63c16630e8b881fdfe193c01'
upstream-commit = 'acf05a289580a7bb63c16630e8b881fdfe193c01'
input-fingerprint = 'sha256:43462a76e645f5bebbb193b44c74d3ebd50bbf4a4d0539d6ea1926d0073156ed'
resolution-input-hash = 'sha256:466421704711c4fd3c71f0b2ed715a0e61d49e3e26f3a2637fee755795849c8e'
