# Managed by azldev component update. Do not edit manually.
version = 1
import-commit = '674e3d40bdadbcaef51b1c5b2183755e966c8044'
upstream-commit = '674e3d40bdadbcaef51b1c5b2183755e966c8044'
input-fingerprint = 'sha256:3fa47453baa4eaae84c41423d673bc04ac4088f25786f97cbe012ead4de068dd'
resolution-input-hash = 'sha256:466421704711c4fd3c71f0b2ed715a0e61d49e3e26f3a2637fee755795849c8e'
