# Managed by azldev component update. Do not edit manually.
version = 1
import-commit = 'e2fdbd7b39e2f406d1a56428528e1c6fd06edf95'
upstream-commit = 'e2fdbd7b39e2f406d1a56428528e1c6fd06edf95'
input-fingerprint = 'sha256:5df5a72c45e0c4aedc884482f4d72dd20588baf0cdf5ef6c9ee4cd799bf958f3'
resolution-input-hash = 'sha256:466421704711c4fd3c71f0b2ed715a0e61d49e3e26f3a2637fee755795849c8e'
