# Managed by azldev component update. Do not edit manually.
version = 1
import-commit = '2060b3839f29951907da15c831cd042f9cea8906'
upstream-commit = '2060b3839f29951907da15c831cd042f9cea8906'
input-fingerprint = 'sha256:b3253ec0cbedef8f2cfb6ce5d38d6cdee5b3eaccbaa6c9281b090a05fa1e9d40'
resolution-input-hash = 'sha256:466421704711c4fd3c71f0b2ed715a0e61d49e3e26f3a2637fee755795849c8e'
