# Managed by azldev component update. Do not edit manually.
version = 1
import-commit = 'd119edfaa21d64b4708e1c8fc34a525c86e8f2b1'
upstream-commit = 'd119edfaa21d64b4708e1c8fc34a525c86e8f2b1'
input-fingerprint = 'sha256:98f1eb17021227559f3986f18c6c81ef6b99249f01f07e854451e132170f2e64'
resolution-input-hash = 'sha256:466421704711c4fd3c71f0b2ed715a0e61d49e3e26f3a2637fee755795849c8e'
