# Managed by azldev component update. Do not edit manually.
version = 1
import-commit = '4fe23b0c06c7a5f1ff9ded3d92351fef7f44f058'
upstream-commit = '4fe23b0c06c7a5f1ff9ded3d92351fef7f44f058'
input-fingerprint = 'sha256:01cc7a769947032ddf26cc92285341260443c3cd8a0c2c804d2daa239162696a'
resolution-input-hash = 'sha256:466421704711c4fd3c71f0b2ed715a0e61d49e3e26f3a2637fee755795849c8e'
