# Managed by azldev component update. Do not edit manually.
version = 1
import-commit = '43f20828847b5342abed9c0231728a1d999e3d51'
upstream-commit = '43f20828847b5342abed9c0231728a1d999e3d51'
input-fingerprint = 'sha256:cdd9a10822733be53a2fc3fcb517c9eff877efd545d52cae3204314e89856e7b'
resolution-input-hash = 'sha256:466421704711c4fd3c71f0b2ed715a0e61d49e3e26f3a2637fee755795849c8e'
