# Managed by azldev component update. Do not edit manually.
version = 1
import-commit = '2c9ad56d9c28e8477127c27067e74983783b7094'
upstream-commit = '2c9ad56d9c28e8477127c27067e74983783b7094'
input-fingerprint = 'sha256:ec7be4778e7bc8ff87c60b4b254aae5415166eb1136d5d117db43d7857382729'
resolution-input-hash = 'sha256:466421704711c4fd3c71f0b2ed715a0e61d49e3e26f3a2637fee755795849c8e'
