# Managed by azldev component update. Do not edit manually.
version = 1
import-commit = 'cb12e95731212ee9649bbb49fd8d7f79be842d5c'
upstream-commit = 'cb12e95731212ee9649bbb49fd8d7f79be842d5c'
input-fingerprint = 'sha256:a382895c7041bc318e385cdb0842e23b4006bb7a3b0769d82fe52533a0f18b0f'
resolution-input-hash = 'sha256:466421704711c4fd3c71f0b2ed715a0e61d49e3e26f3a2637fee755795849c8e'
