# Managed by azldev component update. Do not edit manually.
version = 1
import-commit = '75aa23bcc337f93955369bae2c2ad24be670ac44'
upstream-commit = '75aa23bcc337f93955369bae2c2ad24be670ac44'
input-fingerprint = 'sha256:37024e628a296eb87ff45647b9cc13be18de12b7610f96b9ebcd150488191a33'
resolution-input-hash = 'sha256:466421704711c4fd3c71f0b2ed715a0e61d49e3e26f3a2637fee755795849c8e'
