# Managed by azldev component update. Do not edit manually.
version = 1
import-commit = '9b46a4db761993c457f788397908c4a1ce0c3214'
upstream-commit = '9b46a4db761993c457f788397908c4a1ce0c3214'
input-fingerprint = 'sha256:5893a95b3d274539880c71130289ca76eef43f769afe54e1b10c26577a0b85d1'
resolution-input-hash = 'sha256:466421704711c4fd3c71f0b2ed715a0e61d49e3e26f3a2637fee755795849c8e'
