# Managed by azldev component update. Do not edit manually.
version = 1
import-commit = 'ad156b361dc194781d7f7a6ac909b387bd298ed8'
upstream-commit = 'ad156b361dc194781d7f7a6ac909b387bd298ed8'
input-fingerprint = 'sha256:9d66f4d35ad6216b46b44113c22bdd8e802c75fbfc701bc8a99f4d807ab11aa8'
resolution-input-hash = 'sha256:466421704711c4fd3c71f0b2ed715a0e61d49e3e26f3a2637fee755795849c8e'
