# Managed by azldev component update. Do not edit manually.
version = 1
import-commit = 'a01b41d85ef593a1ac5e70395170f97017475499'
upstream-commit = 'a01b41d85ef593a1ac5e70395170f97017475499'
input-fingerprint = 'sha256:3f9a3854ea8ad67947cb33feb1674621146ee0aebe36042b9903448445368e63'
resolution-input-hash = 'sha256:466421704711c4fd3c71f0b2ed715a0e61d49e3e26f3a2637fee755795849c8e'
