# Managed by azldev component update. Do not edit manually.
version = 1
import-commit = '4dbc92c7a73a3e2f152cc58ea0b3e2988431162a'
upstream-commit = '4dbc92c7a73a3e2f152cc58ea0b3e2988431162a'
input-fingerprint = 'sha256:e7503d16973d234d9e122e7d73fa8c741aa20c7bc8277eefbf0bd784447e5d9f'
resolution-input-hash = 'sha256:466421704711c4fd3c71f0b2ed715a0e61d49e3e26f3a2637fee755795849c8e'
