# Managed by azldev component update. Do not edit manually.
version = 1
import-commit = '0d1a67d32474df1248a5fa1eda9a9ff4dbb45433'
upstream-commit = '0d1a67d32474df1248a5fa1eda9a9ff4dbb45433'
input-fingerprint = 'sha256:4985d1a2e9d33e49812eda0bde30dd832ab82ce8c5b8995fbd1b23fb354f5712'
resolution-input-hash = 'sha256:466421704711c4fd3c71f0b2ed715a0e61d49e3e26f3a2637fee755795849c8e'
