# Managed by azldev component update. Do not edit manually.
version = 1
import-commit = '435832383a59ce913780f3afae51fe78bd6f9b0b'
upstream-commit = '435832383a59ce913780f3afae51fe78bd6f9b0b'
input-fingerprint = 'sha256:e72b313546f50671a5495e18ca724449c2e98ea6fcd49be5e4c678434cb0901b'
resolution-input-hash = 'sha256:466421704711c4fd3c71f0b2ed715a0e61d49e3e26f3a2637fee755795849c8e'
