# Managed by azldev component update. Do not edit manually.
version = 1
import-commit = '2fbbfbe02784beb15b07cb23b91bc063587c43c3'
upstream-commit = '2fbbfbe02784beb15b07cb23b91bc063587c43c3'
input-fingerprint = 'sha256:208c9fc8c52664114eaee7ea6f353836cfff485a3562c61c687bd0cccace327e'
resolution-input-hash = 'sha256:466421704711c4fd3c71f0b2ed715a0e61d49e3e26f3a2637fee755795849c8e'
