# Managed by azldev component update. Do not edit manually.
version = 1
import-commit = '300073d301ec06bafd106f45c1df405daae7e944'
upstream-commit = '300073d301ec06bafd106f45c1df405daae7e944'
input-fingerprint = 'sha256:27376ec3158ac069d05f731cb525aae6834dd19b95ddb5c26307fe53d72759ec'
resolution-input-hash = 'sha256:466421704711c4fd3c71f0b2ed715a0e61d49e3e26f3a2637fee755795849c8e'
