# Managed by azldev component update. Do not edit manually.
version = 1
import-commit = '93effe60ca5f462e691439539f3f6bf26c9de2d7'
upstream-commit = '93effe60ca5f462e691439539f3f6bf26c9de2d7'
input-fingerprint = 'sha256:04e605e38e8ece131345178b68b145e38e87accc2865f41c99ac0c1a61a6f970'
resolution-input-hash = 'sha256:466421704711c4fd3c71f0b2ed715a0e61d49e3e26f3a2637fee755795849c8e'
