# Managed by azldev component update. Do not edit manually.
version = 1
import-commit = 'de12bdabe7be120fbd3623f96dc094c6ad28682a'
upstream-commit = 'de12bdabe7be120fbd3623f96dc094c6ad28682a'
input-fingerprint = 'sha256:2b2455c1ac35f8f84081c2861802c2a640b4b85fd3dabc8638aca0213dbee957'
resolution-input-hash = 'sha256:466421704711c4fd3c71f0b2ed715a0e61d49e3e26f3a2637fee755795849c8e'
