# Managed by azldev component update. Do not edit manually.
version = 1
import-commit = '332209945a6fc10e2965640bc62036fa8db6da6f'
upstream-commit = '332209945a6fc10e2965640bc62036fa8db6da6f'
input-fingerprint = 'sha256:466fe9c5703be4e15f04d82561bcd1813837a0036aa868cbd389954dd600c542'
resolution-input-hash = 'sha256:466421704711c4fd3c71f0b2ed715a0e61d49e3e26f3a2637fee755795849c8e'
