# Managed by azldev component update. Do not edit manually.
version = 1
import-commit = 'e9a3f54d415f02b6573bfb066012c754e7018750'
upstream-commit = 'e9a3f54d415f02b6573bfb066012c754e7018750'
input-fingerprint = 'sha256:8559444e4934a5a3e94b33f8742b744c7f717a4c82d91ce9c188a19d3759dbd3'
resolution-input-hash = 'sha256:466421704711c4fd3c71f0b2ed715a0e61d49e3e26f3a2637fee755795849c8e'
