# Managed by azldev component update. Do not edit manually.
version = 1
import-commit = 'd56340f00847c659a5244ebdd7914cb4693d90e1'
upstream-commit = 'd56340f00847c659a5244ebdd7914cb4693d90e1'
input-fingerprint = 'sha256:ffb1bac34e471756a606c7e163c52960f8052f03ed6801e3e8b93618e80522f4'
resolution-input-hash = 'sha256:466421704711c4fd3c71f0b2ed715a0e61d49e3e26f3a2637fee755795849c8e'
