# Managed by azldev component update. Do not edit manually.
version = 1
import-commit = 'a9d8656142f61288f4393992fa2212c5b758d31e'
upstream-commit = 'a9d8656142f61288f4393992fa2212c5b758d31e'
input-fingerprint = 'sha256:e6e1eb6946626bc49a293ffdd38291c111eab86658f7b890f57f8f8b0dedb3f0'
resolution-input-hash = 'sha256:466421704711c4fd3c71f0b2ed715a0e61d49e3e26f3a2637fee755795849c8e'
