# Managed by azldev component update. Do not edit manually.
version = 1
import-commit = '363f4a61844fa7221000c8a9db930bf7717c7960'
upstream-commit = '363f4a61844fa7221000c8a9db930bf7717c7960'
input-fingerprint = 'sha256:6d4a19f09ca785e50e3fa65742ba63c32399389120d690cebd50b2c8d0e2fa44'
resolution-input-hash = 'sha256:466421704711c4fd3c71f0b2ed715a0e61d49e3e26f3a2637fee755795849c8e'
