# Managed by azldev component update. Do not edit manually.
version = 1
import-commit = '633ba39e315cb2b373c7d282fe933897e16efc11'
upstream-commit = '633ba39e315cb2b373c7d282fe933897e16efc11'
input-fingerprint = 'sha256:3278ee1a092da7e469df30962c02a8df740450b607f3c86c2ee7c879f6e51a18'
resolution-input-hash = 'sha256:466421704711c4fd3c71f0b2ed715a0e61d49e3e26f3a2637fee755795849c8e'
