# Managed by azldev component update. Do not edit manually.
version = 1
import-commit = 'dfd45372e48abad6bdccb315db920b2046ddaabf'
upstream-commit = 'dfd45372e48abad6bdccb315db920b2046ddaabf'
input-fingerprint = 'sha256:c65db1026c2337512a856489a73dccaeb1ab5dd96b1f8ef1de23ba491dcdf3a7'
resolution-input-hash = 'sha256:466421704711c4fd3c71f0b2ed715a0e61d49e3e26f3a2637fee755795849c8e'
