# Managed by azldev component update. Do not edit manually.
version = 1
import-commit = '4a3484db845012b9d05209b81cb1f609d4370775'
upstream-commit = '4a3484db845012b9d05209b81cb1f609d4370775'
input-fingerprint = 'sha256:fb26337dc3bb36704d4988522e6ad0771888ada4ca7f80fa3c8638482e75142e'
resolution-input-hash = 'sha256:466421704711c4fd3c71f0b2ed715a0e61d49e3e26f3a2637fee755795849c8e'
