# Managed by azldev component update. Do not edit manually.
version = 1
import-commit = '2af1d00a7f0f453b1efed38f3116cdda3965e9c6'
upstream-commit = '2af1d00a7f0f453b1efed38f3116cdda3965e9c6'
input-fingerprint = 'sha256:5279c5c6ab1281d18b0c5c4df7e2781ec647efd6d6e2b01143fcd369add143b0'
resolution-input-hash = 'sha256:466421704711c4fd3c71f0b2ed715a0e61d49e3e26f3a2637fee755795849c8e'
