# Managed by azldev component update. Do not edit manually.
version = 1
import-commit = 'd1cacbc073b55382baeae714e7eaad6f1d32cddd'
upstream-commit = 'd1cacbc073b55382baeae714e7eaad6f1d32cddd'
input-fingerprint = 'sha256:fec183df5d51fd016064373cd553ca8da4feb6e94cb639833d408f917e8be3ec'
resolution-input-hash = 'sha256:466421704711c4fd3c71f0b2ed715a0e61d49e3e26f3a2637fee755795849c8e'
