# Managed by azldev component update. Do not edit manually.
version = 1
import-commit = '32a29a0998b8fcb0d8b40f696357c804359e812d'
upstream-commit = '32a29a0998b8fcb0d8b40f696357c804359e812d'
input-fingerprint = 'sha256:3f0179e1f10273706cd96cf150a5c81ad53eb7900cc0568db58bea63549a16a7'
resolution-input-hash = 'sha256:466421704711c4fd3c71f0b2ed715a0e61d49e3e26f3a2637fee755795849c8e'
