# Managed by azldev component update. Do not edit manually.
version = 1
import-commit = 'efcafb9333e87560c02187c4c47a9f5e7430ddad'
upstream-commit = 'efcafb9333e87560c02187c4c47a9f5e7430ddad'
input-fingerprint = 'sha256:978ff3eab2277da3b1846ee1a462d0778539454be748ddfcd5f3c7cfef3b5d1d'
resolution-input-hash = 'sha256:466421704711c4fd3c71f0b2ed715a0e61d49e3e26f3a2637fee755795849c8e'
