# Managed by azldev component update. Do not edit manually.
version = 1
import-commit = '50d5d1fc0122cf017c44f3275ee02cda41da3925'
upstream-commit = '50d5d1fc0122cf017c44f3275ee02cda41da3925'
input-fingerprint = 'sha256:26f83352c455cd992154ac32a98009f3baa2eb59171290ddcf101af2020d0e99'
resolution-input-hash = 'sha256:466421704711c4fd3c71f0b2ed715a0e61d49e3e26f3a2637fee755795849c8e'
