# Managed by azldev component update. Do not edit manually.
version = 1
import-commit = 'f1ebbf77d70a74654e38e7a8b08c5cbfb6da08b8'
upstream-commit = 'f1ebbf77d70a74654e38e7a8b08c5cbfb6da08b8'
input-fingerprint = 'sha256:adebf1cc3a56917e599a4704c424a2eebc9f98d1c817a499a9e89ab3d8fb62a3'
resolution-input-hash = 'sha256:466421704711c4fd3c71f0b2ed715a0e61d49e3e26f3a2637fee755795849c8e'
