# Managed by azldev component update. Do not edit manually.
version = 1
import-commit = '73ff31265b2f91c352e350f79e20d613635bdb59'
upstream-commit = '73ff31265b2f91c352e350f79e20d613635bdb59'
input-fingerprint = 'sha256:e3547eb31731cba9939fbc3439f4bfe7880e71b9cd28203cd8b17259e7e87c54'
resolution-input-hash = 'sha256:466421704711c4fd3c71f0b2ed715a0e61d49e3e26f3a2637fee755795849c8e'
