# Managed by azldev component update. Do not edit manually.
version = 1
import-commit = '40ba11ce499e221c12b0b2b9baa3017eb258ea8b'
upstream-commit = '40ba11ce499e221c12b0b2b9baa3017eb258ea8b'
input-fingerprint = 'sha256:8df2ef45d208416e5c95752c8b0f2058bee8e6e03d15e0ff55f62a3675412864'
resolution-input-hash = 'sha256:466421704711c4fd3c71f0b2ed715a0e61d49e3e26f3a2637fee755795849c8e'
