# Managed by azldev component update. Do not edit manually.
version = 1
import-commit = '98719bc1ee8f1036b7fa3fe2015597fef37fc49a'
upstream-commit = '98719bc1ee8f1036b7fa3fe2015597fef37fc49a'
input-fingerprint = 'sha256:8cc61158477dd667cd6b27dcb116be8aee412c6c6c31bc290b39c9872ee9b2a3'
resolution-input-hash = 'sha256:466421704711c4fd3c71f0b2ed715a0e61d49e3e26f3a2637fee755795849c8e'
