# Managed by azldev component update. Do not edit manually.
version = 1
import-commit = 'c392a5b9a319a62bd28ece6165c9d08ddd0e402a'
upstream-commit = 'c392a5b9a319a62bd28ece6165c9d08ddd0e402a'
input-fingerprint = 'sha256:309f8f0b33a3b670b458dcf094b6304c38242988cc24b7563a984b971bf62a1f'
resolution-input-hash = 'sha256:466421704711c4fd3c71f0b2ed715a0e61d49e3e26f3a2637fee755795849c8e'
