# Managed by azldev component update. Do not edit manually.
version = 1
import-commit = '2101e9833546508a3cfadbec79f0af5733baf621'
upstream-commit = '2101e9833546508a3cfadbec79f0af5733baf621'
input-fingerprint = 'sha256:1faf71a7f2fe14a1c2fed8e9352b9779e3b2c05bd4cd619970d27e0ff83cac8d'
resolution-input-hash = 'sha256:466421704711c4fd3c71f0b2ed715a0e61d49e3e26f3a2637fee755795849c8e'
