# Managed by azldev component update. Do not edit manually.
version = 1
import-commit = '0e5d28335df1e761eb630600755486b2972710b0'
upstream-commit = '0e5d28335df1e761eb630600755486b2972710b0'
input-fingerprint = 'sha256:65a34820d50b1b89c85955a356bbae29c5416cae619fa7467ffaf53c73f4684c'
resolution-input-hash = 'sha256:466421704711c4fd3c71f0b2ed715a0e61d49e3e26f3a2637fee755795849c8e'
