# Managed by azldev component update. Do not edit manually.
version = 1
import-commit = 'b4d0a0c63f8d2315b5208a604a455510fe0cc774'
upstream-commit = 'b4d0a0c63f8d2315b5208a604a455510fe0cc774'
input-fingerprint = 'sha256:adc94f4cd1cf0cb7e8ac00c645ef5a7aac3755feeb536c4dfdbc4d779439fa6c'
resolution-input-hash = 'sha256:466421704711c4fd3c71f0b2ed715a0e61d49e3e26f3a2637fee755795849c8e'
