# Managed by azldev component update. Do not edit manually.
version = 1
import-commit = '39c21ca20fe678ea30ee4047c6142704b49b9545'
upstream-commit = '39c21ca20fe678ea30ee4047c6142704b49b9545'
input-fingerprint = 'sha256:de3df09ba895e62876f4697d4e49296412b9933fd1f27a33fb6d73927c0a3cdd'
resolution-input-hash = 'sha256:466421704711c4fd3c71f0b2ed715a0e61d49e3e26f3a2637fee755795849c8e'
