# Managed by azldev component update. Do not edit manually.
version = 1
import-commit = 'ef722e974c197cff444f33d9d725d9e2a3e7dbac'
upstream-commit = 'ef722e974c197cff444f33d9d725d9e2a3e7dbac'
input-fingerprint = 'sha256:fe790aa54cdfcf288b84e3d16e3171f1d3f9e9271f137dc9f8f6907454bc6b00'
resolution-input-hash = 'sha256:466421704711c4fd3c71f0b2ed715a0e61d49e3e26f3a2637fee755795849c8e'
