# Managed by azldev component update. Do not edit manually.
version = 1
import-commit = '6ca05bd03fea22c0e7843e19ae3f5ab1a94ec0c0'
upstream-commit = '6ca05bd03fea22c0e7843e19ae3f5ab1a94ec0c0'
input-fingerprint = 'sha256:d07b931b63811f927f752b8b2b7ff06432dc1043e99cb77deae602a9d3f22b21'
resolution-input-hash = 'sha256:466421704711c4fd3c71f0b2ed715a0e61d49e3e26f3a2637fee755795849c8e'
