# Managed by azldev component update. Do not edit manually.
version = 1
import-commit = 'cdd93c383908eaedb5c155b6761a474729d1b301'
upstream-commit = 'cdd93c383908eaedb5c155b6761a474729d1b301'
input-fingerprint = 'sha256:6e462f522007ff27e861c40f4635a263169bb6251ac09634b73338b4496106bc'
resolution-input-hash = 'sha256:466421704711c4fd3c71f0b2ed715a0e61d49e3e26f3a2637fee755795849c8e'
