# Managed by azldev component update. Do not edit manually.
version = 1
import-commit = '090957efcb4b42f3fa1539913bbf83deee868756'
upstream-commit = '090957efcb4b42f3fa1539913bbf83deee868756'
input-fingerprint = 'sha256:3054eff54e838bc0fcfbee3f128363bd2bb02054483976cbddecfe04dd22cfe3'
resolution-input-hash = 'sha256:466421704711c4fd3c71f0b2ed715a0e61d49e3e26f3a2637fee755795849c8e'
