# Managed by azldev component update. Do not edit manually.
version = 1
import-commit = '005ccfc58c28f1dbe56cc705fddc8bdda013e6af'
upstream-commit = '005ccfc58c28f1dbe56cc705fddc8bdda013e6af'
input-fingerprint = 'sha256:85892a3fb89d1bfbae7169192c3731203b449f24193a74de285f93f66b5c5cdd'
resolution-input-hash = 'sha256:466421704711c4fd3c71f0b2ed715a0e61d49e3e26f3a2637fee755795849c8e'
