# Managed by azldev component update. Do not edit manually.
version = 1
import-commit = '7e8d1d96ec95c49ade0c14ac0ad5fa214e6d6cbb'
upstream-commit = '7e8d1d96ec95c49ade0c14ac0ad5fa214e6d6cbb'
input-fingerprint = 'sha256:412b766e67c3de35335a4d5fc094f39740551e184ea4df944a47c162e6544f73'
resolution-input-hash = 'sha256:466421704711c4fd3c71f0b2ed715a0e61d49e3e26f3a2637fee755795849c8e'
