# Managed by azldev component update. Do not edit manually.
version = 1
import-commit = '1d8c0f2be5e06b1c0493bfaf6a6d2be4cb754193'
upstream-commit = '1d8c0f2be5e06b1c0493bfaf6a6d2be4cb754193'
input-fingerprint = 'sha256:446d241304bc1a68359a6071df3e7d8598babf34440aa84322d40b482024a1bb'
resolution-input-hash = 'sha256:466421704711c4fd3c71f0b2ed715a0e61d49e3e26f3a2637fee755795849c8e'
