# Managed by azldev component update. Do not edit manually.
version = 1
import-commit = '0c91a4acfe4adc0e203672d59dddda3205b75a49'
upstream-commit = '0c91a4acfe4adc0e203672d59dddda3205b75a49'
input-fingerprint = 'sha256:48fcb1dab339c149259bcdb384013bf5d46486e20f37c0bb1fb70c5564a55077'
resolution-input-hash = 'sha256:466421704711c4fd3c71f0b2ed715a0e61d49e3e26f3a2637fee755795849c8e'
