# Managed by azldev component update. Do not edit manually.
version = 1
import-commit = '624d2cfbd8b4745c1b7c0968d106453ed7543533'
upstream-commit = '624d2cfbd8b4745c1b7c0968d106453ed7543533'
input-fingerprint = 'sha256:b2e3fa2ee06210b2c195f3cfada0dfcc3d42a3bc782758fee570a09f3e2a17df'
resolution-input-hash = 'sha256:466421704711c4fd3c71f0b2ed715a0e61d49e3e26f3a2637fee755795849c8e'
