# Managed by azldev component update. Do not edit manually.
version = 1
import-commit = 'fdb3b7c9cff2b305dbf4dbb31790d5f16f8cf096'
upstream-commit = 'fdb3b7c9cff2b305dbf4dbb31790d5f16f8cf096'
input-fingerprint = 'sha256:c2249efbeb062fa94de5ea90acc58c52ebe44d9cfc977b44c10d8ae97ac2a7ab'
resolution-input-hash = 'sha256:466421704711c4fd3c71f0b2ed715a0e61d49e3e26f3a2637fee755795849c8e'
