# Managed by azldev component update. Do not edit manually.
version = 1
import-commit = 'bf6091d3f94f876a62ad0fba6c54b08b96573be0'
upstream-commit = 'bf6091d3f94f876a62ad0fba6c54b08b96573be0'
input-fingerprint = 'sha256:3a1619d02df2720638408a7fc8a6186f0a9b2b809d3ac943b2237b9f9967de33'
resolution-input-hash = 'sha256:466421704711c4fd3c71f0b2ed715a0e61d49e3e26f3a2637fee755795849c8e'
