# Managed by azldev component update. Do not edit manually.
version = 1
import-commit = '0810d07948fbe4398d136a4744c6cba5b32d55f2'
upstream-commit = '0810d07948fbe4398d136a4744c6cba5b32d55f2'
input-fingerprint = 'sha256:35e457149b7a92acfadd915f3af4343b9665c1fd4add68ce1caa8e4e113b7007'
resolution-input-hash = 'sha256:466421704711c4fd3c71f0b2ed715a0e61d49e3e26f3a2637fee755795849c8e'
