# Managed by azldev component update. Do not edit manually.
version = 1
import-commit = 'e684df09eae2e602ffdf5bd65850e422393e4e04'
upstream-commit = 'e684df09eae2e602ffdf5bd65850e422393e4e04'
input-fingerprint = 'sha256:658488f507a46f9adf0cf407d4e942fc21d14d8849a65e47fae53e572bab3c4f'
resolution-input-hash = 'sha256:466421704711c4fd3c71f0b2ed715a0e61d49e3e26f3a2637fee755795849c8e'
