# Managed by azldev component update. Do not edit manually.
version = 1
import-commit = '05654b0c7f3d9751f6a67b09e2cb5386cf27e762'
upstream-commit = '05654b0c7f3d9751f6a67b09e2cb5386cf27e762'
input-fingerprint = 'sha256:24352c89fe78da19016fa9909b77b4e1f7e6dcd47b70bbf2c719ef92d8b49d31'
resolution-input-hash = 'sha256:466421704711c4fd3c71f0b2ed715a0e61d49e3e26f3a2637fee755795849c8e'
