# Managed by azldev component update. Do not edit manually.
version = 1
import-commit = 'e2e20e4e5beee2de529ec71ed22beac0d883b88e'
upstream-commit = 'e2e20e4e5beee2de529ec71ed22beac0d883b88e'
input-fingerprint = 'sha256:f8cbfce3f77d792260c73fac1729741334313e2cbf50498f52ffd25b0742a6b6'
resolution-input-hash = 'sha256:466421704711c4fd3c71f0b2ed715a0e61d49e3e26f3a2637fee755795849c8e'
