# Managed by azldev component update. Do not edit manually.
version = 1
import-commit = 'b1b8ab521fe08fd5c14ed059769403ef22b7d21a'
upstream-commit = 'b1b8ab521fe08fd5c14ed059769403ef22b7d21a'
input-fingerprint = 'sha256:b28ee8cb8a23bcf905948b9ddadf82328a1c92603836a8adc012c4e48872c4cb'
resolution-input-hash = 'sha256:466421704711c4fd3c71f0b2ed715a0e61d49e3e26f3a2637fee755795849c8e'
