# Managed by azldev component update. Do not edit manually.
version = 1
import-commit = '2e7feea1678435224ab906402d17a98e464570b5'
upstream-commit = '2e7feea1678435224ab906402d17a98e464570b5'
input-fingerprint = 'sha256:5a5a7d9cc428b6e77337df5a88bef4a6eecc7ad531ef37a0b87dd06c5dfb65c1'
resolution-input-hash = 'sha256:466421704711c4fd3c71f0b2ed715a0e61d49e3e26f3a2637fee755795849c8e'
