# Managed by azldev component update. Do not edit manually.
version = 1
import-commit = 'd65b25513579e9486981682b52d4caeacfa448a8'
upstream-commit = 'd65b25513579e9486981682b52d4caeacfa448a8'
input-fingerprint = 'sha256:41c6108137afbfffdae6168ad21886c4e604371d0bd36db91cc9d4f8de2c5213'
resolution-input-hash = 'sha256:466421704711c4fd3c71f0b2ed715a0e61d49e3e26f3a2637fee755795849c8e'
