# Managed by azldev component update. Do not edit manually.
version = 1
import-commit = '3e70a31dc7ddd2b05f483d00c1b760587492a741'
upstream-commit = '3e70a31dc7ddd2b05f483d00c1b760587492a741'
input-fingerprint = 'sha256:b62c8626b7507ceec94d0a46f2c5777e0c1d3b11e427cc5680638ebb3c7cd4e8'
resolution-input-hash = 'sha256:466421704711c4fd3c71f0b2ed715a0e61d49e3e26f3a2637fee755795849c8e'
