# Managed by azldev component update. Do not edit manually.
version = 1
import-commit = '32037dfa02e28a1da47a3101aa2192130417cf31'
upstream-commit = '32037dfa02e28a1da47a3101aa2192130417cf31'
input-fingerprint = 'sha256:367dca38eb0993fd8c0e02d65b696c8b3304d6bf48306ef2b3b23e1c0e64a3e9'
resolution-input-hash = 'sha256:466421704711c4fd3c71f0b2ed715a0e61d49e3e26f3a2637fee755795849c8e'
