# Managed by azldev component update. Do not edit manually.
version = 1
import-commit = 'a89ee1a69cb1c7bac760bafe11c5e57e8911ec24'
upstream-commit = 'a89ee1a69cb1c7bac760bafe11c5e57e8911ec24'
input-fingerprint = 'sha256:cb57f9586d11024f3b504cf1c6644e42121e9ed24ec0bf0b99ad5506f9ff4c7d'
resolution-input-hash = 'sha256:466421704711c4fd3c71f0b2ed715a0e61d49e3e26f3a2637fee755795849c8e'
