# Managed by azldev component update. Do not edit manually.
version = 1
import-commit = '780a29d5978941b62d9e5259a96dcf4bafe5413e'
upstream-commit = '780a29d5978941b62d9e5259a96dcf4bafe5413e'
input-fingerprint = 'sha256:54abf89d0acc622d08569080de0a495e8a389d2ac082da60e1e8164c6e534ab7'
resolution-input-hash = 'sha256:466421704711c4fd3c71f0b2ed715a0e61d49e3e26f3a2637fee755795849c8e'
