# Managed by azldev component update. Do not edit manually.
version = 1
import-commit = '982bd94b0ce79f98653a7fd3f37801ce1bba9eb3'
upstream-commit = '982bd94b0ce79f98653a7fd3f37801ce1bba9eb3'
input-fingerprint = 'sha256:4b596ea6159c5f92070c8eca9b566190275085553f531beb2a5c5d788ef6058c'
resolution-input-hash = 'sha256:466421704711c4fd3c71f0b2ed715a0e61d49e3e26f3a2637fee755795849c8e'
