# Managed by azldev component update. Do not edit manually.
version = 1
import-commit = 'c982492dfe479fe56c69ddce67773cff0b499711'
upstream-commit = 'c982492dfe479fe56c69ddce67773cff0b499711'
input-fingerprint = 'sha256:d16ffe1db0b12401efcb586fee1b2f216923252bbc1caa8008a1765082fd166b'
resolution-input-hash = 'sha256:466421704711c4fd3c71f0b2ed715a0e61d49e3e26f3a2637fee755795849c8e'
