# Managed by azldev component update. Do not edit manually.
version = 1
import-commit = 'eff70278ee8003e74cbcfc8e05cdba27edd4f228'
upstream-commit = 'eff70278ee8003e74cbcfc8e05cdba27edd4f228'
input-fingerprint = 'sha256:b538cf693d38c4fa51354cf3f70dc452ff09d17c8a1836a997b414db845b7f7d'
resolution-input-hash = 'sha256:466421704711c4fd3c71f0b2ed715a0e61d49e3e26f3a2637fee755795849c8e'
