# Managed by azldev component update. Do not edit manually.
version = 1
import-commit = '7c33959207e2968ac46572c1818672718374c0b1'
upstream-commit = '7c33959207e2968ac46572c1818672718374c0b1'
input-fingerprint = 'sha256:bb886b15d8052b67c776c9320d3b1f6d678d409b2c5763c53867d35797580e79'
resolution-input-hash = 'sha256:466421704711c4fd3c71f0b2ed715a0e61d49e3e26f3a2637fee755795849c8e'
