# Managed by azldev component update. Do not edit manually.
version = 1
import-commit = 'e6b21c2bf00fbdea595b0a42b0a9793edb0907d1'
upstream-commit = 'e6b21c2bf00fbdea595b0a42b0a9793edb0907d1'
input-fingerprint = 'sha256:c450df46ef3dc6cdc6160877689f1194b71de981d0fae2b5da67c14dfec78e35'
resolution-input-hash = 'sha256:466421704711c4fd3c71f0b2ed715a0e61d49e3e26f3a2637fee755795849c8e'
