# Managed by azldev component update. Do not edit manually.
version = 1
import-commit = 'f43944cc73db6f9b303cb2eb1d289e7b9b4fb37d'
upstream-commit = 'f43944cc73db6f9b303cb2eb1d289e7b9b4fb37d'
input-fingerprint = 'sha256:098358d11befcaed03b7fcbfefb2d2e5ff8cccd5ae001f85721adf2d9ad69458'
resolution-input-hash = 'sha256:466421704711c4fd3c71f0b2ed715a0e61d49e3e26f3a2637fee755795849c8e'
