# Managed by azldev component update. Do not edit manually.
version = 1
import-commit = '73b8db5fe8682a25bd1b2ab9e6c6131f1c37463a'
upstream-commit = '73b8db5fe8682a25bd1b2ab9e6c6131f1c37463a'
input-fingerprint = 'sha256:7fdcc8e5f3b3b3b9b8e32bcb529cf2c185c23a88f101cfae2f8d1cbd82a201c4'
resolution-input-hash = 'sha256:466421704711c4fd3c71f0b2ed715a0e61d49e3e26f3a2637fee755795849c8e'
