# Managed by azldev component update. Do not edit manually.
version = 1
import-commit = '24c259352b0ac6f42fd70db3b024f0f0c00e057c'
upstream-commit = '24c259352b0ac6f42fd70db3b024f0f0c00e057c'
input-fingerprint = 'sha256:5c5837a1852eafb9d8ea0658003897d220d21d30fdef6188ba64edf26a6c79ce'
resolution-input-hash = 'sha256:466421704711c4fd3c71f0b2ed715a0e61d49e3e26f3a2637fee755795849c8e'
