# Managed by azldev component update. Do not edit manually.
version = 1
import-commit = '9e72d0eb1e253ce702f0893bd8e07ebc10777854'
upstream-commit = '9e72d0eb1e253ce702f0893bd8e07ebc10777854'
input-fingerprint = 'sha256:93f716569085f6df1d6ae203e201e5ae79447003c6d9467071acd1cf35118a8e'
resolution-input-hash = 'sha256:466421704711c4fd3c71f0b2ed715a0e61d49e3e26f3a2637fee755795849c8e'
