# Managed by azldev component update. Do not edit manually.
version = 1
import-commit = '1c3ceccb3f6d108eaab791170b9fad359764fdcd'
upstream-commit = '1c3ceccb3f6d108eaab791170b9fad359764fdcd'
input-fingerprint = 'sha256:d4d4289d957b064f4d6fc72fbeaaaa72e3283096315d95b50f65806e01d6115f'
resolution-input-hash = 'sha256:466421704711c4fd3c71f0b2ed715a0e61d49e3e26f3a2637fee755795849c8e'
