# Managed by azldev component update. Do not edit manually.
version = 1
import-commit = 'a08b1fa9fae1cc12d664d38425955adbe0c6c68f'
upstream-commit = 'a08b1fa9fae1cc12d664d38425955adbe0c6c68f'
input-fingerprint = 'sha256:acfdf056dfe6d2e5572387e7a84aa0c07fa9f14ba606f87389b7821488e74b73'
resolution-input-hash = 'sha256:466421704711c4fd3c71f0b2ed715a0e61d49e3e26f3a2637fee755795849c8e'
