# Managed by azldev component update. Do not edit manually.
version = 1
import-commit = '14e93fbde70748f7e830be55a40ccd59bdfbcdfb'
upstream-commit = '14e93fbde70748f7e830be55a40ccd59bdfbcdfb'
input-fingerprint = 'sha256:c21411671bb7ac6abd53e04f5a1b03e4340d3f8cd46acda95e7b03e58e8b3e7a'
resolution-input-hash = 'sha256:466421704711c4fd3c71f0b2ed715a0e61d49e3e26f3a2637fee755795849c8e'
