# Managed by azldev component update. Do not edit manually.
version = 1
import-commit = '81b298bf838297c32de6785a89d1c0714769680d'
upstream-commit = '81b298bf838297c32de6785a89d1c0714769680d'
input-fingerprint = 'sha256:8bb7c40564088e5ebfc5e24319a18de96010295c35c9db8d8b0a25e22b914bff'
resolution-input-hash = 'sha256:466421704711c4fd3c71f0b2ed715a0e61d49e3e26f3a2637fee755795849c8e'
