# Managed by azldev component update. Do not edit manually.
version = 1
import-commit = 'c98398ea6fe5886ac4e79c22814c523f5dac1c81'
upstream-commit = 'c98398ea6fe5886ac4e79c22814c523f5dac1c81'
input-fingerprint = 'sha256:60f6f61bd364fc1f2d859c0d4e88b3e32c8fbede1be935b0f010d48ae27b3677'
resolution-input-hash = 'sha256:466421704711c4fd3c71f0b2ed715a0e61d49e3e26f3a2637fee755795849c8e'
