# Managed by azldev component update. Do not edit manually.
version = 1
import-commit = '1fca602a8d04387ec582e52566a763732181052b'
upstream-commit = '1fca602a8d04387ec582e52566a763732181052b'
input-fingerprint = 'sha256:433710ca93019872c5e3e95c79266a41f5dc673203f3716dc1beda88f9e0bbf2'
resolution-input-hash = 'sha256:466421704711c4fd3c71f0b2ed715a0e61d49e3e26f3a2637fee755795849c8e'
