# Managed by azldev component update. Do not edit manually.
version = 1
import-commit = '93b8513ad00ece04290e98add5057a6287434acb'
upstream-commit = '93b8513ad00ece04290e98add5057a6287434acb'
input-fingerprint = 'sha256:d48b7d66834727f9d54b3cf24eb9fa10364b7bd3adfedfc7d1f2aab1deef3088'
resolution-input-hash = 'sha256:466421704711c4fd3c71f0b2ed715a0e61d49e3e26f3a2637fee755795849c8e'
