# Managed by azldev component update. Do not edit manually.
version = 1
import-commit = '9fa8cc9cd0197da74e584670ffc78625ee24c26b'
upstream-commit = '9fa8cc9cd0197da74e584670ffc78625ee24c26b'
input-fingerprint = 'sha256:09fc528beb4bca46137fa402359a4f78540a99a35ace74423250b00304051dfa'
resolution-input-hash = 'sha256:466421704711c4fd3c71f0b2ed715a0e61d49e3e26f3a2637fee755795849c8e'
