# Managed by azldev component update. Do not edit manually.
version = 1
import-commit = '086981061e14807d7abc6710362020e2042fb8bc'
upstream-commit = '086981061e14807d7abc6710362020e2042fb8bc'
input-fingerprint = 'sha256:3e706e05edde4a54983904c510386ab8aec268dd9df19b96842120f49b7df155'
resolution-input-hash = 'sha256:466421704711c4fd3c71f0b2ed715a0e61d49e3e26f3a2637fee755795849c8e'
