# Managed by azldev component update. Do not edit manually.
version = 1
import-commit = 'dacfaa08086b3b919265536247612562f9fab14e'
upstream-commit = 'dacfaa08086b3b919265536247612562f9fab14e'
input-fingerprint = 'sha256:c3870ffa1074360f86ceca23c68b34edf9ba683c0f9f57ecad151ee06655b535'
resolution-input-hash = 'sha256:466421704711c4fd3c71f0b2ed715a0e61d49e3e26f3a2637fee755795849c8e'
