# Managed by azldev component update. Do not edit manually.
version = 1
import-commit = '4b30e58ac44573bf8d12e95f1a7b1432574d788a'
upstream-commit = '4b30e58ac44573bf8d12e95f1a7b1432574d788a'
input-fingerprint = 'sha256:20c59e0f00be9fb7f532d1a9fedf7c8e7fb9940353bd6e332b5212fe5ce4b937'
resolution-input-hash = 'sha256:466421704711c4fd3c71f0b2ed715a0e61d49e3e26f3a2637fee755795849c8e'
