# Managed by azldev component update. Do not edit manually.
version = 1
import-commit = '34e93948605298079a637e40d5420dc51493009e'
upstream-commit = '34e93948605298079a637e40d5420dc51493009e'
input-fingerprint = 'sha256:a0ce0f54f145cf6241ba2dab31d9835acb65275087404e3b2411b246512812de'
resolution-input-hash = 'sha256:466421704711c4fd3c71f0b2ed715a0e61d49e3e26f3a2637fee755795849c8e'
