# Managed by azldev component update. Do not edit manually.
version = 1
import-commit = '95e2fd86800fe4f0c6925518ee1844661db4a4cd'
upstream-commit = '95e2fd86800fe4f0c6925518ee1844661db4a4cd'
input-fingerprint = 'sha256:30082c218cf8e9d9140c5c7955adb1ccb9d116a2031c1d4f2466b2d1ba92e72a'
resolution-input-hash = 'sha256:466421704711c4fd3c71f0b2ed715a0e61d49e3e26f3a2637fee755795849c8e'
