# Managed by azldev component update. Do not edit manually.
version = 1
import-commit = '596bf018324463b531f28678eb04b4fe4118235a'
upstream-commit = '596bf018324463b531f28678eb04b4fe4118235a'
input-fingerprint = 'sha256:c2f8bb0f0d560ca0a89d3223ec420f7b3f7dcc852498da55a1122981a4186024'
resolution-input-hash = 'sha256:466421704711c4fd3c71f0b2ed715a0e61d49e3e26f3a2637fee755795849c8e'
