# Managed by azldev component update. Do not edit manually.
version = 1
import-commit = '5164b2072fe48bdf2be0af611060d49622fe15a8'
upstream-commit = '5164b2072fe48bdf2be0af611060d49622fe15a8'
input-fingerprint = 'sha256:8cd26caed1dc452be25f6df69d588840f59ccb73a1f91f3c621c8ff4b3365d35'
resolution-input-hash = 'sha256:466421704711c4fd3c71f0b2ed715a0e61d49e3e26f3a2637fee755795849c8e'
