# Managed by azldev component update. Do not edit manually.
version = 1
import-commit = '0dc9c510e2694564fb9cded23c404e1efb369f21'
upstream-commit = '0dc9c510e2694564fb9cded23c404e1efb369f21'
input-fingerprint = 'sha256:5113bfc61804cbe63df6819997d7c942f6e5cf59b03f309f198d16549728b626'
resolution-input-hash = 'sha256:466421704711c4fd3c71f0b2ed715a0e61d49e3e26f3a2637fee755795849c8e'
