# Managed by azldev component update. Do not edit manually.
version = 1
import-commit = 'd0b5e9e1518dc365b81c410b71f07d2789561268'
upstream-commit = 'd0b5e9e1518dc365b81c410b71f07d2789561268'
input-fingerprint = 'sha256:63b73148a6239e08974531f3d3693429834e03b986f698b889618ac3ec748fb1'
resolution-input-hash = 'sha256:466421704711c4fd3c71f0b2ed715a0e61d49e3e26f3a2637fee755795849c8e'
