# Managed by azldev component update. Do not edit manually.
version = 1
import-commit = '4993546dcfa480f0589a66de9b49b28cf1c3bbfc'
upstream-commit = '4993546dcfa480f0589a66de9b49b28cf1c3bbfc'
input-fingerprint = 'sha256:8f19f69c8f03c1a8f8ced811916767c4eb3b963a3cecd79be41698af7b175aa3'
resolution-input-hash = 'sha256:466421704711c4fd3c71f0b2ed715a0e61d49e3e26f3a2637fee755795849c8e'
