# Managed by azldev component update. Do not edit manually.
version = 1
import-commit = 'd7b35c59e957f8c7efb74609edc60eec510fd7ee'
upstream-commit = 'd7b35c59e957f8c7efb74609edc60eec510fd7ee'
input-fingerprint = 'sha256:b1a9a55efb92b61e7514f0866ca699647cbfadf58bf8348671af584569e7ac08'
resolution-input-hash = 'sha256:466421704711c4fd3c71f0b2ed715a0e61d49e3e26f3a2637fee755795849c8e'
