# Managed by azldev component update. Do not edit manually.
version = 1
import-commit = '613c1dddc7512ceaec6d5b9260e82f882acbe6df'
upstream-commit = '613c1dddc7512ceaec6d5b9260e82f882acbe6df'
input-fingerprint = 'sha256:ac2750fa0bf9e3e89a0a3276884268a4e03c0a22707bbd656ba5211b7863ea4f'
resolution-input-hash = 'sha256:466421704711c4fd3c71f0b2ed715a0e61d49e3e26f3a2637fee755795849c8e'
