# Managed by azldev component update. Do not edit manually.
version = 1
import-commit = '41eecc7975a7a585e84df6c08592b99f2f845a3f'
upstream-commit = '41eecc7975a7a585e84df6c08592b99f2f845a3f'
input-fingerprint = 'sha256:50f153cf0b35385dbc34a228aa891613d0901f05e5e1e4fe0bc6a9ccf5206f1a'
resolution-input-hash = 'sha256:466421704711c4fd3c71f0b2ed715a0e61d49e3e26f3a2637fee755795849c8e'
