# Managed by azldev component update. Do not edit manually.
version = 1
import-commit = '5482485d62e5871f6a1b3baebb19dc4022d39228'
upstream-commit = '5482485d62e5871f6a1b3baebb19dc4022d39228'
input-fingerprint = 'sha256:7e7c80b7054e7a8bfee59cc37ba3ed7681f271ddbc8df0e6a897e87410bc0dbd'
resolution-input-hash = 'sha256:466421704711c4fd3c71f0b2ed715a0e61d49e3e26f3a2637fee755795849c8e'
