# Managed by azldev component update. Do not edit manually.
version = 1
import-commit = '96366a592f9fd79215b30294aeb80a34b6040797'
upstream-commit = '96366a592f9fd79215b30294aeb80a34b6040797'
input-fingerprint = 'sha256:31f5109ce29259e80f2c2dfb859132635950e84a86fa1f5b0b29201fea66768f'
resolution-input-hash = 'sha256:466421704711c4fd3c71f0b2ed715a0e61d49e3e26f3a2637fee755795849c8e'
