# Managed by azldev component update. Do not edit manually.
version = 1
import-commit = '5e4b0c0d4c20cc19fc0f063e7b1bb49885d41998'
upstream-commit = '5e4b0c0d4c20cc19fc0f063e7b1bb49885d41998'
input-fingerprint = 'sha256:67564dedbeb57df0e61c2a0f334c71a6826e2b817b4f921cf946e9ddc55f3601'
resolution-input-hash = 'sha256:466421704711c4fd3c71f0b2ed715a0e61d49e3e26f3a2637fee755795849c8e'
