# Managed by azldev component update. Do not edit manually.
version = 1
import-commit = 'da5fcafe59b1037b0f7166b85890b5ab51b6d034'
upstream-commit = 'da5fcafe59b1037b0f7166b85890b5ab51b6d034'
input-fingerprint = 'sha256:8eb0ca8c03193bcddf6e870b5b84d31916331344ec94c4da8f7b5b61998d8e47'
resolution-input-hash = 'sha256:466421704711c4fd3c71f0b2ed715a0e61d49e3e26f3a2637fee755795849c8e'
