# Managed by azldev component update. Do not edit manually.
version = 1
import-commit = 'a9da482af7ab9ce89c839a60d22b5c95488a031e'
upstream-commit = 'a9da482af7ab9ce89c839a60d22b5c95488a031e'
input-fingerprint = 'sha256:2e86c51248f1b8aac8ea7937e23607c6d1261e0f7ee8452aa57bb158d6612e14'
resolution-input-hash = 'sha256:466421704711c4fd3c71f0b2ed715a0e61d49e3e26f3a2637fee755795849c8e'
