# Managed by azldev component update. Do not edit manually.
version = 1
import-commit = '738c8b3b75dae5380e44eb938565278fda552e70'
upstream-commit = '738c8b3b75dae5380e44eb938565278fda552e70'
manual-bump = 1
input-fingerprint = 'sha256:d08621a2b72d95e070a069a22cd848025155863ed26a620e0caf424ee6a8668e'
resolution-input-hash = 'sha256:466421704711c4fd3c71f0b2ed715a0e61d49e3e26f3a2637fee755795849c8e'
