# Managed by azldev component update. Do not edit manually.
version = 1
import-commit = '9050c8ee50a44023d72db481ee570ec5ac3852bc'
upstream-commit = '9050c8ee50a44023d72db481ee570ec5ac3852bc'
input-fingerprint = 'sha256:7281c06246a3b963c976ed80417089851dcf3674d134e9177ecd42b948f5a3e3'
resolution-input-hash = 'sha256:466421704711c4fd3c71f0b2ed715a0e61d49e3e26f3a2637fee755795849c8e'
