# Managed by azldev component update. Do not edit manually.
version = 1
import-commit = '2e75f07e4e66a8c03f4a0b29380672de96c4546b'
upstream-commit = '2e75f07e4e66a8c03f4a0b29380672de96c4546b'
input-fingerprint = 'sha256:38314e01833c0a4c61bab68e2dedbad38eeab416433921e726e626a667a6ea98'
resolution-input-hash = 'sha256:466421704711c4fd3c71f0b2ed715a0e61d49e3e26f3a2637fee755795849c8e'
