# Managed by azldev component update. Do not edit manually.
version = 1
import-commit = '670add181aef1add256be472e3685a6ff46441e1'
upstream-commit = '670add181aef1add256be472e3685a6ff46441e1'
input-fingerprint = 'sha256:b7c682bbbfd87f0f635f899f928c5820c06c1870a1c8a4b2b133a5c914073786'
resolution-input-hash = 'sha256:466421704711c4fd3c71f0b2ed715a0e61d49e3e26f3a2637fee755795849c8e'
