# Managed by azldev component update. Do not edit manually.
version = 1
import-commit = 'b600c49484079c2b3d1cd5db799d45437acf8962'
upstream-commit = 'b600c49484079c2b3d1cd5db799d45437acf8962'
input-fingerprint = 'sha256:ee9b93f0cb5bcda947146c750bc483a1eeeb72219a71829b5e188e8681ea9c51'
resolution-input-hash = 'sha256:466421704711c4fd3c71f0b2ed715a0e61d49e3e26f3a2637fee755795849c8e'
