# Managed by azldev component update. Do not edit manually.
version = 1
import-commit = '8864a434a29b89a77f5924d04f0917f3b6006252'
upstream-commit = '8864a434a29b89a77f5924d04f0917f3b6006252'
input-fingerprint = 'sha256:e6b74ef41fa4c24ae995b33a1e734c8c8607fce9354341cc6c9cfc2a7fdf50a3'
resolution-input-hash = 'sha256:466421704711c4fd3c71f0b2ed715a0e61d49e3e26f3a2637fee755795849c8e'
