# Managed by azldev component update. Do not edit manually.
version = 1
import-commit = '4d9e22f12a26c1c8566082155b37056afb2c0b96'
upstream-commit = '4d9e22f12a26c1c8566082155b37056afb2c0b96'
input-fingerprint = 'sha256:73e33f6036d35eb45cd8ada031835e231ea8c7df780c6d3016ba2b218802e0aa'
resolution-input-hash = 'sha256:466421704711c4fd3c71f0b2ed715a0e61d49e3e26f3a2637fee755795849c8e'
