# Managed by azldev component update. Do not edit manually.
version = 1
import-commit = 'ec36f76e4e0e50b994fabd4ad5d1a057487abaf2'
upstream-commit = 'ec36f76e4e0e50b994fabd4ad5d1a057487abaf2'
input-fingerprint = 'sha256:6343c7c5fecfd9425ff5069f294ccd4dc691b1153f1b88415fa77a31e30bc757'
resolution-input-hash = 'sha256:466421704711c4fd3c71f0b2ed715a0e61d49e3e26f3a2637fee755795849c8e'
