# Managed by azldev component update. Do not edit manually.
version = 1
import-commit = 'e5e72c27a2bc0272cce76cc27ea8fe5de84bff85'
upstream-commit = 'e5e72c27a2bc0272cce76cc27ea8fe5de84bff85'
input-fingerprint = 'sha256:823b658a2ef9e8953a28a32c4f5a7541e38a82501ada449ac8ed61ded1cab2a4'
resolution-input-hash = 'sha256:466421704711c4fd3c71f0b2ed715a0e61d49e3e26f3a2637fee755795849c8e'
