# Managed by azldev component update. Do not edit manually.
version = 1
import-commit = 'fdb1a15d4db06b633f08a516b5c9cd4d7294d858'
upstream-commit = 'fdb1a15d4db06b633f08a516b5c9cd4d7294d858'
input-fingerprint = 'sha256:d564b9618af916680319d478eed8927f87600fd8400d1eeec29d6f4d07b26d7e'
resolution-input-hash = 'sha256:466421704711c4fd3c71f0b2ed715a0e61d49e3e26f3a2637fee755795849c8e'
