# Managed by azldev component update. Do not edit manually.
version = 1
import-commit = 'faa14baedec1750c69f2f13f47925f92643197a3'
upstream-commit = 'faa14baedec1750c69f2f13f47925f92643197a3'
input-fingerprint = 'sha256:7826e70933f9ee4401a07e1b58adbd3a3fc2907e1903d20c39d87568442149c4'
resolution-input-hash = 'sha256:466421704711c4fd3c71f0b2ed715a0e61d49e3e26f3a2637fee755795849c8e'
