# Managed by azldev component update. Do not edit manually.
version = 1
import-commit = '6ea5cd1e63d2e97005f5ad317e45390e20bfab81'
upstream-commit = '6ea5cd1e63d2e97005f5ad317e45390e20bfab81'
input-fingerprint = 'sha256:287d3da7cd6e6e7cc7531a5c981ffa4542be38c730da06b30bc132f8f6ecea09'
resolution-input-hash = 'sha256:466421704711c4fd3c71f0b2ed715a0e61d49e3e26f3a2637fee755795849c8e'
