# Managed by azldev component update. Do not edit manually.
version = 1
import-commit = 'e1d87ca17f8f685f723781051b246737916b1aaa'
upstream-commit = 'e1d87ca17f8f685f723781051b246737916b1aaa'
input-fingerprint = 'sha256:bd5eec72ca9ebbb4bab84986809e5ab9bd8fa5e4827d9dd2a4b849732ad0014a'
resolution-input-hash = 'sha256:466421704711c4fd3c71f0b2ed715a0e61d49e3e26f3a2637fee755795849c8e'
