# Managed by azldev component update. Do not edit manually.
version = 1
import-commit = '1afe1c2761ff4aa60db9850d5c8ed2c6372ffc0b'
upstream-commit = '1afe1c2761ff4aa60db9850d5c8ed2c6372ffc0b'
input-fingerprint = 'sha256:5aca7add8a0ad4d71be89d85f47dd2a90b38ad74b5ce620608f71554c353a944'
resolution-input-hash = 'sha256:466421704711c4fd3c71f0b2ed715a0e61d49e3e26f3a2637fee755795849c8e'
