# Managed by azldev component update. Do not edit manually.
version = 1
import-commit = 'ca29608ccaf2b29818b44befa4c4cf732814de6a'
upstream-commit = 'ca29608ccaf2b29818b44befa4c4cf732814de6a'
input-fingerprint = 'sha256:9e81af8c83a19cee93d60b0d864e147fe1eb13161658cb8f2abf5f46c1a61fb6'
resolution-input-hash = 'sha256:466421704711c4fd3c71f0b2ed715a0e61d49e3e26f3a2637fee755795849c8e'
