# Managed by azldev component update. Do not edit manually.
version = 1
import-commit = 'ffae269eb3062be45e91dd0217af86ad95133b06'
upstream-commit = 'ffae269eb3062be45e91dd0217af86ad95133b06'
input-fingerprint = 'sha256:26c2c191b653bcfc71ed6f8a6d2d09bc1e68292abe285dfb1eba530d5ad01200'
resolution-input-hash = 'sha256:466421704711c4fd3c71f0b2ed715a0e61d49e3e26f3a2637fee755795849c8e'
