# Managed by azldev component update. Do not edit manually.
version = 1
import-commit = '5909d82addb80bf68552852a952caf8e4de53c14'
upstream-commit = '5909d82addb80bf68552852a952caf8e4de53c14'
input-fingerprint = 'sha256:d153e6cabd30fb9687b9c0d1fde5579b0cf7f20677fdcae067dadf30bbc5c37c'
resolution-input-hash = 'sha256:466421704711c4fd3c71f0b2ed715a0e61d49e3e26f3a2637fee755795849c8e'
