# Managed by azldev component update. Do not edit manually.
version = 1
import-commit = 'be763cca9db73659b84f49b3e640ac22886bccd7'
upstream-commit = 'be763cca9db73659b84f49b3e640ac22886bccd7'
input-fingerprint = 'sha256:911938cd196c2922b37ddf724ebd98bc2a39594d9bfced9b317ff0887b926240'
resolution-input-hash = 'sha256:466421704711c4fd3c71f0b2ed715a0e61d49e3e26f3a2637fee755795849c8e'
