# Managed by azldev component update. Do not edit manually.
version = 1
import-commit = 'fa8e494ef718a6d165ddaaf8f02e0e4494b720f2'
upstream-commit = 'fa8e494ef718a6d165ddaaf8f02e0e4494b720f2'
input-fingerprint = 'sha256:f9324e8768d24faaaa8a4c89344d3a2906a6bc978b05416de15ab9c83b437596'
resolution-input-hash = 'sha256:466421704711c4fd3c71f0b2ed715a0e61d49e3e26f3a2637fee755795849c8e'
