# Managed by azldev component update. Do not edit manually.
version = 1
import-commit = '7987e5d1dd83c5f894f5936349d3977671fdaec9'
upstream-commit = '7987e5d1dd83c5f894f5936349d3977671fdaec9'
input-fingerprint = 'sha256:d7a3437769215f749016cf0bcac1b846111fec9eeff926cb449d73a9b856f8dc'
resolution-input-hash = 'sha256:466421704711c4fd3c71f0b2ed715a0e61d49e3e26f3a2637fee755795849c8e'
