# Managed by azldev component update. Do not edit manually.
version = 1
import-commit = 'a088d48ec9ac02bdb5cbad1830366a878cb6da48'
upstream-commit = 'a088d48ec9ac02bdb5cbad1830366a878cb6da48'
input-fingerprint = 'sha256:1b578a989a27f9a3c85e85f25d304347d725f0fc2f6211ab79ec51eaa1343fc7'
resolution-input-hash = 'sha256:466421704711c4fd3c71f0b2ed715a0e61d49e3e26f3a2637fee755795849c8e'
