# Managed by azldev component update. Do not edit manually.
version = 1
import-commit = '2cff40ea771aaf9ee983a06cfcd38ca4ea3c9f04'
upstream-commit = '2cff40ea771aaf9ee983a06cfcd38ca4ea3c9f04'
input-fingerprint = 'sha256:3079940b189217c6efcd1839c3707d834a2745ba0b111dfd929e9e12366f6bf4'
resolution-input-hash = 'sha256:466421704711c4fd3c71f0b2ed715a0e61d49e3e26f3a2637fee755795849c8e'
