# Managed by azldev component update. Do not edit manually.
version = 1
import-commit = 'd953fc9c711b74b864e22d2fb37a83c1cede004c'
upstream-commit = 'd953fc9c711b74b864e22d2fb37a83c1cede004c'
input-fingerprint = 'sha256:562d05ad044346dffbb103ef162d5691f4a320de1da29a942681ef463934c998'
resolution-input-hash = 'sha256:466421704711c4fd3c71f0b2ed715a0e61d49e3e26f3a2637fee755795849c8e'
