# Managed by azldev component update. Do not edit manually.
version = 1
import-commit = 'acd6716617d061e209589ae63ae2e553bbc885a5'
upstream-commit = 'acd6716617d061e209589ae63ae2e553bbc885a5'
input-fingerprint = 'sha256:cab1f1cb41fdcecccac71f5ee26d6295b0395fca59d85635bceba272091538d2'
resolution-input-hash = 'sha256:466421704711c4fd3c71f0b2ed715a0e61d49e3e26f3a2637fee755795849c8e'
