# Managed by azldev component update. Do not edit manually.
version = 1
import-commit = 'a15dbce6d22914c0ff2451bef573411e37a8bb71'
upstream-commit = 'a15dbce6d22914c0ff2451bef573411e37a8bb71'
input-fingerprint = 'sha256:22364ddb10da69112d16c5e839751c634af5974d7b9ebc27e0ca92156a7c0336'
resolution-input-hash = 'sha256:466421704711c4fd3c71f0b2ed715a0e61d49e3e26f3a2637fee755795849c8e'
