# Managed by azldev component update. Do not edit manually.
version = 1
import-commit = 'd027125d52124f5bc74aa2cc395e18ac685b3b95'
upstream-commit = 'd027125d52124f5bc74aa2cc395e18ac685b3b95'
input-fingerprint = 'sha256:45b03d93677f095e4117c90118e514a497547a8a90df1c4e8f98e1905e3ccc5c'
resolution-input-hash = 'sha256:466421704711c4fd3c71f0b2ed715a0e61d49e3e26f3a2637fee755795849c8e'
