# Managed by azldev component update. Do not edit manually.
version = 1
import-commit = '27818960483ecd4ded8f132764efd2df916ed814'
upstream-commit = '27818960483ecd4ded8f132764efd2df916ed814'
input-fingerprint = 'sha256:68554dad188129612666cbc58b480d04363b9d335deec8106a0c9dbaafa7c364'
resolution-input-hash = 'sha256:466421704711c4fd3c71f0b2ed715a0e61d49e3e26f3a2637fee755795849c8e'
