# Managed by azldev component update. Do not edit manually.
version = 1
import-commit = 'ddedcae5077d8ccfba2d18123491fd16ab92605e'
upstream-commit = 'ddedcae5077d8ccfba2d18123491fd16ab92605e'
input-fingerprint = 'sha256:2601ab0d2fd879ad581434c7eaa34537421857b46c29a438388b883c6d80f02d'
resolution-input-hash = 'sha256:466421704711c4fd3c71f0b2ed715a0e61d49e3e26f3a2637fee755795849c8e'
