# Managed by azldev component update. Do not edit manually.
version = 1
import-commit = '809fb2d499f5ec2a51dedad97da8db2bbf563156'
upstream-commit = '809fb2d499f5ec2a51dedad97da8db2bbf563156'
input-fingerprint = 'sha256:e35b00a42e3f3da56301c462140214c9419c904b8d818a679037ce464390bcc3'
resolution-input-hash = 'sha256:466421704711c4fd3c71f0b2ed715a0e61d49e3e26f3a2637fee755795849c8e'
