# Managed by azldev component update. Do not edit manually.
version = 1
import-commit = '4c1564b4c9c9fa235d40b40b95e5d5dbc1250816'
upstream-commit = '4c1564b4c9c9fa235d40b40b95e5d5dbc1250816'
input-fingerprint = 'sha256:f771c9f83aa01c5575f201c6cb4812ee276e0cb32fbfaa4763d7a53ba400514a'
resolution-input-hash = 'sha256:466421704711c4fd3c71f0b2ed715a0e61d49e3e26f3a2637fee755795849c8e'
