# Managed by azldev component update. Do not edit manually.
version = 1
import-commit = '2cc0badce1032f80da83fece146f06730b1f375b'
upstream-commit = '2cc0badce1032f80da83fece146f06730b1f375b'
input-fingerprint = 'sha256:45c8d3dcaa775a91ccb24b3484385f4ca7a69b3bec5624e66e8b23e8364b36bc'
resolution-input-hash = 'sha256:466421704711c4fd3c71f0b2ed715a0e61d49e3e26f3a2637fee755795849c8e'
