# Managed by azldev component update. Do not edit manually.
version = 1
import-commit = 'ec528133762ed97772f6ff5c221a8c77744830cc'
upstream-commit = 'ec528133762ed97772f6ff5c221a8c77744830cc'
input-fingerprint = 'sha256:2e9c65ac359db717675e76c81f11665dc2271a454d27b2cf6ec445ac458bc050'
resolution-input-hash = 'sha256:466421704711c4fd3c71f0b2ed715a0e61d49e3e26f3a2637fee755795849c8e'
