# Managed by azldev component update. Do not edit manually.
version = 1
import-commit = 'db051ac0cad6a8564df301064d6310ffcad69d63'
upstream-commit = 'db051ac0cad6a8564df301064d6310ffcad69d63'
input-fingerprint = 'sha256:22f4be8a28b34bb32b6b96fc0dcbe4e921582ab3639fed3447ce6c5b246db882'
resolution-input-hash = 'sha256:466421704711c4fd3c71f0b2ed715a0e61d49e3e26f3a2637fee755795849c8e'
