# Managed by azldev component update. Do not edit manually.
version = 1
import-commit = 'dd94fa382284d06e06082aeacb82c966cbdaf304'
upstream-commit = 'dd94fa382284d06e06082aeacb82c966cbdaf304'
input-fingerprint = 'sha256:012b7e3a4d87197eaa20b722e6346d893d887cdc7d2e26717ba8d3d5eb015b37'
resolution-input-hash = 'sha256:466421704711c4fd3c71f0b2ed715a0e61d49e3e26f3a2637fee755795849c8e'
