# Managed by azldev component update. Do not edit manually.
version = 1
import-commit = '20f56570dac99cefebaffd1fcd866216b5c82698'
upstream-commit = '20f56570dac99cefebaffd1fcd866216b5c82698'
input-fingerprint = 'sha256:135a1ec8fe535fd388c6716c21edf4e4ba5a1249b62ee43136ce38d0fed62dc7'
resolution-input-hash = 'sha256:466421704711c4fd3c71f0b2ed715a0e61d49e3e26f3a2637fee755795849c8e'
