# Managed by azldev component update. Do not edit manually.
version = 1
import-commit = '82549c35c8c47c609bfae7f5aced96bac80ef315'
upstream-commit = '82549c35c8c47c609bfae7f5aced96bac80ef315'
input-fingerprint = 'sha256:5805cd7a9a0109f16fb5109008f3d8a12901803807b362d8f6b5fd8b688cfac6'
resolution-input-hash = 'sha256:466421704711c4fd3c71f0b2ed715a0e61d49e3e26f3a2637fee755795849c8e'
