# Managed by azldev component update. Do not edit manually.
version = 1
import-commit = 'd1a58e4335f6ad58d1deccfcb552da5b46ac0516'
upstream-commit = 'd1a58e4335f6ad58d1deccfcb552da5b46ac0516'
input-fingerprint = 'sha256:c43c380cc01f52ad29dc9dba64562c9385bb7b2bdb7af31b9a0f06ef3a144a64'
resolution-input-hash = 'sha256:466421704711c4fd3c71f0b2ed715a0e61d49e3e26f3a2637fee755795849c8e'
