# Managed by azldev component update. Do not edit manually.
version = 1
import-commit = 'c12db22b385672c1b307f1edd7458ebaabb1416b'
upstream-commit = 'c12db22b385672c1b307f1edd7458ebaabb1416b'
input-fingerprint = 'sha256:c1f1b27fba6663b8b016a78eeabee189964a717547ba68fab57c59c9111770d7'
resolution-input-hash = 'sha256:466421704711c4fd3c71f0b2ed715a0e61d49e3e26f3a2637fee755795849c8e'
