# Managed by azldev component update. Do not edit manually.
version = 1
import-commit = 'e45f6b1b4bfc7beed4dee4af63a956de6ae955fd'
upstream-commit = 'e45f6b1b4bfc7beed4dee4af63a956de6ae955fd'
input-fingerprint = 'sha256:5aef1bcec8941f3cb4dd864e6bdcc116010c6043fc31978b98f052c16b30c441'
resolution-input-hash = 'sha256:466421704711c4fd3c71f0b2ed715a0e61d49e3e26f3a2637fee755795849c8e'
