# Managed by azldev component update. Do not edit manually.
version = 1
import-commit = 'a18e5fa23fb0e27e1199b0a9da1f902297f7f73b'
upstream-commit = 'a18e5fa23fb0e27e1199b0a9da1f902297f7f73b'
input-fingerprint = 'sha256:2e4ecea368e9b460520a7573537516a3b7112fbadd25fcd6928d5a696894a0cd'
resolution-input-hash = 'sha256:466421704711c4fd3c71f0b2ed715a0e61d49e3e26f3a2637fee755795849c8e'
