# Managed by azldev component update. Do not edit manually.
version = 1
import-commit = '1c3c08d756b0753300c5161164df90b55559ebf3'
upstream-commit = '1c3c08d756b0753300c5161164df90b55559ebf3'
input-fingerprint = 'sha256:26defc791dcae8636d11e97791cf901f9bdcc1117617d88da0130cf0694aa555'
resolution-input-hash = 'sha256:466421704711c4fd3c71f0b2ed715a0e61d49e3e26f3a2637fee755795849c8e'
