# Managed by azldev component update. Do not edit manually.
version = 1
import-commit = '079783cb46e93f3c993c4336012c95c55accf459'
upstream-commit = '079783cb46e93f3c993c4336012c95c55accf459'
input-fingerprint = 'sha256:1a89414bc227fb80c6abc7df01f552b3bf873a1d653518180c86044067f632a6'
resolution-input-hash = 'sha256:466421704711c4fd3c71f0b2ed715a0e61d49e3e26f3a2637fee755795849c8e'
