# Managed by azldev component update. Do not edit manually.
version = 1
import-commit = '1f88abd9694532b21d8e2ff7e2ccfa3f7776f815'
upstream-commit = '1f88abd9694532b21d8e2ff7e2ccfa3f7776f815'
input-fingerprint = 'sha256:f11394a10cf19959630ba4d3fce3458847e410c52ba8696e834a1fbde8fb41c7'
resolution-input-hash = 'sha256:466421704711c4fd3c71f0b2ed715a0e61d49e3e26f3a2637fee755795849c8e'
