# Managed by azldev component update. Do not edit manually.
version = 1
import-commit = 'b76ddee5f3a09c4a91b615a8ece28953b8730811'
upstream-commit = 'b76ddee5f3a09c4a91b615a8ece28953b8730811'
input-fingerprint = 'sha256:419cbd1d1a11d8ac6bb0d061647655d6300d18422b57bffe3d2155439ada6b68'
resolution-input-hash = 'sha256:466421704711c4fd3c71f0b2ed715a0e61d49e3e26f3a2637fee755795849c8e'
