# Managed by azldev component update. Do not edit manually.
version = 1
import-commit = '6575a37cf8a7ee7ff4846f4c7af368bcaf7d11ec'
upstream-commit = '6575a37cf8a7ee7ff4846f4c7af368bcaf7d11ec'
input-fingerprint = 'sha256:05d3b4a808222c1167c24afe83b9efa9aa89c59bc5ea360e004614e5d6f3f703'
resolution-input-hash = 'sha256:466421704711c4fd3c71f0b2ed715a0e61d49e3e26f3a2637fee755795849c8e'
