# Managed by azldev component update. Do not edit manually.
version = 1
import-commit = 'b90fb91fcb6d756ce90ae3063c5182f909d7b254'
upstream-commit = 'b90fb91fcb6d756ce90ae3063c5182f909d7b254'
input-fingerprint = 'sha256:69126260714bbacc1f57443ffbb551862b9fe6e864a39b01c2ee23294708192c'
resolution-input-hash = 'sha256:466421704711c4fd3c71f0b2ed715a0e61d49e3e26f3a2637fee755795849c8e'
