# Managed by azldev component update. Do not edit manually.
version = 1
import-commit = 'e94c964ebf884198d8d132dadba33a4a7bce70dc'
upstream-commit = 'e94c964ebf884198d8d132dadba33a4a7bce70dc'
input-fingerprint = 'sha256:9c5f5486b0e231326ca69d21794f7e4a889af455c473e8534e131318fc56a2ae'
resolution-input-hash = 'sha256:466421704711c4fd3c71f0b2ed715a0e61d49e3e26f3a2637fee755795849c8e'
