# Managed by azldev component update. Do not edit manually.
version = 1
import-commit = '34015c8f3c376daee177e3bbe5089b016c51c866'
upstream-commit = '34015c8f3c376daee177e3bbe5089b016c51c866'
input-fingerprint = 'sha256:a12a9762ef9087c743d1c1551e5c747681084b8688ed8f686933b842a2f4958b'
resolution-input-hash = 'sha256:466421704711c4fd3c71f0b2ed715a0e61d49e3e26f3a2637fee755795849c8e'
