# Managed by azldev component update. Do not edit manually.
version = 1
import-commit = 'f9dc2df21f12f0c538c36fb8cafe70e3ea36e68c'
upstream-commit = 'f9dc2df21f12f0c538c36fb8cafe70e3ea36e68c'
input-fingerprint = 'sha256:72a1f019723cf0a0ccdd3b9fe7da61ea8f96e6a650898e9628ca21f45a1f1655'
resolution-input-hash = 'sha256:466421704711c4fd3c71f0b2ed715a0e61d49e3e26f3a2637fee755795849c8e'
