# Managed by azldev component update. Do not edit manually.
version = 1
import-commit = 'b01c71db6b3458d607bf2f930acf3161e96d1457'
upstream-commit = 'b01c71db6b3458d607bf2f930acf3161e96d1457'
input-fingerprint = 'sha256:2cf7b919642ec4701ef24661b313176d575030cc73eba712f7f1b69d2f58c99e'
resolution-input-hash = 'sha256:466421704711c4fd3c71f0b2ed715a0e61d49e3e26f3a2637fee755795849c8e'
