# Managed by azldev component update. Do not edit manually.
version = 1
import-commit = 'bb6e36e705e9bef218a41c54b0e0f420111c5dd7'
upstream-commit = 'bb6e36e705e9bef218a41c54b0e0f420111c5dd7'
input-fingerprint = 'sha256:4b70090dcf914a14276dff320a85c2dedd4f1a209fa7796e99ae8c57795e152c'
resolution-input-hash = 'sha256:466421704711c4fd3c71f0b2ed715a0e61d49e3e26f3a2637fee755795849c8e'
