# Managed by azldev component update. Do not edit manually.
version = 1
import-commit = 'a10fc61a5190308ebaecddaed268a85127bf3a17'
upstream-commit = 'a10fc61a5190308ebaecddaed268a85127bf3a17'
input-fingerprint = 'sha256:30082342027e433186bab449e34dd3e6145f3130d61f231089e41fca768f2dbf'
resolution-input-hash = 'sha256:466421704711c4fd3c71f0b2ed715a0e61d49e3e26f3a2637fee755795849c8e'
