# Managed by azldev component update. Do not edit manually.
version = 1
import-commit = 'c625cc473ece858fa5286b129d10229fc8f0289c'
upstream-commit = 'c625cc473ece858fa5286b129d10229fc8f0289c'
input-fingerprint = 'sha256:ec4c47f38e6708f14370fcc9e5011d820b039708b6d74638f29f30a90cefad72'
resolution-input-hash = 'sha256:466421704711c4fd3c71f0b2ed715a0e61d49e3e26f3a2637fee755795849c8e'
