# Managed by azldev component update. Do not edit manually.
version = 1
import-commit = '7ae60d8f211c8dddd21bfe5cf17d198ce597d1df'
upstream-commit = '7ae60d8f211c8dddd21bfe5cf17d198ce597d1df'
input-fingerprint = 'sha256:5b98f011f177965c59a10bf027af65a1e909d936b2f5a0a3987989d063373264'
resolution-input-hash = 'sha256:466421704711c4fd3c71f0b2ed715a0e61d49e3e26f3a2637fee755795849c8e'
