# Managed by azldev component update. Do not edit manually.
version = 1
import-commit = '4cbde4e51bf65f5578e5ff3fe5e6cc20ce2f7555'
upstream-commit = '4cbde4e51bf65f5578e5ff3fe5e6cc20ce2f7555'
input-fingerprint = 'sha256:3f871c7c45bf863957d32634e8362d1610f7261fff8eba94a62d5550cb820e05'
resolution-input-hash = 'sha256:466421704711c4fd3c71f0b2ed715a0e61d49e3e26f3a2637fee755795849c8e'
