# Managed by azldev component update. Do not edit manually.
version = 1
import-commit = 'e3ca68f6b7b0b6414c1193500c91f2767bf5f081'
upstream-commit = 'e3ca68f6b7b0b6414c1193500c91f2767bf5f081'
input-fingerprint = 'sha256:b3737b74e309a0294a08735bce7b92aac897496bb1489181ccb46c292bbc5bf5'
resolution-input-hash = 'sha256:466421704711c4fd3c71f0b2ed715a0e61d49e3e26f3a2637fee755795849c8e'
