# Managed by azldev component update. Do not edit manually.
version = 1
import-commit = 'fdb6c4b248954a739605e8ad831bdbe0f1da78a9'
upstream-commit = 'fdb6c4b248954a739605e8ad831bdbe0f1da78a9'
input-fingerprint = 'sha256:c3f6cea48aa3c23146cfbc592c4f7b6637b4d68377f0e35ff68d72177acc7948'
resolution-input-hash = 'sha256:466421704711c4fd3c71f0b2ed715a0e61d49e3e26f3a2637fee755795849c8e'
