# Managed by azldev component update. Do not edit manually.
version = 1
import-commit = 'd94a78960d1a8a514691581d14bb75d9f8f9f7f1'
upstream-commit = 'd94a78960d1a8a514691581d14bb75d9f8f9f7f1'
input-fingerprint = 'sha256:47694a58d7213960e41466111a91b741c3bd39bd642bac9fcd04ff37eba8f45c'
resolution-input-hash = 'sha256:f15ea518c0f873877f615d4975aedc2d23d810fd31de134763b291ed71b42212'
