# Managed by azldev component update. Do not edit manually.
version = 1
import-commit = '439d3ab047f324478211f5513fc3f7dcd36b2712'
upstream-commit = '439d3ab047f324478211f5513fc3f7dcd36b2712'
input-fingerprint = 'sha256:5456d90960aa574d7f32c9a6d948b279a11439261726c89a1074fff192a6e7ee'
resolution-input-hash = 'sha256:466421704711c4fd3c71f0b2ed715a0e61d49e3e26f3a2637fee755795849c8e'
