# Managed by azldev component update. Do not edit manually.
version = 1
import-commit = '170c33f9c79340262a96cb125b293fec57543de0'
upstream-commit = '170c33f9c79340262a96cb125b293fec57543de0'
input-fingerprint = 'sha256:ad46d183fcbfc838f0b0743c4f83df349a530c38336fb9522dda7eab2d41309d'
resolution-input-hash = 'sha256:466421704711c4fd3c71f0b2ed715a0e61d49e3e26f3a2637fee755795849c8e'
