# Managed by azldev component update. Do not edit manually.
version = 1
import-commit = 'fe437c9c4dea8f0ab91b060fd5da608c73c62a08'
upstream-commit = 'fe437c9c4dea8f0ab91b060fd5da608c73c62a08'
input-fingerprint = 'sha256:8f122bb551adf838ebd5a9a39bfe2e5ec793c9dca6b522d84e9e0ecde06c7c0d'
resolution-input-hash = 'sha256:466421704711c4fd3c71f0b2ed715a0e61d49e3e26f3a2637fee755795849c8e'
