# Managed by azldev component update. Do not edit manually.
version = 1
import-commit = '8814e340933c859aed8aa1da55c826ba18323fb6'
upstream-commit = '8814e340933c859aed8aa1da55c826ba18323fb6'
input-fingerprint = 'sha256:5e55a5e0bf8ddc48b62945c4cb0d0d68d552dfc47945cc1e62d326ee41ff4ace'
resolution-input-hash = 'sha256:466421704711c4fd3c71f0b2ed715a0e61d49e3e26f3a2637fee755795849c8e'
