# Managed by azldev component update. Do not edit manually.
version = 1
import-commit = '9ac74675998cd9a50e9e728f1788621c72c28900'
upstream-commit = '9ac74675998cd9a50e9e728f1788621c72c28900'
input-fingerprint = 'sha256:243c4b41dea188f6cd1acc68f610f65b9b4b3921a2af59836fad993be4d4d57d'
resolution-input-hash = 'sha256:466421704711c4fd3c71f0b2ed715a0e61d49e3e26f3a2637fee755795849c8e'
