# Managed by azldev component update. Do not edit manually.
version = 1
import-commit = 'cc3e6df8191d7d237033b471102ea580326a3445'
upstream-commit = 'cc3e6df8191d7d237033b471102ea580326a3445'
input-fingerprint = 'sha256:7f1629f272e5a31bf95c16fd3ce2f5636d9e9a714f4aad91f08fac62cc104ed7'
resolution-input-hash = 'sha256:466421704711c4fd3c71f0b2ed715a0e61d49e3e26f3a2637fee755795849c8e'
