# Managed by azldev component update. Do not edit manually.
version = 1
import-commit = '1a9df35587fac0311ed663610c011446a5721099'
upstream-commit = '1a9df35587fac0311ed663610c011446a5721099'
input-fingerprint = 'sha256:0827180e47c3ff6339f6c33f1722fe4f3e31b497084bd5033c845aa13e134216'
resolution-input-hash = 'sha256:466421704711c4fd3c71f0b2ed715a0e61d49e3e26f3a2637fee755795849c8e'
