# Managed by azldev component update. Do not edit manually.
version = 1
import-commit = '620cab4afd6a2baf1367311db849462002d0240f'
upstream-commit = '620cab4afd6a2baf1367311db849462002d0240f'
input-fingerprint = 'sha256:6c2c64979f9dbd0dd427ef6312557ae5689b8f979a817f04f0b88df291a1c5b8'
resolution-input-hash = 'sha256:466421704711c4fd3c71f0b2ed715a0e61d49e3e26f3a2637fee755795849c8e'
