# Managed by azldev component update. Do not edit manually.
version = 1
import-commit = '6450eb7a570c7f80292c7690fc63f0224feacad5'
upstream-commit = '6450eb7a570c7f80292c7690fc63f0224feacad5'
input-fingerprint = 'sha256:960eb721c1753899f0e2056d1458f67fec2d8025b53a07f185120b053a2393c1'
resolution-input-hash = 'sha256:466421704711c4fd3c71f0b2ed715a0e61d49e3e26f3a2637fee755795849c8e'
