# Managed by azldev component update. Do not edit manually.
version = 1
import-commit = 'ffa0e68c39923be9eb062e3b969c569be90d65eb'
upstream-commit = 'ffa0e68c39923be9eb062e3b969c569be90d65eb'
input-fingerprint = 'sha256:04fb699cd02aaa25e2b88ddb76c82fd7698b0262dfda2bc55df9e93a1b51b95c'
resolution-input-hash = 'sha256:466421704711c4fd3c71f0b2ed715a0e61d49e3e26f3a2637fee755795849c8e'
