# Managed by azldev component update. Do not edit manually.
version = 1
import-commit = 'b5929e263b8ed096f5d5ce6caf773960b6d62efe'
upstream-commit = 'b5929e263b8ed096f5d5ce6caf773960b6d62efe'
input-fingerprint = 'sha256:ee05fbf21807c14c6f59d9dd58c8d2cca628f425a43fb4662042cfc5dd868054'
resolution-input-hash = 'sha256:466421704711c4fd3c71f0b2ed715a0e61d49e3e26f3a2637fee755795849c8e'
