# Managed by azldev component update. Do not edit manually.
version = 1
import-commit = '6cd0c29d1bbc05637fdd66567528c4184cc09828'
upstream-commit = '6cd0c29d1bbc05637fdd66567528c4184cc09828'
input-fingerprint = 'sha256:175e9200e1676f7af832dbbe2ccd2c3dce239c0ea57e04f5975b13b8512b4e3e'
resolution-input-hash = 'sha256:466421704711c4fd3c71f0b2ed715a0e61d49e3e26f3a2637fee755795849c8e'
