# Managed by azldev component update. Do not edit manually.
version = 1
import-commit = 'f8779f0a0925ed6438ecdb4263c9624bdb85df69'
upstream-commit = 'f8779f0a0925ed6438ecdb4263c9624bdb85df69'
input-fingerprint = 'sha256:837aa75a23be0c3fa60018c13795ac74f4aefb2d0961c1666ec81deb918e1e15'
resolution-input-hash = 'sha256:466421704711c4fd3c71f0b2ed715a0e61d49e3e26f3a2637fee755795849c8e'
