# Managed by azldev component update. Do not edit manually.
version = 1
import-commit = '997b78fe0380d4c96b42d7bc10404338bb17823f'
upstream-commit = '997b78fe0380d4c96b42d7bc10404338bb17823f'
input-fingerprint = 'sha256:18c0ff67e33aac27a743860adb9d7eb6073da4e7676ecc71b642f15bd2cea145'
resolution-input-hash = 'sha256:466421704711c4fd3c71f0b2ed715a0e61d49e3e26f3a2637fee755795849c8e'
