# Managed by azldev component update. Do not edit manually.
version = 1
import-commit = 'e9af00f891ae8c21bb4a49dadeca4f3f714c3fba'
upstream-commit = 'e9af00f891ae8c21bb4a49dadeca4f3f714c3fba'
input-fingerprint = 'sha256:e11d7881e159633f91c057829a5e1a589f85e0d9fe399bd03fec4221792c414a'
resolution-input-hash = 'sha256:466421704711c4fd3c71f0b2ed715a0e61d49e3e26f3a2637fee755795849c8e'
