# Managed by azldev component update. Do not edit manually.
version = 1
import-commit = '87fbc1044ae6b4ba5a56edc875fa3e5d4be75b0a'
upstream-commit = '87fbc1044ae6b4ba5a56edc875fa3e5d4be75b0a'
input-fingerprint = 'sha256:e5b29532fd7e5e8cb58214b34be554ac7e3eb21c8311978a4164f9c965ffbeb8'
resolution-input-hash = 'sha256:466421704711c4fd3c71f0b2ed715a0e61d49e3e26f3a2637fee755795849c8e'
