# Managed by azldev component update. Do not edit manually.
version = 1
import-commit = '797c443acf1f3dc195c03a4e1bf1882247bb3dfe'
upstream-commit = '797c443acf1f3dc195c03a4e1bf1882247bb3dfe'
input-fingerprint = 'sha256:6ab0bf3aae12dec007d241ccdb9ce88f16317eb27b8c9fef69f5a7c0af240ea1'
resolution-input-hash = 'sha256:466421704711c4fd3c71f0b2ed715a0e61d49e3e26f3a2637fee755795849c8e'
