# Managed by azldev component update. Do not edit manually.
version = 1
import-commit = 'a4eec14ea0e7b6c661caf8727919691668eb6378'
upstream-commit = 'a4eec14ea0e7b6c661caf8727919691668eb6378'
input-fingerprint = 'sha256:7aa53e6e223acaf5aab221a7eae2c092ae18e1c5b75f5430cb07e1730207e656'
resolution-input-hash = 'sha256:466421704711c4fd3c71f0b2ed715a0e61d49e3e26f3a2637fee755795849c8e'
