# Managed by azldev component update. Do not edit manually.
version = 1
import-commit = 'b796d5d710a9c3097c113ecebb3594c611b35072'
upstream-commit = 'b796d5d710a9c3097c113ecebb3594c611b35072'
input-fingerprint = 'sha256:d1607c5622283bf363893c7f4093ecc5c0c20c195c87a304c2f8a2d650548cf4'
resolution-input-hash = 'sha256:466421704711c4fd3c71f0b2ed715a0e61d49e3e26f3a2637fee755795849c8e'
