# Managed by azldev component update. Do not edit manually.
version = 1
import-commit = '700ce7112f445f661a93e362c8fa7b36b930233c'
upstream-commit = '700ce7112f445f661a93e362c8fa7b36b930233c'
input-fingerprint = 'sha256:b269cf6488b09d612bda32c313de833319e559e63efd561d6bf5d1d8830e2d5a'
resolution-input-hash = 'sha256:466421704711c4fd3c71f0b2ed715a0e61d49e3e26f3a2637fee755795849c8e'
