# Managed by azldev component update. Do not edit manually.
version = 1
import-commit = '4faf1b1d89eae849101fa8a380b0f80802107c36'
upstream-commit = '4faf1b1d89eae849101fa8a380b0f80802107c36'
input-fingerprint = 'sha256:74d888f2b2c60eb39a2197113b19b3fc6685cd88864356aa4db8de2be2bea600'
resolution-input-hash = 'sha256:466421704711c4fd3c71f0b2ed715a0e61d49e3e26f3a2637fee755795849c8e'
