# Managed by azldev component update. Do not edit manually.
version = 1
import-commit = '7e36ce4595fc7bf1dc51f9bae252128e36601c57'
upstream-commit = '7e36ce4595fc7bf1dc51f9bae252128e36601c57'
input-fingerprint = 'sha256:76b3204c4e916dac62fb4649866576861364886db0562212f2397771cdde8cab'
resolution-input-hash = 'sha256:466421704711c4fd3c71f0b2ed715a0e61d49e3e26f3a2637fee755795849c8e'
