# Managed by azldev component update. Do not edit manually.
version = 1
import-commit = '728ea8203123b112a1591251b6c63136938565e2'
upstream-commit = '728ea8203123b112a1591251b6c63136938565e2'
input-fingerprint = 'sha256:ecdf5b4d9493b3a208d57f3f32b0c7b05e69d2d442e5c5d158d42b6d8310ff12'
resolution-input-hash = 'sha256:466421704711c4fd3c71f0b2ed715a0e61d49e3e26f3a2637fee755795849c8e'
