# Managed by azldev component update. Do not edit manually.
version = 1
import-commit = 'bbeffbe84d4a17d923923f953ff056fea7eeb913'
upstream-commit = 'bbeffbe84d4a17d923923f953ff056fea7eeb913'
input-fingerprint = 'sha256:1fd02bc3a174e36fa7f08be09d0189591d276629a6fe99a4aba9391173a5ad0d'
resolution-input-hash = 'sha256:466421704711c4fd3c71f0b2ed715a0e61d49e3e26f3a2637fee755795849c8e'
