# Managed by azldev component update. Do not edit manually.
version = 1
import-commit = '2dda293f305f86f280bf203b45af1c81b9d1a9e3'
upstream-commit = '2dda293f305f86f280bf203b45af1c81b9d1a9e3'
input-fingerprint = 'sha256:6c1dc53c5e4ac29f927431774d10a439b443f2d34a9b1824e25a20c5f5420d52'
resolution-input-hash = 'sha256:466421704711c4fd3c71f0b2ed715a0e61d49e3e26f3a2637fee755795849c8e'
