# Managed by azldev component update. Do not edit manually.
version = 1
import-commit = 'dc0cd60bdc9700c1fd262d83cb47191a455717f8'
upstream-commit = 'dc0cd60bdc9700c1fd262d83cb47191a455717f8'
input-fingerprint = 'sha256:a6d03f9d674ff49dfdf8aba086a5f0b400667c937ccbe2da87c6438074b7d525'
resolution-input-hash = 'sha256:466421704711c4fd3c71f0b2ed715a0e61d49e3e26f3a2637fee755795849c8e'
