# Managed by azldev component update. Do not edit manually.
version = 1
import-commit = '2607a85af815c4f32e519accb76490b45b7adccc'
upstream-commit = '2607a85af815c4f32e519accb76490b45b7adccc'
input-fingerprint = 'sha256:c229dbaebea9cbf87311c780f6fce366f4647081008942401464a6c1703829e1'
resolution-input-hash = 'sha256:466421704711c4fd3c71f0b2ed715a0e61d49e3e26f3a2637fee755795849c8e'
