# Managed by azldev component update. Do not edit manually.
version = 1
import-commit = '538769387f485dbd44787dd2e4336826cb1ad540'
upstream-commit = '538769387f485dbd44787dd2e4336826cb1ad540'
input-fingerprint = 'sha256:098f7f1e0c68ca1a713a1a289f4e3827a8692688d3ed05f03ab8bb7090c5da56'
resolution-input-hash = 'sha256:466421704711c4fd3c71f0b2ed715a0e61d49e3e26f3a2637fee755795849c8e'
