# Managed by azldev component update. Do not edit manually.
version = 1
import-commit = '193091e5fbc6a0157188e9a93d1f394a141eb0f1'
upstream-commit = '193091e5fbc6a0157188e9a93d1f394a141eb0f1'
input-fingerprint = 'sha256:61953ec68585f268c4d744e26610cca87867fb107f2eb0a57337acab6e9490af'
resolution-input-hash = 'sha256:466421704711c4fd3c71f0b2ed715a0e61d49e3e26f3a2637fee755795849c8e'
