# Managed by azldev component update. Do not edit manually.
version = 1
import-commit = '9460d26b88b33940a014bb74b6153ebbde86eef8'
upstream-commit = '9460d26b88b33940a014bb74b6153ebbde86eef8'
input-fingerprint = 'sha256:0e5eaf72ddb8d3ad9e60fcad30c3505c37c73744988298fb0806f211806d4044'
resolution-input-hash = 'sha256:466421704711c4fd3c71f0b2ed715a0e61d49e3e26f3a2637fee755795849c8e'
