# Managed by azldev component update. Do not edit manually.
version = 1
import-commit = 'c1e1ab7f8b25c25156b15979273cc201652b4e58'
upstream-commit = 'c1e1ab7f8b25c25156b15979273cc201652b4e58'
input-fingerprint = 'sha256:60803b7057e80efad68b1c13267913fbe36329e13c6b08b935901ba95abf4461'
resolution-input-hash = 'sha256:466421704711c4fd3c71f0b2ed715a0e61d49e3e26f3a2637fee755795849c8e'
