# Managed by azldev component update. Do not edit manually.
version = 1
import-commit = 'ec9c4e7b1813399d775f5d6132951b2f310e007d'
upstream-commit = 'ec9c4e7b1813399d775f5d6132951b2f310e007d'
input-fingerprint = 'sha256:e049210c769b1cbc0ea0966f2569c694e7f6f0255779b47aadf22b962e2494b7'
resolution-input-hash = 'sha256:466421704711c4fd3c71f0b2ed715a0e61d49e3e26f3a2637fee755795849c8e'
