# Managed by azldev component update. Do not edit manually.
version = 1
import-commit = '56c8f699c408a5d51bd1d6991f988fab6b65491c'
upstream-commit = '56c8f699c408a5d51bd1d6991f988fab6b65491c'
input-fingerprint = 'sha256:fd9c3b52c7ea472e66750bfdaf8e5f03d87eee4620559274dbccc6a837533548'
resolution-input-hash = 'sha256:466421704711c4fd3c71f0b2ed715a0e61d49e3e26f3a2637fee755795849c8e'
