# Managed by azldev component update. Do not edit manually.
version = 1
import-commit = '8fb8ce3dd0cbe288df16a489869cab1528afcab8'
upstream-commit = '8fb8ce3dd0cbe288df16a489869cab1528afcab8'
input-fingerprint = 'sha256:dd7a52f4c9441bd4bc97c4531d339fcdb80b9eba05a94c1d4c9a4c9fc78568d4'
resolution-input-hash = 'sha256:466421704711c4fd3c71f0b2ed715a0e61d49e3e26f3a2637fee755795849c8e'
