# Managed by azldev component update. Do not edit manually.
version = 1
import-commit = '90442d9e1505f00e73ed25a6972268a9f95ac666'
upstream-commit = '90442d9e1505f00e73ed25a6972268a9f95ac666'
input-fingerprint = 'sha256:03cb272412b501713388a41ae1c26d53eb122054cbd52a918119c9ef50084108'
resolution-input-hash = 'sha256:466421704711c4fd3c71f0b2ed715a0e61d49e3e26f3a2637fee755795849c8e'
