# Managed by azldev component update. Do not edit manually.
version = 1
import-commit = '54d91dd30c45d7da509108bca0a3f0440d200dba'
upstream-commit = '54d91dd30c45d7da509108bca0a3f0440d200dba'
input-fingerprint = 'sha256:96b1d1d2fb9ec563634a463ba8fb4d5d8aa24c38506667bfc96250b9a228d089'
resolution-input-hash = 'sha256:466421704711c4fd3c71f0b2ed715a0e61d49e3e26f3a2637fee755795849c8e'
