# Managed by azldev component update. Do not edit manually.
version = 1
import-commit = '38de377afc4e28be960701f04704525d41a74479'
upstream-commit = '38de377afc4e28be960701f04704525d41a74479'
input-fingerprint = 'sha256:8e1a59cd264176cdb337123fd33b5b79264ccea6c3272d3def04a47d21b4a686'
resolution-input-hash = 'sha256:466421704711c4fd3c71f0b2ed715a0e61d49e3e26f3a2637fee755795849c8e'
