# Managed by azldev component update. Do not edit manually.
version = 1
import-commit = 'bf238a9993074200e157e557a1469eb8f14667f6'
upstream-commit = 'bf238a9993074200e157e557a1469eb8f14667f6'
input-fingerprint = 'sha256:108a53309b4db0595d119d70956ec8f0104643a86af6ba8a7c1df71ee6343fe7'
resolution-input-hash = 'sha256:466421704711c4fd3c71f0b2ed715a0e61d49e3e26f3a2637fee755795849c8e'
