# Managed by azldev component update. Do not edit manually.
version = 1
import-commit = 'c7c542b161fcf7554c0113d82cbdb39462a7ae18'
upstream-commit = 'c7c542b161fcf7554c0113d82cbdb39462a7ae18'
input-fingerprint = 'sha256:5c4d6ff0ff80fce558ed25a128fae95ca95c10148a19595c7d094036afe60dd6'
resolution-input-hash = 'sha256:466421704711c4fd3c71f0b2ed715a0e61d49e3e26f3a2637fee755795849c8e'
