# Managed by azldev component update. Do not edit manually.
version = 1
import-commit = '546a6c9ef7b2f41a48b7a57b3cadb58d6990cd8c'
upstream-commit = '546a6c9ef7b2f41a48b7a57b3cadb58d6990cd8c'
input-fingerprint = 'sha256:273813ce3e9956598a435ef10ce666789c514895bd194fcd90bb9ee27062dd02'
resolution-input-hash = 'sha256:466421704711c4fd3c71f0b2ed715a0e61d49e3e26f3a2637fee755795849c8e'
