# Managed by azldev component update. Do not edit manually.
version = 1
import-commit = 'b6f79cc9a67ebd1afda5d36fe6ae003fd3deac55'
upstream-commit = 'b6f79cc9a67ebd1afda5d36fe6ae003fd3deac55'
input-fingerprint = 'sha256:bce5b3330cb2b68da2e1ef3fd012f48d3729690b11b05856c0fcec1f4e285fcd'
resolution-input-hash = 'sha256:466421704711c4fd3c71f0b2ed715a0e61d49e3e26f3a2637fee755795849c8e'
