# Managed by azldev component update. Do not edit manually.
version = 1
import-commit = 'b891d430d8eb84ccf032757df88e7d9372987e5a'
upstream-commit = 'b891d430d8eb84ccf032757df88e7d9372987e5a'
input-fingerprint = 'sha256:f80c95aabd324ce78cc4a088bae880da91ef2f54b51584e0f6efc389c257818f'
resolution-input-hash = 'sha256:466421704711c4fd3c71f0b2ed715a0e61d49e3e26f3a2637fee755795849c8e'
