# Managed by azldev component update. Do not edit manually.
version = 1
import-commit = '18dc1f816e57f44294d32db0f601d005f4b5e81c'
upstream-commit = '18dc1f816e57f44294d32db0f601d005f4b5e81c'
input-fingerprint = 'sha256:3f10e37b62f108a10c0bc410d8d3638e81e67987cce3327241c5705cac55492e'
resolution-input-hash = 'sha256:466421704711c4fd3c71f0b2ed715a0e61d49e3e26f3a2637fee755795849c8e'
