# Managed by azldev component update. Do not edit manually.
version = 1
import-commit = '955d08921122820c33d7396238ffef1b52c745b7'
upstream-commit = '955d08921122820c33d7396238ffef1b52c745b7'
input-fingerprint = 'sha256:bef069b458e03a61ca16426ba34cd1b55590b27b2e8b4958fe201c3b42343cbf'
resolution-input-hash = 'sha256:466421704711c4fd3c71f0b2ed715a0e61d49e3e26f3a2637fee755795849c8e'
