# Managed by azldev component update. Do not edit manually.
version = 1
import-commit = 'e514a59174a8e7b7b141b3771ff2700ea2d9bd78'
upstream-commit = 'e514a59174a8e7b7b141b3771ff2700ea2d9bd78'
input-fingerprint = 'sha256:c4e90e338f32fec0f2898181e618eea59b80ac5f4afc5642500136fe5b119392'
resolution-input-hash = 'sha256:466421704711c4fd3c71f0b2ed715a0e61d49e3e26f3a2637fee755795849c8e'
