# Managed by azldev component update. Do not edit manually.
version = 1
import-commit = '43dd64ab8d4abfcd788320149a95f021433b5e2d'
upstream-commit = '43dd64ab8d4abfcd788320149a95f021433b5e2d'
input-fingerprint = 'sha256:e404aa98167faab287295c1a83479e7560dac0b8bfe3f2123fb1247d64717b15'
resolution-input-hash = 'sha256:466421704711c4fd3c71f0b2ed715a0e61d49e3e26f3a2637fee755795849c8e'
