# Managed by azldev component update. Do not edit manually.
version = 1
import-commit = 'f6c33f0d59807cea2f09697536be8d10ecc86c18'
upstream-commit = 'f6c33f0d59807cea2f09697536be8d10ecc86c18'
input-fingerprint = 'sha256:9bf1ccb567a69b5fb0f69705270a79a884911c6974a173d4cfd3f5eaad5421e3'
resolution-input-hash = 'sha256:466421704711c4fd3c71f0b2ed715a0e61d49e3e26f3a2637fee755795849c8e'
