# Managed by azldev component update. Do not edit manually.
version = 1
import-commit = '6d430dc87a8f6f988fcc1cb8fedd8029862aa90c'
upstream-commit = '6d430dc87a8f6f988fcc1cb8fedd8029862aa90c'
input-fingerprint = 'sha256:198c0e92fc79a100196d816117d24f00492a42087a52a5e95f22c04063cc94a8'
resolution-input-hash = 'sha256:466421704711c4fd3c71f0b2ed715a0e61d49e3e26f3a2637fee755795849c8e'
