# Managed by azldev component update. Do not edit manually.
version = 1
import-commit = 'c597a4604aa1958070ed4fdefa51cb1b63186542'
upstream-commit = 'c597a4604aa1958070ed4fdefa51cb1b63186542'
input-fingerprint = 'sha256:f8fe959f4bb688dd578265a8b651001224ecb7de3cc60d82d08deacb7ea24cc7'
resolution-input-hash = 'sha256:466421704711c4fd3c71f0b2ed715a0e61d49e3e26f3a2637fee755795849c8e'
