# Managed by azldev component update. Do not edit manually.
version = 1
import-commit = 'f90abdc3d41a3cc16f61c3d336f80c6d83252d60'
upstream-commit = 'f90abdc3d41a3cc16f61c3d336f80c6d83252d60'
input-fingerprint = 'sha256:715b61258d7c432e5acf4c1dc9f637b5c6dae88525c7b0fb176e04c7f8702ea2'
resolution-input-hash = 'sha256:466421704711c4fd3c71f0b2ed715a0e61d49e3e26f3a2637fee755795849c8e'
