# Managed by azldev component update. Do not edit manually.
version = 1
import-commit = 'c93cf8ee0a79030bff1e8d1dd127ab959956384e'
upstream-commit = 'c93cf8ee0a79030bff1e8d1dd127ab959956384e'
input-fingerprint = 'sha256:695938efdafa0ee5b6c730daf7fd92d36dde8f9d42c3169333c8dcde507165b4'
resolution-input-hash = 'sha256:466421704711c4fd3c71f0b2ed715a0e61d49e3e26f3a2637fee755795849c8e'
