# Managed by azldev component update. Do not edit manually.
version = 1
import-commit = '1d65599ba474dea0ffe10131881b365c8ccca0f6'
upstream-commit = '1d65599ba474dea0ffe10131881b365c8ccca0f6'
input-fingerprint = 'sha256:ddb3eb7926eaf0ed17b69911cf7b07fcda72a2ed26ccef68cc9bef20707b7ea6'
resolution-input-hash = 'sha256:466421704711c4fd3c71f0b2ed715a0e61d49e3e26f3a2637fee755795849c8e'
