# Managed by azldev component update. Do not edit manually.
version = 1
import-commit = 'fd45d639997b59d317f86c0d97361d185c2e119d'
upstream-commit = 'fd45d639997b59d317f86c0d97361d185c2e119d'
input-fingerprint = 'sha256:3c0585189745b588db448db9d20f4a5c5772c18d27051c4b130a716d1014ed51'
resolution-input-hash = 'sha256:466421704711c4fd3c71f0b2ed715a0e61d49e3e26f3a2637fee755795849c8e'
