# Managed by azldev component update. Do not edit manually.
version = 1
import-commit = 'bf01fa5566318dd266c38a89ddef2832434953cf'
upstream-commit = 'bf01fa5566318dd266c38a89ddef2832434953cf'
input-fingerprint = 'sha256:07143c314496529fb49752bd7f5c01d4d9a289bc831c5ae7d9c0eab8a79e1330'
resolution-input-hash = 'sha256:466421704711c4fd3c71f0b2ed715a0e61d49e3e26f3a2637fee755795849c8e'
