# Managed by azldev component update. Do not edit manually.
version = 1
import-commit = 'cc6c96acd981cd99d9f8650ad084c3a404eefce3'
upstream-commit = 'cc6c96acd981cd99d9f8650ad084c3a404eefce3'
input-fingerprint = 'sha256:a9ac61ae6c6716d86fc32af1438ea9b290dc702a867c573508d2f48949fbe8be'
resolution-input-hash = 'sha256:466421704711c4fd3c71f0b2ed715a0e61d49e3e26f3a2637fee755795849c8e'
