# Managed by azldev component update. Do not edit manually.
version = 1
import-commit = '5c6500f16c5d5c7250ecd5bda143fc3ce2dfb11a'
upstream-commit = '5c6500f16c5d5c7250ecd5bda143fc3ce2dfb11a'
input-fingerprint = 'sha256:0c98a1ee399276fa953c4c3cd560b0df03237d129bcd6a5fbd10b3bc768e7f2a'
resolution-input-hash = 'sha256:466421704711c4fd3c71f0b2ed715a0e61d49e3e26f3a2637fee755795849c8e'
