# Managed by azldev component update. Do not edit manually.
version = 1
import-commit = '96b24dfd29d69d280a79c4d721b7ce21bcbeaa66'
upstream-commit = '96b24dfd29d69d280a79c4d721b7ce21bcbeaa66'
input-fingerprint = 'sha256:96217a9e821f57c159bb3c6f732d571410a31006b22b7c5a639308f3a8f24738'
resolution-input-hash = 'sha256:466421704711c4fd3c71f0b2ed715a0e61d49e3e26f3a2637fee755795849c8e'
