# Managed by azldev component update. Do not edit manually.
version = 1
import-commit = 'da24ffaaa412d3b96ea4624964831cf97d6fe5eb'
upstream-commit = 'da24ffaaa412d3b96ea4624964831cf97d6fe5eb'
input-fingerprint = 'sha256:49a4cf0148ab6e729dcad585fa2051aecdc09a97fb7d85f2775dac63982cd037'
resolution-input-hash = 'sha256:466421704711c4fd3c71f0b2ed715a0e61d49e3e26f3a2637fee755795849c8e'
