# Managed by azldev component update. Do not edit manually.
version = 1
import-commit = '977aa2df77db565e05c232a187a4e482996a1127'
upstream-commit = '977aa2df77db565e05c232a187a4e482996a1127'
input-fingerprint = 'sha256:5b5e1cc580e174ab80ce68f5c0b4c7754f65d0ff9eb839a63fbd47894efe3890'
resolution-input-hash = 'sha256:466421704711c4fd3c71f0b2ed715a0e61d49e3e26f3a2637fee755795849c8e'
