# Managed by azldev component update. Do not edit manually.
version = 1
import-commit = 'f289efee3c8b198f33cac79e36d3e02a8a58909f'
upstream-commit = 'f289efee3c8b198f33cac79e36d3e02a8a58909f'
input-fingerprint = 'sha256:05d1710c767fe937ef2a46ad4c705e7728814bd387d8a02fd3d08eb6994ab117'
resolution-input-hash = 'sha256:466421704711c4fd3c71f0b2ed715a0e61d49e3e26f3a2637fee755795849c8e'
