# Managed by azldev component update. Do not edit manually.
version = 1
import-commit = '0c30608fea44c9ff80302a1abb84550c0d5db0ad'
upstream-commit = '0c30608fea44c9ff80302a1abb84550c0d5db0ad'
input-fingerprint = 'sha256:c10d3a87811905517031e3fa2607bc63238db62d6eb412e49eced8ce65bbdb1c'
resolution-input-hash = 'sha256:466421704711c4fd3c71f0b2ed715a0e61d49e3e26f3a2637fee755795849c8e'
