# Managed by azldev component update. Do not edit manually.
version = 1
import-commit = '595abfb342e53c94438a1c793a5490386896fd0c'
upstream-commit = '595abfb342e53c94438a1c793a5490386896fd0c'
input-fingerprint = 'sha256:811654b5f94cf3c80c6be64ff7e910f671ad555dae7df9c6d57e9aef146bd65e'
resolution-input-hash = 'sha256:466421704711c4fd3c71f0b2ed715a0e61d49e3e26f3a2637fee755795849c8e'
