# Managed by azldev component update. Do not edit manually.
version = 1
import-commit = 'f3dc2b6ef853a7a612793251c42440102033cfab'
upstream-commit = 'f3dc2b6ef853a7a612793251c42440102033cfab'
input-fingerprint = 'sha256:58d4151c6e4f7f2150dcac5b98e06876d77f0efc3ea7dcc8ae61abc825c212ce'
resolution-input-hash = 'sha256:466421704711c4fd3c71f0b2ed715a0e61d49e3e26f3a2637fee755795849c8e'
