# Managed by azldev component update. Do not edit manually.
version = 1
import-commit = 'eb1cfe8252dbccd9f056649646026cc11206ed66'
upstream-commit = 'eb1cfe8252dbccd9f056649646026cc11206ed66'
input-fingerprint = 'sha256:e9269795c2c933d5ee6e1b74462d6917f36205f9180ba236c3f5e4e3093ff4d0'
resolution-input-hash = 'sha256:466421704711c4fd3c71f0b2ed715a0e61d49e3e26f3a2637fee755795849c8e'
