# Managed by azldev component update. Do not edit manually.
version = 1
import-commit = 'c8fbb03c4e7bda9fc3808e22d0016927443edea4'
upstream-commit = 'c8fbb03c4e7bda9fc3808e22d0016927443edea4'
input-fingerprint = 'sha256:eea7eb4b65da32b98544a3fdc1b58390c2e9096142c3356a729f0b56ba30c7e3'
resolution-input-hash = 'sha256:466421704711c4fd3c71f0b2ed715a0e61d49e3e26f3a2637fee755795849c8e'
