# Managed by azldev component update. Do not edit manually.
version = 1
import-commit = '31e7a5b08344f760216b3bab24594693722f7133'
upstream-commit = '31e7a5b08344f760216b3bab24594693722f7133'
input-fingerprint = 'sha256:a380d1146d07d6f44a7d399df0f8ce26a024b881b60e51b913d8ad88a62a3292'
resolution-input-hash = 'sha256:466421704711c4fd3c71f0b2ed715a0e61d49e3e26f3a2637fee755795849c8e'
