# Managed by azldev component update. Do not edit manually.
version = 1
import-commit = 'a095ad6eafabab9867217d4bfa0066f646fe95c9'
upstream-commit = 'a095ad6eafabab9867217d4bfa0066f646fe95c9'
input-fingerprint = 'sha256:cdf7d142ce6fab27c89e7bcbad4e75a047f89a60c9988ee341bd73c4f317359d'
resolution-input-hash = 'sha256:466421704711c4fd3c71f0b2ed715a0e61d49e3e26f3a2637fee755795849c8e'
