# Managed by azldev component update. Do not edit manually.
version = 1
import-commit = '39a0eb631f8ac5699ca38a3ca8d5ce94d855c4ae'
upstream-commit = '39a0eb631f8ac5699ca38a3ca8d5ce94d855c4ae'
input-fingerprint = 'sha256:363bbe3375f7c8151c15a52635c9ae5fe2146a20669c3b27522747c564a914be'
resolution-input-hash = 'sha256:466421704711c4fd3c71f0b2ed715a0e61d49e3e26f3a2637fee755795849c8e'
