# Managed by azldev component update. Do not edit manually.
version = 1
import-commit = '18f1a928b23e16c241f15574984d0e4fe2041681'
upstream-commit = '18f1a928b23e16c241f15574984d0e4fe2041681'
input-fingerprint = 'sha256:ebe3e4e63d55c9531017568e6ffcec2066833552724e84a20d5601c80f0b673d'
resolution-input-hash = 'sha256:466421704711c4fd3c71f0b2ed715a0e61d49e3e26f3a2637fee755795849c8e'
