# Managed by azldev component update. Do not edit manually.
version = 1
import-commit = '2b4b1283c409c90369f3332f4a8787de55b4ad2c'
upstream-commit = '2b4b1283c409c90369f3332f4a8787de55b4ad2c'
input-fingerprint = 'sha256:c63dc459ffeb81d179b43b2841e69576dba5b23d162305475357363a39382b01'
resolution-input-hash = 'sha256:466421704711c4fd3c71f0b2ed715a0e61d49e3e26f3a2637fee755795849c8e'
