# Managed by azldev component update. Do not edit manually.
version = 1
import-commit = 'b0063f0c287ef9798317b20284c7af6915185c00'
upstream-commit = 'b0063f0c287ef9798317b20284c7af6915185c00'
input-fingerprint = 'sha256:f479611f23e7e4366d04462c92d3ca52cde86b112dde792330d572e563fb4567'
resolution-input-hash = 'sha256:466421704711c4fd3c71f0b2ed715a0e61d49e3e26f3a2637fee755795849c8e'
