# Managed by azldev component update. Do not edit manually.
version = 1
import-commit = '092360ab0208279b3143326d7d75f51fec4337c5'
upstream-commit = '092360ab0208279b3143326d7d75f51fec4337c5'
input-fingerprint = 'sha256:242c025338a267995a0ec3bb6c148a1b3f3671ef4693a9bf22de8b4ad4bbe335'
resolution-input-hash = 'sha256:466421704711c4fd3c71f0b2ed715a0e61d49e3e26f3a2637fee755795849c8e'
