# Managed by azldev component update. Do not edit manually.
version = 1
import-commit = 'eb589c4edfbdd5584971a5e08ec142763adcedcc'
upstream-commit = 'eb589c4edfbdd5584971a5e08ec142763adcedcc'
input-fingerprint = 'sha256:98bac6761caabe57d09cccbe2053c9246472fbe2b3b7f9d3ac3d08214fd9959f'
resolution-input-hash = 'sha256:466421704711c4fd3c71f0b2ed715a0e61d49e3e26f3a2637fee755795849c8e'
