# Managed by azldev component update. Do not edit manually.
version = 1
import-commit = 'd064f259795df1f4dfcdd37f49d8451938654736'
upstream-commit = 'd064f259795df1f4dfcdd37f49d8451938654736'
input-fingerprint = 'sha256:691ca5f52aa2d572822e3a6537a9adde7bb9e0ea67a4650e7f2d476f776f2a79'
resolution-input-hash = 'sha256:466421704711c4fd3c71f0b2ed715a0e61d49e3e26f3a2637fee755795849c8e'
