# Managed by azldev component update. Do not edit manually.
version = 1
import-commit = 'c05ce32713474afe2a015bbb3c3f1a0cb56dae92'
upstream-commit = 'c05ce32713474afe2a015bbb3c3f1a0cb56dae92'
input-fingerprint = 'sha256:dd48c423b47c252e4aaca48e17fe7ac9501f93e6e304447a9a59cfda2a7018d3'
resolution-input-hash = 'sha256:466421704711c4fd3c71f0b2ed715a0e61d49e3e26f3a2637fee755795849c8e'
