# Managed by azldev component update. Do not edit manually.
version = 1
import-commit = 'f77a7d4111be2fb22089acb8ecd51ff7ca4d8dbc'
upstream-commit = 'f77a7d4111be2fb22089acb8ecd51ff7ca4d8dbc'
input-fingerprint = 'sha256:386fd5517e9cbee16433e998c2569c1b63427258736286ae412bacf163d37591'
resolution-input-hash = 'sha256:466421704711c4fd3c71f0b2ed715a0e61d49e3e26f3a2637fee755795849c8e'
