# Managed by azldev component update. Do not edit manually.
version = 1
import-commit = '0cb0aa1254bf4a4040c051f21927d7a3d368f7d6'
upstream-commit = '0cb0aa1254bf4a4040c051f21927d7a3d368f7d6'
input-fingerprint = 'sha256:c41b0eb442a711d9d40941738922c8f116a6a21a32d9a89d86a8adfc3b5dc490'
resolution-input-hash = 'sha256:466421704711c4fd3c71f0b2ed715a0e61d49e3e26f3a2637fee755795849c8e'
