# Managed by azldev component update. Do not edit manually.
version = 1
import-commit = 'a8803baabb4c1dffc14f6f9d0efc09002ca3ae4b'
upstream-commit = 'a8803baabb4c1dffc14f6f9d0efc09002ca3ae4b'
input-fingerprint = 'sha256:2d83c9040418c987aa423ae8e395b58aeea7bdac9f91884b308ce91b6fe64b8a'
resolution-input-hash = 'sha256:466421704711c4fd3c71f0b2ed715a0e61d49e3e26f3a2637fee755795849c8e'
