# Managed by azldev component update. Do not edit manually.
version = 1
import-commit = '67c40dc3ffae43b477880fda1d3c80d852c50a81'
upstream-commit = '67c40dc3ffae43b477880fda1d3c80d852c50a81'
input-fingerprint = 'sha256:36c459c211a0224480ba4bce3491cc960a1ba6a7fc55d32204f5fbd6527ad5f8'
resolution-input-hash = 'sha256:466421704711c4fd3c71f0b2ed715a0e61d49e3e26f3a2637fee755795849c8e'
