# Managed by azldev component update. Do not edit manually.
version = 1
import-commit = 'd7083d354ab3c04a8a36421529d319928cec6cb8'
upstream-commit = 'd7083d354ab3c04a8a36421529d319928cec6cb8'
input-fingerprint = 'sha256:aca8333eec733ff17150ced5277e6a3d8931407d2a315b53dc7a4666dd95638e'
resolution-input-hash = 'sha256:466421704711c4fd3c71f0b2ed715a0e61d49e3e26f3a2637fee755795849c8e'
