# Managed by azldev component update. Do not edit manually.
version = 1
import-commit = '06f25ad456c441d3e6fdc7583b6db6df20535f4d'
upstream-commit = '06f25ad456c441d3e6fdc7583b6db6df20535f4d'
input-fingerprint = 'sha256:2e706d44d80cfae12239ab615dd4db682140288d5ad16dce001b0b4ae3660ebf'
resolution-input-hash = 'sha256:466421704711c4fd3c71f0b2ed715a0e61d49e3e26f3a2637fee755795849c8e'
