# Managed by azldev component update. Do not edit manually.
version = 1
import-commit = '4d17e2344f5f6d7d10ac7ece4bcc869c7ceb25ed'
upstream-commit = '4d17e2344f5f6d7d10ac7ece4bcc869c7ceb25ed'
input-fingerprint = 'sha256:c17789f6144828547ce6a222ce5cee36b73f00b4b5f706ac8bd3bba5ac500699'
resolution-input-hash = 'sha256:466421704711c4fd3c71f0b2ed715a0e61d49e3e26f3a2637fee755795849c8e'
