# Managed by azldev component update. Do not edit manually.
version = 1
import-commit = 'd0fcdf76b230458f34e83f8faa66784234e88ada'
upstream-commit = 'd0fcdf76b230458f34e83f8faa66784234e88ada'
input-fingerprint = 'sha256:35755a83b82e9363bf92f83aa323f028ea9b3fc939106e340a84d58065600185'
resolution-input-hash = 'sha256:466421704711c4fd3c71f0b2ed715a0e61d49e3e26f3a2637fee755795849c8e'
