# Managed by azldev component update. Do not edit manually.
version = 1
import-commit = '841147ec68b629e238125329e2235134b95b831a'
upstream-commit = '841147ec68b629e238125329e2235134b95b831a'
input-fingerprint = 'sha256:765e056f17e85956d0607c9a2bebf10faa6be8c1ebb5d26738f088995e84eec8'
resolution-input-hash = 'sha256:466421704711c4fd3c71f0b2ed715a0e61d49e3e26f3a2637fee755795849c8e'
