# Managed by azldev component update. Do not edit manually.
version = 1
import-commit = '9943cecc9c5b4a04802b02cf7443481da912a82a'
upstream-commit = '9943cecc9c5b4a04802b02cf7443481da912a82a'
input-fingerprint = 'sha256:dcbf5f8e21db4f6c95579c4c6371ecb889d754596d43d0e8e3808912c5e597ff'
resolution-input-hash = 'sha256:466421704711c4fd3c71f0b2ed715a0e61d49e3e26f3a2637fee755795849c8e'
