# Managed by azldev component update. Do not edit manually.
version = 1
import-commit = '153f620f34f5000881fe3a70b6e055d49ec5689e'
upstream-commit = '153f620f34f5000881fe3a70b6e055d49ec5689e'
input-fingerprint = 'sha256:5893b38bab5998d56903d9031f7820ed245e9f32447fbe7031dce59623860664'
resolution-input-hash = 'sha256:466421704711c4fd3c71f0b2ed715a0e61d49e3e26f3a2637fee755795849c8e'
