# Managed by azldev component update. Do not edit manually.
version = 1
import-commit = 'a2706c1749e3d681aa66e80c22b31b7f412ec850'
upstream-commit = 'a2706c1749e3d681aa66e80c22b31b7f412ec850'
input-fingerprint = 'sha256:4426a7b9af4a570cb5a97d25ec4c1f531c12f28aeb88180b9d9b2a9de2610c16'
resolution-input-hash = 'sha256:466421704711c4fd3c71f0b2ed715a0e61d49e3e26f3a2637fee755795849c8e'
