# Managed by azldev component update. Do not edit manually.
version = 1
import-commit = '60780b39831b0d6ddd7a2e51df38bb1db8a4a9d3'
upstream-commit = '60780b39831b0d6ddd7a2e51df38bb1db8a4a9d3'
input-fingerprint = 'sha256:a558fddbfc6119c23ac21b343e7f591b62c247e805bb3273c6168d7551316ae9'
resolution-input-hash = 'sha256:466421704711c4fd3c71f0b2ed715a0e61d49e3e26f3a2637fee755795849c8e'
