# Managed by azldev component update. Do not edit manually.
version = 1
import-commit = '58a0b6bb63c457ed333f150697ddfbc02bee691a'
upstream-commit = '58a0b6bb63c457ed333f150697ddfbc02bee691a'
input-fingerprint = 'sha256:b5a9a38882329a7fe7d59c5a6abe213dde2ce884c1d034a0dfd2cd95998a27a3'
resolution-input-hash = 'sha256:466421704711c4fd3c71f0b2ed715a0e61d49e3e26f3a2637fee755795849c8e'
