# Managed by azldev component update. Do not edit manually.
version = 1
import-commit = '2d86b950fe2ad0c4f4711538988f34893125db87'
upstream-commit = '2d86b950fe2ad0c4f4711538988f34893125db87'
input-fingerprint = 'sha256:bcdb691667f81ee999cc2ada61e7d0e6fddb4c581308012bd25066dd06a3579c'
resolution-input-hash = 'sha256:466421704711c4fd3c71f0b2ed715a0e61d49e3e26f3a2637fee755795849c8e'
