# Managed by azldev component update. Do not edit manually.
version = 1
import-commit = '432b2e879b338512390ff5c6b3d791f722536bde'
upstream-commit = '432b2e879b338512390ff5c6b3d791f722536bde'
input-fingerprint = 'sha256:bdc1ca4a14d42cd86f3187c3ba0bc8ed8d3de77697f1cbcde7072e1f0770b779'
resolution-input-hash = 'sha256:466421704711c4fd3c71f0b2ed715a0e61d49e3e26f3a2637fee755795849c8e'
