# Managed by azldev component update. Do not edit manually.
version = 1
import-commit = '831c4780828830ffd0803ee2e96f706b1401f5ea'
upstream-commit = '831c4780828830ffd0803ee2e96f706b1401f5ea'
input-fingerprint = 'sha256:31e1a1092b2fbc01eabe3f0b796ec2f4021921a785789377fa03871c5905bdbf'
resolution-input-hash = 'sha256:466421704711c4fd3c71f0b2ed715a0e61d49e3e26f3a2637fee755795849c8e'
