# Managed by azldev component update. Do not edit manually.
version = 1
import-commit = '7d2a92d9f10cf7934b0d95e3da081ac1e01cffaf'
upstream-commit = '7d2a92d9f10cf7934b0d95e3da081ac1e01cffaf'
input-fingerprint = 'sha256:ea39b7003f0fa6f809a08a93191d93a1c2410cf6fe91f92c38e48582c6521767'
resolution-input-hash = 'sha256:466421704711c4fd3c71f0b2ed715a0e61d49e3e26f3a2637fee755795849c8e'
