# Managed by azldev component update. Do not edit manually.
version = 1
import-commit = '59fb56ff77be72d94ccf0c81faea46eb2f479435'
upstream-commit = '59fb56ff77be72d94ccf0c81faea46eb2f479435'
input-fingerprint = 'sha256:f17362ac1afee8c8db614f45c3da65b9d3e45789dae9528268e8961982b095b2'
resolution-input-hash = 'sha256:466421704711c4fd3c71f0b2ed715a0e61d49e3e26f3a2637fee755795849c8e'
