# Managed by azldev component update. Do not edit manually.
version = 1
import-commit = '9fe316ea95fc3383c1134cc17af17191830f33d4'
upstream-commit = '9fe316ea95fc3383c1134cc17af17191830f33d4'
input-fingerprint = 'sha256:93da86a6564d41dccb115c778d90cbb5886279ef40a057cd2a181dea6cc99a62'
resolution-input-hash = 'sha256:466421704711c4fd3c71f0b2ed715a0e61d49e3e26f3a2637fee755795849c8e'
