# Managed by azldev component update. Do not edit manually.
version = 1
import-commit = '9298c20595e90e5312da2f27347317f0b8acb6bc'
upstream-commit = '9298c20595e90e5312da2f27347317f0b8acb6bc'
input-fingerprint = 'sha256:844cebaab53b96a5d7f1a616e99e113841b0398efe734e073a03c4f9acc394fb'
resolution-input-hash = 'sha256:466421704711c4fd3c71f0b2ed715a0e61d49e3e26f3a2637fee755795849c8e'
