# Managed by azldev component update. Do not edit manually.
version = 1
import-commit = 'a093bbbabb313f5318b1d934e865edefcdb474ef'
upstream-commit = 'a093bbbabb313f5318b1d934e865edefcdb474ef'
input-fingerprint = 'sha256:bf7bb23a876140b7b41f5a55f20531ceadf23571e32887435402d40fa9e6596d'
resolution-input-hash = 'sha256:941002f0ddede37f657ae80f0f06d0eb628b59834490a999e6624eeac4f8bff8'
