# Managed by azldev component update. Do not edit manually.
version = 1
import-commit = 'dc58fb98e2d58e5d643a9fde2fc61ef855402693'
upstream-commit = 'dc58fb98e2d58e5d643a9fde2fc61ef855402693'
input-fingerprint = 'sha256:f42dcb0c0d775c7fe621fe5cb6169242aad629c949de17e34a96f1bb5171acd7'
resolution-input-hash = 'sha256:466421704711c4fd3c71f0b2ed715a0e61d49e3e26f3a2637fee755795849c8e'
