# Managed by azldev component update. Do not edit manually.
version = 1
import-commit = '585081c39e882329f19d1113c16313607dbc0884'
upstream-commit = '585081c39e882329f19d1113c16313607dbc0884'
input-fingerprint = 'sha256:a117172364e6c593f656395c233c4715eed16d5fc5268b46bfc3fd2a01894578'
resolution-input-hash = 'sha256:466421704711c4fd3c71f0b2ed715a0e61d49e3e26f3a2637fee755795849c8e'
