# Managed by azldev component update. Do not edit manually.
version = 1
import-commit = 'b21165a5fdc2f3df52c1a2fde7696a7f086e3101'
upstream-commit = 'b21165a5fdc2f3df52c1a2fde7696a7f086e3101'
input-fingerprint = 'sha256:aaa087a12c5a2e9cc1e52d7dc72652001d5126a8989497f51c1a36eb6e403f6f'
resolution-input-hash = 'sha256:466421704711c4fd3c71f0b2ed715a0e61d49e3e26f3a2637fee755795849c8e'
