# Managed by azldev component update. Do not edit manually.
version = 1
import-commit = '5ea5d44368015b20b26b885d3beb1fd6783d0bcf'
upstream-commit = '5ea5d44368015b20b26b885d3beb1fd6783d0bcf'
input-fingerprint = 'sha256:1717647c8ce792dcd74fdb2a545cb58dc5d127b6fde9719d45ad681ff8b419be'
resolution-input-hash = 'sha256:466421704711c4fd3c71f0b2ed715a0e61d49e3e26f3a2637fee755795849c8e'
