# Managed by azldev component update. Do not edit manually.
version = 1
import-commit = '13c09258759e808c391acced095222c6e123dd48'
upstream-commit = '13c09258759e808c391acced095222c6e123dd48'
input-fingerprint = 'sha256:0a5ba3c1591e971043f8c2ea8a03c805002e0fc03cc3159a64d2f61792812c33'
resolution-input-hash = 'sha256:466421704711c4fd3c71f0b2ed715a0e61d49e3e26f3a2637fee755795849c8e'
