# Managed by azldev component update. Do not edit manually.
version = 1
import-commit = '9be457b3c7a17a91ed23e46733bc22cffacb0fc3'
upstream-commit = '9be457b3c7a17a91ed23e46733bc22cffacb0fc3'
input-fingerprint = 'sha256:65728c1684aff9c4bb6d59131d3b5c363c7b5a542aa8e873e603a77965a39f61'
resolution-input-hash = 'sha256:466421704711c4fd3c71f0b2ed715a0e61d49e3e26f3a2637fee755795849c8e'
