# Managed by azldev component update. Do not edit manually.
version = 1
import-commit = '25ce8b58997f98a525ad3483cb9917c6bc18884b'
upstream-commit = '25ce8b58997f98a525ad3483cb9917c6bc18884b'
input-fingerprint = 'sha256:30d18ce1019a3d4c51bedd0684bd422679e3b12f5fd200a0af957e4fbdc55a70'
resolution-input-hash = 'sha256:466421704711c4fd3c71f0b2ed715a0e61d49e3e26f3a2637fee755795849c8e'
