# Managed by azldev component update. Do not edit manually.
version = 1
import-commit = 'e935535621b416c8270fc0fd28418354568f13c1'
upstream-commit = 'e935535621b416c8270fc0fd28418354568f13c1'
input-fingerprint = 'sha256:c782a1d2ba36bc89f969685bfe801dfec8dc38fcaebf3ca5858831050730d63c'
resolution-input-hash = 'sha256:466421704711c4fd3c71f0b2ed715a0e61d49e3e26f3a2637fee755795849c8e'
