# Managed by azldev component update. Do not edit manually.
version = 1
import-commit = 'bf7480ca4a8d03b842250e9299ba6ccb5c2fc916'
upstream-commit = 'bf7480ca4a8d03b842250e9299ba6ccb5c2fc916'
input-fingerprint = 'sha256:7d9ec9f8c06e4b33d4da8cf05b0be390e39990c5296371e86d7c782d2d73ee11'
resolution-input-hash = 'sha256:466421704711c4fd3c71f0b2ed715a0e61d49e3e26f3a2637fee755795849c8e'
