# Managed by azldev component update. Do not edit manually.
version = 1
import-commit = '561b87faaae54a782703102b89af88eb76bb55b1'
upstream-commit = '561b87faaae54a782703102b89af88eb76bb55b1'
input-fingerprint = 'sha256:a0d6fe9b5550344141aab439f611e1458967db852555a1077ed525f87fa78ce0'
resolution-input-hash = 'sha256:466421704711c4fd3c71f0b2ed715a0e61d49e3e26f3a2637fee755795849c8e'
