# Managed by azldev component update. Do not edit manually.
version = 1
import-commit = '2e273cd713f17591179a4ad57610085693b12fce'
upstream-commit = '2e273cd713f17591179a4ad57610085693b12fce'
input-fingerprint = 'sha256:3361f7a2fc3cf5fb8be85682a512b1f7983b66b75714b709e37bea61a9565b83'
resolution-input-hash = 'sha256:466421704711c4fd3c71f0b2ed715a0e61d49e3e26f3a2637fee755795849c8e'
