# Managed by azldev component update. Do not edit manually.
version = 1
import-commit = '7d448fa500217c1f12674b22d4957def0e267c91'
upstream-commit = '7d448fa500217c1f12674b22d4957def0e267c91'
input-fingerprint = 'sha256:4c3fc03753bfaca5c5aa497237e432c1237ce0ac0e874161342aa2f1a238041a'
resolution-input-hash = 'sha256:466421704711c4fd3c71f0b2ed715a0e61d49e3e26f3a2637fee755795849c8e'
