# Managed by azldev component update. Do not edit manually.
version = 1
import-commit = '586e32872b1f4dab94d81140adcbf0ddd75234b5'
upstream-commit = '586e32872b1f4dab94d81140adcbf0ddd75234b5'
input-fingerprint = 'sha256:ff2990dc5cac059056690be5daf6c3e52fdb6c6678eb25f0e3fc4544f9a5e47f'
resolution-input-hash = 'sha256:466421704711c4fd3c71f0b2ed715a0e61d49e3e26f3a2637fee755795849c8e'
