# Managed by azldev component update. Do not edit manually.
version = 1
import-commit = 'e927ca2efd16011206d21389e7deae54e0bf5838'
upstream-commit = 'e927ca2efd16011206d21389e7deae54e0bf5838'
input-fingerprint = 'sha256:6866f784109c7e163d7ca3861a71b4be2fb24e37bc7b94838b113fdfa9c8491e'
resolution-input-hash = 'sha256:466421704711c4fd3c71f0b2ed715a0e61d49e3e26f3a2637fee755795849c8e'
