# Managed by azldev component update. Do not edit manually.
version = 1
import-commit = 'b7cc254dd9f4c04dd9a7fd230b2ca916738dbe59'
upstream-commit = 'b7cc254dd9f4c04dd9a7fd230b2ca916738dbe59'
input-fingerprint = 'sha256:ccfb55b7131552a54d1d1d698ddaaa6e415496d9bde609d00af04b8a35b1074d'
resolution-input-hash = 'sha256:466421704711c4fd3c71f0b2ed715a0e61d49e3e26f3a2637fee755795849c8e'
