# Managed by azldev component update. Do not edit manually.
version = 1
import-commit = '0e165002a963022729d4fae24073e7f095bb8b00'
upstream-commit = '0e165002a963022729d4fae24073e7f095bb8b00'
input-fingerprint = 'sha256:23ae584a2b57ef1ee2e6e0bde9a5ae43d98daf111dedf23f8d1e6d164bd196e8'
resolution-input-hash = 'sha256:466421704711c4fd3c71f0b2ed715a0e61d49e3e26f3a2637fee755795849c8e'
