# Managed by azldev component update. Do not edit manually.
version = 1
import-commit = 'cf87c1442e6739625a72e43ce068ffb42e4f90d9'
upstream-commit = 'cf87c1442e6739625a72e43ce068ffb42e4f90d9'
input-fingerprint = 'sha256:3fc7cfedc246de915890c078fa790a1bf4669d8afe6c5513f71aa6f0c6ccbcef'
resolution-input-hash = 'sha256:466421704711c4fd3c71f0b2ed715a0e61d49e3e26f3a2637fee755795849c8e'
