# Managed by azldev component update. Do not edit manually.
version = 1
import-commit = '30099a7c05a890b99aea5cf813abfdafc0055bf2'
upstream-commit = '30099a7c05a890b99aea5cf813abfdafc0055bf2'
input-fingerprint = 'sha256:d25f942eb9913a7dffca3003b68d6ea6f60c19c7d2a28fb6328463dca9ce80d5'
resolution-input-hash = 'sha256:466421704711c4fd3c71f0b2ed715a0e61d49e3e26f3a2637fee755795849c8e'
