# Managed by azldev component update. Do not edit manually.
version = 1
import-commit = 'd7927e797559f3cd051fd4b5a359090f139bd5ee'
upstream-commit = 'd7927e797559f3cd051fd4b5a359090f139bd5ee'
input-fingerprint = 'sha256:4d5582317604ff902748499236db81dfc0d6a3f5705709a5fd02e6a696d72630'
resolution-input-hash = 'sha256:466421704711c4fd3c71f0b2ed715a0e61d49e3e26f3a2637fee755795849c8e'
