# Managed by azldev component update. Do not edit manually.
version = 1
import-commit = 'fd00cfedb0cb2310dc9e0038f6fb39c89446568f'
upstream-commit = 'fd00cfedb0cb2310dc9e0038f6fb39c89446568f'
input-fingerprint = 'sha256:63247bb236ef641980a4509667d0c436138f58409bb1a721102051951daafec2'
resolution-input-hash = 'sha256:466421704711c4fd3c71f0b2ed715a0e61d49e3e26f3a2637fee755795849c8e'
