# Managed by azldev component update. Do not edit manually.
version = 1
import-commit = '2152748f525006e2ec6110f62c19e08d747bb8b8'
upstream-commit = '2152748f525006e2ec6110f62c19e08d747bb8b8'
input-fingerprint = 'sha256:562d991cfda82a50e38631dbac80c1d18bad4bfb28094793863b50d76f27381e'
resolution-input-hash = 'sha256:466421704711c4fd3c71f0b2ed715a0e61d49e3e26f3a2637fee755795849c8e'
