# Managed by azldev component update. Do not edit manually.
version = 1
import-commit = 'c02a6d652f07d2dedd38150ae8f6540dba7183d3'
upstream-commit = 'c02a6d652f07d2dedd38150ae8f6540dba7183d3'
input-fingerprint = 'sha256:824678423c6d1318610276e20c02c0eead547a4586539e6cbf5d5daac23b0181'
resolution-input-hash = 'sha256:466421704711c4fd3c71f0b2ed715a0e61d49e3e26f3a2637fee755795849c8e'
