# Managed by azldev component update. Do not edit manually.
version = 1
import-commit = 'a0c252ed72cc614c6d5b7fdc1d8c89798534024f'
upstream-commit = 'a0c252ed72cc614c6d5b7fdc1d8c89798534024f'
input-fingerprint = 'sha256:2b73b6c28c418849ef2d92f2e81f80506af6f650c32f34d2db34252b45d4d57c'
resolution-input-hash = 'sha256:466421704711c4fd3c71f0b2ed715a0e61d49e3e26f3a2637fee755795849c8e'
