# Managed by azldev component update. Do not edit manually.
version = 1
import-commit = '7bd6a9c7ea035f275c33997fcc9dc7dbd939a3e3'
upstream-commit = '7bd6a9c7ea035f275c33997fcc9dc7dbd939a3e3'
input-fingerprint = 'sha256:4d13268c7020927f4967f5d19aaca195429655859f3ce24efbb4dbdcd6edd1ff'
resolution-input-hash = 'sha256:466421704711c4fd3c71f0b2ed715a0e61d49e3e26f3a2637fee755795849c8e'
