# Managed by azldev component update. Do not edit manually.
version = 1
import-commit = 'ecd6208c074fc694fb442c3523bda6097ac7c75c'
upstream-commit = 'ecd6208c074fc694fb442c3523bda6097ac7c75c'
input-fingerprint = 'sha256:12aa5d105fd70d3fd1a33d7dcba18423288e8ef8495fd7bfc065ddce673311f3'
resolution-input-hash = 'sha256:466421704711c4fd3c71f0b2ed715a0e61d49e3e26f3a2637fee755795849c8e'
