# Managed by azldev component update. Do not edit manually.
version = 1
import-commit = '21e6d401985ec1d9cc35944a9e6d92c48efad01e'
upstream-commit = '21e6d401985ec1d9cc35944a9e6d92c48efad01e'
input-fingerprint = 'sha256:ea2cfbe9166e72484aefa5e92803816651a52aa13958b2c1c0e78d71d298da8f'
resolution-input-hash = 'sha256:466421704711c4fd3c71f0b2ed715a0e61d49e3e26f3a2637fee755795849c8e'
