# Managed by azldev component update. Do not edit manually.
version = 1
import-commit = '9d46edbcf17151dab958b08c688c95d3d8bfe060'
upstream-commit = '9d46edbcf17151dab958b08c688c95d3d8bfe060'
input-fingerprint = 'sha256:9061a9715a74a4e9ad21c8e8b1b4d2b9eb34a6269aaaad092c6b6807bab9b496'
resolution-input-hash = 'sha256:466421704711c4fd3c71f0b2ed715a0e61d49e3e26f3a2637fee755795849c8e'
