# Managed by azldev component update. Do not edit manually.
version = 1
import-commit = '752ae358c140dcf9848aab0dfda0ce2977bc49b3'
upstream-commit = '752ae358c140dcf9848aab0dfda0ce2977bc49b3'
input-fingerprint = 'sha256:d3c370695f1af92c45f3bc4041344f07086d249c5c6753c5861665a5d49545b4'
resolution-input-hash = 'sha256:466421704711c4fd3c71f0b2ed715a0e61d49e3e26f3a2637fee755795849c8e'
