# Managed by azldev component update. Do not edit manually.
version = 1
import-commit = 'bd00215fe5b12933220ed18cc7e1d989d065f9a3'
upstream-commit = 'bd00215fe5b12933220ed18cc7e1d989d065f9a3'
input-fingerprint = 'sha256:a35ff34a0859ebca2acc82b9e1079447f94324b6ed0a4569756669886f9c02f0'
resolution-input-hash = 'sha256:466421704711c4fd3c71f0b2ed715a0e61d49e3e26f3a2637fee755795849c8e'
