# Managed by azldev component update. Do not edit manually.
version = 1
import-commit = '8c68af0531aa5ac405fc705dad0f19efd7705cb7'
upstream-commit = '8c68af0531aa5ac405fc705dad0f19efd7705cb7'
input-fingerprint = 'sha256:94e99d4bafcf49f53e7be52d3b80dbf7e500b82540eabb83342a883be00b7f01'
resolution-input-hash = 'sha256:466421704711c4fd3c71f0b2ed715a0e61d49e3e26f3a2637fee755795849c8e'
