# Managed by azldev component update. Do not edit manually.
version = 1
import-commit = '16438fc88c55261c1c4aaa503e68b072d92b4a6a'
upstream-commit = '16438fc88c55261c1c4aaa503e68b072d92b4a6a'
input-fingerprint = 'sha256:7b8dd0df914a28c9c4b8ab4a546f68313164acef8fc6a062980610423aad54c2'
resolution-input-hash = 'sha256:466421704711c4fd3c71f0b2ed715a0e61d49e3e26f3a2637fee755795849c8e'
