# Managed by azldev component update. Do not edit manually.
version = 1
import-commit = '0829b442c74a2f20cad4697bfdb4600260c151b5'
upstream-commit = '0829b442c74a2f20cad4697bfdb4600260c151b5'
input-fingerprint = 'sha256:a11aede6b9ce6be40d88b87455a31ec8d2c3f896e5b94408d9a9b81563107ea0'
resolution-input-hash = 'sha256:466421704711c4fd3c71f0b2ed715a0e61d49e3e26f3a2637fee755795849c8e'
