# Managed by azldev component update. Do not edit manually.
version = 1
import-commit = 'd012b3faaf021fbf4fbbdb2df23852f5babda296'
upstream-commit = 'd012b3faaf021fbf4fbbdb2df23852f5babda296'
input-fingerprint = 'sha256:fb8461f7631a40b2e28cf135689cee5643dc057eb2b166173e50cc33d27fa7e9'
resolution-input-hash = 'sha256:466421704711c4fd3c71f0b2ed715a0e61d49e3e26f3a2637fee755795849c8e'
