# Managed by azldev component update. Do not edit manually.
version = 1
import-commit = '22839cbc9bce3733f90320c1b4a0565c56f3e0cb'
upstream-commit = '22839cbc9bce3733f90320c1b4a0565c56f3e0cb'
input-fingerprint = 'sha256:69dc3630103a61f12b0a02e6a1e2c99fa9c8855dde5c5da7cf00829977037f40'
resolution-input-hash = 'sha256:466421704711c4fd3c71f0b2ed715a0e61d49e3e26f3a2637fee755795849c8e'
