# Managed by azldev component update. Do not edit manually.
version = 1
import-commit = 'b907c7ea6270301cb05823b64fb59657c9375313'
upstream-commit = 'b907c7ea6270301cb05823b64fb59657c9375313'
input-fingerprint = 'sha256:1e405aaa8cb3206f2387ff732459fd05b3291b3cd411f72b2fe6c954ab100138'
resolution-input-hash = 'sha256:466421704711c4fd3c71f0b2ed715a0e61d49e3e26f3a2637fee755795849c8e'
