# Managed by azldev component update. Do not edit manually.
version = 1
import-commit = 'afba65bd79cfd4152cb819a16c7efaf06b3c3b82'
upstream-commit = 'afba65bd79cfd4152cb819a16c7efaf06b3c3b82'
input-fingerprint = 'sha256:14feb177eae488cf01bb2a460d2f552ed68086b023a028e9bc048f8209efcd60'
resolution-input-hash = 'sha256:466421704711c4fd3c71f0b2ed715a0e61d49e3e26f3a2637fee755795849c8e'
