# Managed by azldev component update. Do not edit manually.
version = 1
import-commit = '07a319ec70ae186e6a394027bdea5d1024ba1995'
upstream-commit = '07a319ec70ae186e6a394027bdea5d1024ba1995'
input-fingerprint = 'sha256:4f20638d61698b4d9e81e674e1efe5adae378623e056cb805a252f1ee35b3916'
resolution-input-hash = 'sha256:466421704711c4fd3c71f0b2ed715a0e61d49e3e26f3a2637fee755795849c8e'
