# Managed by azldev component update. Do not edit manually.
version = 1
import-commit = '03061a817a0ac3ff9ac1e64ae3e9a5a51fa8e641'
upstream-commit = '03061a817a0ac3ff9ac1e64ae3e9a5a51fa8e641'
input-fingerprint = 'sha256:c4e39f2d7cff5cccd86cbd363066f20a0d0281c849fe41b3e403676072272b82'
resolution-input-hash = 'sha256:466421704711c4fd3c71f0b2ed715a0e61d49e3e26f3a2637fee755795849c8e'
