# Managed by azldev component update. Do not edit manually.
version = 1
import-commit = 'cdaef0cb0095fd612f3ab841752d9caa30a20b0e'
upstream-commit = 'cdaef0cb0095fd612f3ab841752d9caa30a20b0e'
input-fingerprint = 'sha256:bc3b158ccdd059fe1bb5e8853d52e51f35a64dd813a472a7f812f695990e0505'
resolution-input-hash = 'sha256:466421704711c4fd3c71f0b2ed715a0e61d49e3e26f3a2637fee755795849c8e'
