# Managed by azldev component update. Do not edit manually.
version = 1
import-commit = 'a6d959c3c9dffb06dc381a45e79885ad22a62420'
upstream-commit = 'a6d959c3c9dffb06dc381a45e79885ad22a62420'
input-fingerprint = 'sha256:585b9cb6d353148cdbfa289d4efdb36a341f2df9c49a47579a6d7c62996586e3'
resolution-input-hash = 'sha256:466421704711c4fd3c71f0b2ed715a0e61d49e3e26f3a2637fee755795849c8e'
