# Managed by azldev component update. Do not edit manually.
version = 1
import-commit = '4820edcb08845809bfc70f471beab9576ea3edaa'
upstream-commit = '4820edcb08845809bfc70f471beab9576ea3edaa'
input-fingerprint = 'sha256:3febff02452ae3b772fae577c7df55886e6ef7472bbe16d1400673cf53d5e240'
resolution-input-hash = 'sha256:466421704711c4fd3c71f0b2ed715a0e61d49e3e26f3a2637fee755795849c8e'
