# Managed by azldev component update. Do not edit manually.
version = 1
import-commit = '2c2fa62d0911f446b6b3676bb293481977d2b48d'
upstream-commit = '2c2fa62d0911f446b6b3676bb293481977d2b48d'
input-fingerprint = 'sha256:442e481665beee7dc5406cf3a538caf124403635f9203e0121a4ecb609285b70'
resolution-input-hash = 'sha256:466421704711c4fd3c71f0b2ed715a0e61d49e3e26f3a2637fee755795849c8e'
