# Managed by azldev component update. Do not edit manually.
version = 1
import-commit = 'c93f4caea0aad767ffefddbe519c89a9176dfb73'
upstream-commit = 'c93f4caea0aad767ffefddbe519c89a9176dfb73'
input-fingerprint = 'sha256:1d468be547137cc948580729798c2c172a7f0871315e45a760e8b2e75869b9a3'
resolution-input-hash = 'sha256:466421704711c4fd3c71f0b2ed715a0e61d49e3e26f3a2637fee755795849c8e'
