# Managed by azldev component update. Do not edit manually.
version = 1
import-commit = 'd96268483a72f0a7f812160af94b65d1b64f74e2'
upstream-commit = 'd96268483a72f0a7f812160af94b65d1b64f74e2'
input-fingerprint = 'sha256:0efd7ae1e79e46dc9ba4b69879badd3dec9e1986b5ca49512b6c61ce82557084'
resolution-input-hash = 'sha256:466421704711c4fd3c71f0b2ed715a0e61d49e3e26f3a2637fee755795849c8e'
