# Managed by azldev component update. Do not edit manually.
version = 1
import-commit = '99e3c17a06f16c3464950c99a91db36b70c17fe2'
upstream-commit = '99e3c17a06f16c3464950c99a91db36b70c17fe2'
input-fingerprint = 'sha256:c0192c306ee1546b83f6b62b7722102bdf8a656b7ca2b0d6950e9a972fe40b1e'
resolution-input-hash = 'sha256:466421704711c4fd3c71f0b2ed715a0e61d49e3e26f3a2637fee755795849c8e'
