# Managed by azldev component update. Do not edit manually.
version = 1
import-commit = '9d1c1561c30bbe8bac3037ea0782184105647307'
upstream-commit = '9d1c1561c30bbe8bac3037ea0782184105647307'
input-fingerprint = 'sha256:f4a1cdea28b9f30914ff2254500c4fba17e58dedfb635d28edc736c7e1c2b19b'
resolution-input-hash = 'sha256:466421704711c4fd3c71f0b2ed715a0e61d49e3e26f3a2637fee755795849c8e'
