# Managed by azldev component update. Do not edit manually.
version = 1
import-commit = '3b470a2d656b915cbd80f03ab2c2742da968408a'
upstream-commit = '3b470a2d656b915cbd80f03ab2c2742da968408a'
input-fingerprint = 'sha256:19d573d2fafae458014fa1b99d414faf8737920577db014a6c776a2dc703a1a7'
resolution-input-hash = 'sha256:466421704711c4fd3c71f0b2ed715a0e61d49e3e26f3a2637fee755795849c8e'
