# Managed by azldev component update. Do not edit manually.
version = 1
import-commit = 'a08ff1c9af969affa6b728fdbf0503c00dea2eda'
upstream-commit = 'a08ff1c9af969affa6b728fdbf0503c00dea2eda'
input-fingerprint = 'sha256:8bf0c350dad4f939cd8558048aab12b5ce5fe82d4e0e35006994d2d532107e91'
resolution-input-hash = 'sha256:466421704711c4fd3c71f0b2ed715a0e61d49e3e26f3a2637fee755795849c8e'
