# Managed by azldev component update. Do not edit manually.
version = 1
import-commit = '535d6f46e153336a3f114b1edfb4c97dec9386ce'
upstream-commit = '535d6f46e153336a3f114b1edfb4c97dec9386ce'
input-fingerprint = 'sha256:0e54ce2a23a65199e4125b66c120459acc213e65331f410ffdc5a5fdb041fe40'
resolution-input-hash = 'sha256:466421704711c4fd3c71f0b2ed715a0e61d49e3e26f3a2637fee755795849c8e'
